{
  "version": 4,
  "terraform_version": "1.6.6",
  "serial": 1417,
  "lineage": "7e2ba282-a2c1-c31e-8cce-a9152f649500",
  "outputs": {
    "backend-tf": {
      "value": {
        "affinity_cookie_ttl_sec": 0,
        "backend": [],
        "cdn_policy": [],
        "circuit_breakers": [],
        "connection_draining_timeout_sec": 0,
        "consistent_hash": [],
        "creation_timestamp": "2023-12-20T00:53:56.043-08:00",
        "description": "",
        "enable_cdn": false,
        "failover_policy": [],
        "fingerprint": "SPbjluTBfo4=",
        "health_checks": [
          "https://www.googleapis.com/compute/v1/projects/leafy-summer-405104/regions/us-central1/healthChecks/check-website-backend"
        ],
        "iap": [],
        "id": "projects/leafy-summer-405104/regions/us-central1/backendServices/website-backend",
        "load_balancing_scheme": "EXTERNAL",
        "locality_lb_policy": "",
        "log_config": [],
        "name": "website-backend",
        "network": "",
        "outlier_detection": [],
        "port_name": "http",
        "project": "leafy-summer-405104",
        "protocol": "TCP",
        "region": "us-central1",
        "self_link": "https://www.googleapis.com/compute/v1/projects/leafy-summer-405104/regions/us-central1/backendServices/website-backend",
        "session_affinity": "NONE",
        "timeout_sec": 30,
        "timeouts": null
      },
      "type": [
        "object",
        {
          "affinity_cookie_ttl_sec": "number",
          "backend": [
            "set",
            [
              "object",
              {
                "balancing_mode": "string",
                "capacity_scaler": "number",
                "description": "string",
                "failover": "bool",
                "group": "string",
                "max_connections": "number",
                "max_connections_per_endpoint": "number",
                "max_connections_per_instance": "number",
                "max_rate": "number",
                "max_rate_per_endpoint": "number",
                "max_rate_per_instance": "number",
                "max_utilization": "number"
              }
            ]
          ],
          "cdn_policy": [
            "list",
            [
              "object",
              {
                "cache_key_policy": [
                  "list",
                  [
                    "object",
                    {
                      "include_host": "bool",
                      "include_named_cookies": [
                        "list",
                        "string"
                      ],
                      "include_protocol": "bool",
                      "include_query_string": "bool",
                      "query_string_blacklist": [
                        "set",
                        "string"
                      ],
                      "query_string_whitelist": [
                        "set",
                        "string"
                      ]
                    }
                  ]
                ],
                "cache_mode": "string",
                "client_ttl": "number",
                "default_ttl": "number",
                "max_ttl": "number",
                "negative_caching": "bool",
                "negative_caching_policy": [
                  "list",
                  [
                    "object",
                    {
                      "code": "number"
                    }
                  ]
                ],
                "serve_while_stale": "number",
                "signed_url_cache_max_age_sec": "number"
              }
            ]
          ],
          "circuit_breakers": [
            "list",
            [
              "object",
              {
                "max_connections": "number",
                "max_pending_requests": "number",
                "max_requests": "number",
                "max_requests_per_connection": "number",
                "max_retries": "number"
              }
            ]
          ],
          "connection_draining_timeout_sec": "number",
          "consistent_hash": [
            "list",
            [
              "object",
              {
                "http_cookie": [
                  "list",
                  [
                    "object",
                    {
                      "name": "string",
                      "path": "string",
                      "ttl": [
                        "list",
                        [
                          "object",
                          {
                            "nanos": "number",
                            "seconds": "number"
                          }
                        ]
                      ]
                    }
                  ]
                ],
                "http_header_name": "string",
                "minimum_ring_size": "number"
              }
            ]
          ],
          "creation_timestamp": "string",
          "description": "string",
          "enable_cdn": "bool",
          "failover_policy": [
            "list",
            [
              "object",
              {
                "disable_connection_drain_on_failover": "bool",
                "drop_traffic_if_unhealthy": "bool",
                "failover_ratio": "number"
              }
            ]
          ],
          "fingerprint": "string",
          "health_checks": [
            "set",
            "string"
          ],
          "iap": [
            "list",
            [
              "object",
              {
                "oauth2_client_id": "string",
                "oauth2_client_secret": "string",
                "oauth2_client_secret_sha256": "string"
              }
            ]
          ],
          "id": "string",
          "load_balancing_scheme": "string",
          "locality_lb_policy": "string",
          "log_config": [
            "list",
            [
              "object",
              {
                "enable": "bool",
                "sample_rate": "number"
              }
            ]
          ],
          "name": "string",
          "network": "string",
          "outlier_detection": [
            "list",
            [
              "object",
              {
                "base_ejection_time": [
                  "list",
                  [
                    "object",
                    {
                      "nanos": "number",
                      "seconds": "number"
                    }
                  ]
                ],
                "consecutive_errors": "number",
                "consecutive_gateway_failure": "number",
                "enforcing_consecutive_errors": "number",
                "enforcing_consecutive_gateway_failure": "number",
                "enforcing_success_rate": "number",
                "interval": [
                  "list",
                  [
                    "object",
                    {
                      "nanos": "number",
                      "seconds": "number"
                    }
                  ]
                ],
                "max_ejection_percent": "number",
                "success_rate_minimum_hosts": "number",
                "success_rate_request_volume": "number",
                "success_rate_stdev_factor": "number"
              }
            ]
          ],
          "port_name": "string",
          "project": "string",
          "protocol": "string",
          "region": "string",
          "self_link": "string",
          "session_affinity": "string",
          "timeout_sec": "number",
          "timeouts": [
            "object",
            {
              "create": "string",
              "delete": "string",
              "update": "string"
            }
          ]
        }
      ]
    },
    "custom": {
      "value": {
        "auto_create_subnetworks": false,
        "delete_default_routes_on_create": false,
        "description": "",
        "enable_ula_internal_ipv6": false,
        "gateway_ipv4": "",
        "id": "projects/leafy-summer-405104/global/networks/my-network-tf",
        "internal_ipv6_range": "",
        "mtu": 0,
        "name": "my-network-tf",
        "network_firewall_policy_enforcement_order": "AFTER_CLASSIC_FIREWALL",
        "project": "leafy-summer-405104",
        "routing_mode": "REGIONAL",
        "self_link": "https://www.googleapis.com/compute/v1/projects/leafy-summer-405104/global/networks/my-network-tf",
        "timeouts": null
      },
      "type": [
        "object",
        {
          "auto_create_subnetworks": "bool",
          "delete_default_routes_on_create": "bool",
          "description": "string",
          "enable_ula_internal_ipv6": "bool",
          "gateway_ipv4": "string",
          "id": "string",
          "internal_ipv6_range": "string",
          "mtu": "number",
          "name": "string",
          "network_firewall_policy_enforcement_order": "string",
          "project": "string",
          "routing_mode": "string",
          "self_link": "string",
          "timeouts": [
            "object",
            {
              "create": "string",
              "delete": "string",
              "update": "string"
            }
          ]
        }
      ],
      "sensitive": true
    },
    "database-tf": {
      "value": {
        "charset": "utf8mb4",
        "collation": "utf8mb4_0900_ai_ci",
        "deletion_policy": "DELETE",
        "id": "projects/leafy-summer-405104/instances/my-database-instance/databases/my-database",
        "instance": "my-database-instance",
        "name": "my-database",
        "project": "leafy-summer-405104",
        "self_link": "https://sqladmin.googleapis.com/sql/v1beta4/projects/leafy-summer-405104/instances/my-database-instance/databases/my-database",
        "timeouts": null
      },
      "type": [
        "object",
        {
          "charset": "string",
          "collation": "string",
          "deletion_policy": "string",
          "id": "string",
          "instance": "string",
          "name": "string",
          "project": "string",
          "self_link": "string",
          "timeouts": [
            "object",
            {
              "create": "string",
              "delete": "string",
              "update": "string"
            }
          ]
        }
      ],
      "sensitive": true
    },
    "firewall": {
      "value": {
        "allow": [
          {
            "ports": [
              "80",
              "8080",
              "1000-2000",
              "443"
            ],
            "protocol": "tcp"
          }
        ],
        "creation_timestamp": "2023-12-20T00:54:05.170-08:00",
        "deny": [],
        "description": "",
        "destination_ranges": [],
        "direction": "INGRESS",
        "disabled": false,
        "enable_logging": null,
        "id": "projects/leafy-summer-405104/global/firewalls/test-firewall",
        "log_config": [],
        "name": "test-firewall",
        "network": "https://www.googleapis.com/compute/v1/projects/leafy-summer-405104/global/networks/my-network-tf",
        "priority": 1000,
        "project": "leafy-summer-405104",
        "self_link": "https://www.googleapis.com/compute/v1/projects/leafy-summer-405104/global/firewalls/test-firewall",
        "source_ranges": [],
        "source_service_accounts": [],
        "source_tags": [
          "web"
        ],
        "target_service_accounts": [],
        "target_tags": [],
        "timeouts": null
      },
      "type": [
        "object",
        {
          "allow": [
            "set",
            [
              "object",
              {
                "ports": [
                  "list",
                  "string"
                ],
                "protocol": "string"
              }
            ]
          ],
          "creation_timestamp": "string",
          "deny": [
            "set",
            [
              "object",
              {
                "ports": [
                  "list",
                  "string"
                ],
                "protocol": "string"
              }
            ]
          ],
          "description": "string",
          "destination_ranges": [
            "set",
            "string"
          ],
          "direction": "string",
          "disabled": "bool",
          "enable_logging": "bool",
          "id": "string",
          "log_config": [
            "list",
            [
              "object",
              {
                "metadata": "string"
              }
            ]
          ],
          "name": "string",
          "network": "string",
          "priority": "number",
          "project": "string",
          "self_link": "string",
          "source_ranges": [
            "set",
            "string"
          ],
          "source_service_accounts": [
            "set",
            "string"
          ],
          "source_tags": [
            "set",
            "string"
          ],
          "target_service_accounts": [
            "set",
            "string"
          ],
          "target_tags": [
            "set",
            "string"
          ],
          "timeouts": [
            "object",
            {
              "create": "string",
              "delete": "string",
              "update": "string"
            }
          ]
        }
      ],
      "sensitive": true
    },
    "forwarding-tf": {
      "value": {
        "all_ports": false,
        "allow_global_access": false,
        "allow_psc_global_access": false,
        "backend_service": "https://www.googleapis.com/compute/v1/projects/leafy-summer-405104/regions/us-central1/backendServices/website-backend",
        "base_forwarding_rule": "",
        "creation_timestamp": "2023-12-20T00:54:17.473-08:00",
        "description": "",
        "id": "projects/leafy-summer-405104/regions/us-central1/forwardingRules/website-forwarding-rule",
        "ip_address": "34.28.57.4",
        "ip_protocol": "TCP",
        "ip_version": "",
        "is_mirroring_collector": false,
        "label_fingerprint": "42WmSpB8rSM=",
        "labels": {},
        "load_balancing_scheme": "EXTERNAL",
        "name": "website-forwarding-rule",
        "network": "",
        "network_tier": "PREMIUM",
        "no_automate_dns_zone": null,
        "port_range": "80-80",
        "ports": [],
        "project": "leafy-summer-405104",
        "psc_connection_id": "",
        "psc_connection_status": "",
        "region": "us-central1",
        "self_link": "https://www.googleapis.com/compute/v1/projects/leafy-summer-405104/regions/us-central1/forwardingRules/website-forwarding-rule",
        "service_directory_registrations": [],
        "service_label": "",
        "service_name": "",
        "source_ip_ranges": [],
        "subnetwork": "",
        "target": "",
        "timeouts": null
      },
      "type": [
        "object",
        {
          "all_ports": "bool",
          "allow_global_access": "bool",
          "allow_psc_global_access": "bool",
          "backend_service": "string",
          "base_forwarding_rule": "string",
          "creation_timestamp": "string",
          "description": "string",
          "id": "string",
          "ip_address": "string",
          "ip_protocol": "string",
          "ip_version": "string",
          "is_mirroring_collector": "bool",
          "label_fingerprint": "string",
          "labels": [
            "map",
            "string"
          ],
          "load_balancing_scheme": "string",
          "name": "string",
          "network": "string",
          "network_tier": "string",
          "no_automate_dns_zone": "bool",
          "port_range": "string",
          "ports": [
            "set",
            "string"
          ],
          "project": "string",
          "psc_connection_id": "string",
          "psc_connection_status": "string",
          "region": "string",
          "self_link": "string",
          "service_directory_registrations": [
            "list",
            [
              "object",
              {
                "namespace": "string",
                "service": "string"
              }
            ]
          ],
          "service_label": "string",
          "service_name": "string",
          "source_ip_ranges": [
            "list",
            "string"
          ],
          "subnetwork": "string",
          "target": "string",
          "timeouts": [
            "object",
            {
              "create": "string",
              "delete": "string",
              "update": "string"
            }
          ]
        }
      ]
    },
    "instance-sql-tf": {
      "value": {
        "available_maintenance_versions": [],
        "clone": [],
        "connection_name": "leafy-summer-405104:us-central1:my-database-instance",
        "database_version": "MYSQL_8_0",
        "deletion_protection": false,
        "dns_name": "",
        "encryption_key_name": null,
        "first_ip_address": "35.238.64.126",
        "id": "my-database-instance",
        "instance_type": "CLOUD_SQL_INSTANCE",
        "ip_address": [
          {
            "ip_address": "35.238.64.126",
            "time_to_retire": "",
            "type": "PRIMARY"
          }
        ],
        "maintenance_version": "MYSQL_8_0_31.R20231105.01_03",
        "master_instance_name": "",
        "name": "my-database-instance",
        "private_ip_address": "",
        "project": "leafy-summer-405104",
        "psc_service_attachment_link": "",
        "public_ip_address": "35.238.64.126",
        "region": "us-central1",
        "replica_configuration": [],
        "restore_backup_context": [],
        "root_password": null,
        "self_link": "https://sqladmin.googleapis.com/sql/v1beta4/projects/leafy-summer-405104/instances/my-database-instance",
        "server_ca_cert": [
          {
            "cert": "-----BEGIN CERTIFICATE-----\nMIIDfzCCAmegAwIBAgIBADANBgkqhkiG9w0BAQsFADB3MS0wKwYDVQQuEyRlMGNk\nMTY1MS1kMGUzLTQyMDMtOWE5Zi1jYmQ4YWM4NDE1NTMxIzAhBgNVBAMTGkdvb2ds\nZSBDbG91ZCBTUUwgU2VydmVyIENBMRQwEgYDVQQKEwtHb29nbGUsIEluYzELMAkG\nA1UEBhMCVVMwHhcNMjMxMjIwMDkwMzEyWhcNMzMxMjE3MDkwNDEyWjB3MS0wKwYD\nVQQuEyRlMGNkMTY1MS1kMGUzLTQyMDMtOWE5Zi1jYmQ4YWM4NDE1NTMxIzAhBgNV\nBAMTGkdvb2dsZSBDbG91ZCBTUUwgU2VydmVyIENBMRQwEgYDVQQKEwtHb29nbGUs\nIEluYzELMAkGA1UEBhMCVVMwggEiMA0GCSqGSIb3DQEBAQUAA4IBDwAwggEKAoIB\nAQCX2GJBE6cCVHnHdB41f+D5iJpbgiBp6fdcf0J8YrbT0R7inyilKrdFr91M2EX1\nlnJWkCbvEDRTH/VXYh7qPwq9Kxlqjm10rHJWLSfStnwbSXHUvpEUSJKnBrO//Jay\nAMCwttgZ0uZ0AtBAP0zEBgoT3reKVvgj3XHSlfEvTWTjM4LvS3AohcGajXa4RTVU\nSVP43i+j7cGcIl1o/KXC5foj+PJjrTHzB2om/KRYGU+acqDdaIuNGP/y0yjhjZus\nCyQwnrFQLzMi/hI4jkLi4nkLlO/iJcyVBl4MZIuz6G56GDGYFQ/9VnsPmjQL9wjd\nls43HM/7RzsJq5FMZ8yaTNWPAgMBAAGjFjAUMBIGA1UdEwEB/wQIMAYBAf8CAQAw\nDQYJKoZIhvcNAQELBQADggEBAHahqGwZ9z7cbnJq6/SFUyxbGndzEwS4LjX/7z3s\n5hUJy6DVFb/FXS2ooxK3gEXoBFVDWEtyslbEp8AIDWOVSvjhPCCL0ZhBJzqTZluy\nmEzodXA3bbWfUpHXO6HM1c1tAAF8QlT6pRVXWl09wdpnynyIcDmcbfy1JjjeLwqM\nAmfBV1jC6OAoGlWXJLlCsL/1WlsQECXQ3LbDy03Nb9yawGFmbxtO1vROkl9DWAYS\nWtAAUVjzAmtHADVD2ikit+qFhmrEH0evIQNmu+JuK0xpTRwcY57aRnkYBj3YjdU7\niEzexwdatp52K109osWsvB8jR2h/xlG4gPhGWhTioI1i8lI=\n-----END CERTIFICATE-----",
            "common_name": "C=US,O=Google\\, Inc,CN=Google Cloud SQL Server CA,dnQualifier=e0cd1651-d0e3-4203-9a9f-cbd8ac841553",
            "create_time": "2023-12-20T09:03:12.557Z",
            "expiration_time": "2033-12-17T09:04:12.557Z",
            "sha1_fingerprint": "b845e0c6372086b35c030f146d55c975ce3e9053"
          }
        ],
        "service_account_email_address": "p585554613651-730chx@gcp-sa-cloud-sql.iam.gserviceaccount.com",
        "settings": [
          {
            "activation_policy": "ALWAYS",
            "active_directory_config": [],
            "advanced_machine_features": [],
            "availability_type": "REGIONAL",
            "backup_configuration": [
              {
                "backup_retention_settings": [
                  {
                    "retained_backups": 7,
                    "retention_unit": "COUNT"
                  }
                ],
                "binary_log_enabled": true,
                "enabled": true,
                "location": "",
                "point_in_time_recovery_enabled": false,
                "start_time": "17:00",
                "transaction_log_retention_days": 7
              }
            ],
            "collation": "",
            "connector_enforcement": "NOT_REQUIRED",
            "data_cache_config": [],
            "database_flags": [],
            "deletion_protection_enabled": false,
            "deny_maintenance_period": [],
            "disk_autoresize": true,
            "disk_autoresize_limit": 0,
            "disk_size": 10,
            "disk_type": "PD_SSD",
            "edition": "",
            "insights_config": [],
            "ip_configuration": [
              {
                "allocated_ip_range": "",
                "authorized_networks": [],
                "enable_private_path_for_google_cloud_services": false,
                "ipv4_enabled": true,
                "private_network": "",
                "psc_config": [],
                "require_ssl": false
              }
            ],
            "location_preference": [
              {
                "follow_gae_application": "",
                "secondary_zone": "",
                "zone": "us-central1-b"
              }
            ],
            "maintenance_window": [],
            "password_validation_policy": [],
            "pricing_plan": "PER_USE",
            "sql_server_audit_config": [],
            "tier": "db-f1-micro",
            "time_zone": "",
            "user_labels": {},
            "version": 4
          }
        ],
        "timeouts": null
      },
      "type": [
        "object",
        {
          "available_maintenance_versions": [
            "list",
            "string"
          ],
          "clone": [
            "list",
            [
              "object",
              {
                "allocated_ip_range": "string",
                "database_names": [
                  "list",
                  "string"
                ],
                "point_in_time": "string",
                "source_instance_name": "string"
              }
            ]
          ],
          "connection_name": "string",
          "database_version": "string",
          "deletion_protection": "bool",
          "dns_name": "string",
          "encryption_key_name": "string",
          "first_ip_address": "string",
          "id": "string",
          "instance_type": "string",
          "ip_address": [
            "list",
            [
              "object",
              {
                "ip_address": "string",
                "time_to_retire": "string",
                "type": "string"
              }
            ]
          ],
          "maintenance_version": "string",
          "master_instance_name": "string",
          "name": "string",
          "private_ip_address": "string",
          "project": "string",
          "psc_service_attachment_link": "string",
          "public_ip_address": "string",
          "region": "string",
          "replica_configuration": [
            "list",
            [
              "object",
              {
                "ca_certificate": "string",
                "client_certificate": "string",
                "client_key": "string",
                "connect_retry_interval": "number",
                "dump_file_path": "string",
                "failover_target": "bool",
                "master_heartbeat_period": "number",
                "password": "string",
                "ssl_cipher": "string",
                "username": "string",
                "verify_server_certificate": "bool"
              }
            ]
          ],
          "restore_backup_context": [
            "list",
            [
              "object",
              {
                "backup_run_id": "number",
                "instance_id": "string",
                "project": "string"
              }
            ]
          ],
          "root_password": "string",
          "self_link": "string",
          "server_ca_cert": [
            "list",
            [
              "object",
              {
                "cert": "string",
                "common_name": "string",
                "create_time": "string",
                "expiration_time": "string",
                "sha1_fingerprint": "string"
              }
            ]
          ],
          "service_account_email_address": "string",
          "settings": [
            "list",
            [
              "object",
              {
                "activation_policy": "string",
                "active_directory_config": [
                  "list",
                  [
                    "object",
                    {
                      "domain": "string"
                    }
                  ]
                ],
                "advanced_machine_features": [
                  "list",
                  [
                    "object",
                    {
                      "threads_per_core": "number"
                    }
                  ]
                ],
                "availability_type": "string",
                "backup_configuration": [
                  "list",
                  [
                    "object",
                    {
                      "backup_retention_settings": [
                        "list",
                        [
                          "object",
                          {
                            "retained_backups": "number",
                            "retention_unit": "string"
                          }
                        ]
                      ],
                      "binary_log_enabled": "bool",
                      "enabled": "bool",
                      "location": "string",
                      "point_in_time_recovery_enabled": "bool",
                      "start_time": "string",
                      "transaction_log_retention_days": "number"
                    }
                  ]
                ],
                "collation": "string",
                "connector_enforcement": "string",
                "data_cache_config": [
                  "list",
                  [
                    "object",
                    {
                      "data_cache_enabled": "bool"
                    }
                  ]
                ],
                "database_flags": [
                  "list",
                  [
                    "object",
                    {
                      "name": "string",
                      "value": "string"
                    }
                  ]
                ],
                "deletion_protection_enabled": "bool",
                "deny_maintenance_period": [
                  "list",
                  [
                    "object",
                    {
                      "end_date": "string",
                      "start_date": "string",
                      "time": "string"
                    }
                  ]
                ],
                "disk_autoresize": "bool",
                "disk_autoresize_limit": "number",
                "disk_size": "number",
                "disk_type": "string",
                "edition": "string",
                "insights_config": [
                  "list",
                  [
                    "object",
                    {
                      "query_insights_enabled": "bool",
                      "query_plans_per_minute": "number",
                      "query_string_length": "number",
                      "record_application_tags": "bool",
                      "record_client_address": "bool"
                    }
                  ]
                ],
                "ip_configuration": [
                  "list",
                  [
                    "object",
                    {
                      "allocated_ip_range": "string",
                      "authorized_networks": [
                        "set",
                        [
                          "object",
                          {
                            "expiration_time": "string",
                            "name": "string",
                            "value": "string"
                          }
                        ]
                      ],
                      "enable_private_path_for_google_cloud_services": "bool",
                      "ipv4_enabled": "bool",
                      "private_network": "string",
                      "psc_config": [
                        "set",
                        [
                          "object",
                          {
                            "allowed_consumer_projects": [
                              "set",
                              "string"
                            ],
                            "psc_enabled": "bool"
                          }
                        ]
                      ],
                      "require_ssl": "bool"
                    }
                  ]
                ],
                "location_preference": [
                  "list",
                  [
                    "object",
                    {
                      "follow_gae_application": "string",
                      "secondary_zone": "string",
                      "zone": "string"
                    }
                  ]
                ],
                "maintenance_window": [
                  "list",
                  [
                    "object",
                    {
                      "day": "number",
                      "hour": "number",
                      "update_track": "string"
                    }
                  ]
                ],
                "password_validation_policy": [
                  "list",
                  [
                    "object",
                    {
                      "complexity": "string",
                      "disallow_username_substring": "bool",
                      "enable_password_policy": "bool",
                      "min_length": "number",
                      "password_change_interval": "string",
                      "reuse_interval": "number"
                    }
                  ]
                ],
                "pricing_plan": "string",
                "sql_server_audit_config": [
                  "list",
                  [
                    "object",
                    {
                      "bucket": "string",
                      "retention_interval": "string",
                      "upload_interval": "string"
                    }
                  ]
                ],
                "tier": "string",
                "time_zone": "string",
                "user_labels": [
                  "map",
                  "string"
                ],
                "version": "number"
              }
            ]
          ],
          "timeouts": [
            "object",
            {
              "create": "string",
              "delete": "string",
              "update": "string"
            }
          ]
        }
      ],
      "sensitive": true
    },
    "ip": {
      "value": "10.2.0.0/16",
      "type": "string",
      "sensitive": true
    },
    "peering1": {
      "value": {
        "export_custom_routes": false,
        "export_subnet_routes_with_public_ip": true,
        "id": "vpc-1/peering1-2",
        "import_custom_routes": false,
        "import_subnet_routes_with_public_ip": false,
        "name": "peering1-2",
        "network": "https://www.googleapis.com/compute/v1/projects/leafy-summer-405104/global/networks/vpc-1",
        "peer_network": "https://www.googleapis.com/compute/v1/projects/leafy-summer-405104/global/networks/vpc-2",
        "stack_type": "IPV4_ONLY",
        "state": "ACTIVE",
        "state_details": "[2023-12-20T00:54:18.536-08:00]: Connected.",
        "timeouts": null
      },
      "type": [
        "object",
        {
          "export_custom_routes": "bool",
          "export_subnet_routes_with_public_ip": "bool",
          "id": "string",
          "import_custom_routes": "bool",
          "import_subnet_routes_with_public_ip": "bool",
          "name": "string",
          "network": "string",
          "peer_network": "string",
          "stack_type": "string",
          "state": "string",
          "state_details": "string",
          "timeouts": [
            "object",
            {
              "create": "string",
              "delete": "string",
              "update": "string"
            }
          ]
        }
      ],
      "sensitive": true
    },
    "peering2": {
      "value": {
        "export_custom_routes": false,
        "export_subnet_routes_with_public_ip": true,
        "id": "vpc-2/peering2-1",
        "import_custom_routes": false,
        "import_subnet_routes_with_public_ip": false,
        "name": "peering2-1",
        "network": "https://www.googleapis.com/compute/v1/projects/leafy-summer-405104/global/networks/vpc-2",
        "peer_network": "https://www.googleapis.com/compute/v1/projects/leafy-summer-405104/global/networks/vpc-1",
        "stack_type": "IPV4_ONLY",
        "state": "ACTIVE",
        "state_details": "[2023-12-20T00:54:18.536-08:00]: Connected.",
        "timeouts": null
      },
      "type": [
        "object",
        {
          "export_custom_routes": "bool",
          "export_subnet_routes_with_public_ip": "bool",
          "id": "string",
          "import_custom_routes": "bool",
          "import_subnet_routes_with_public_ip": "bool",
          "name": "string",
          "network": "string",
          "peer_network": "string",
          "stack_type": "string",
          "state": "string",
          "state_details": "string",
          "timeouts": [
            "object",
            {
              "create": "string",
              "delete": "string",
              "update": "string"
            }
          ]
        }
      ],
      "sensitive": true
    },
    "peering3": {
      "value": {
        "export_custom_routes": false,
        "export_subnet_routes_with_public_ip": true,
        "id": "vpc-1/peering3-1",
        "import_custom_routes": false,
        "import_subnet_routes_with_public_ip": false,
        "name": "peering3-1",
        "network": "https://www.googleapis.com/compute/v1/projects/leafy-summer-405104/global/networks/vpc-1",
        "peer_network": "https://www.googleapis.com/compute/v1/projects/leafy-summer-405104/global/networks/vpc-3",
        "stack_type": "IPV4_ONLY",
        "state": "ACTIVE",
        "state_details": "[2023-12-20T00:54:46.899-08:00]: Connected.",
        "timeouts": null
      },
      "type": [
        "object",
        {
          "export_custom_routes": "bool",
          "export_subnet_routes_with_public_ip": "bool",
          "id": "string",
          "import_custom_routes": "bool",
          "import_subnet_routes_with_public_ip": "bool",
          "name": "string",
          "network": "string",
          "peer_network": "string",
          "stack_type": "string",
          "state": "string",
          "state_details": "string",
          "timeouts": [
            "object",
            {
              "create": "string",
              "delete": "string",
              "update": "string"
            }
          ]
        }
      ],
      "sensitive": true
    },
    "peering4": {
      "value": {
        "export_custom_routes": false,
        "export_subnet_routes_with_public_ip": true,
        "id": "vpc-3/peering1-3",
        "import_custom_routes": false,
        "import_subnet_routes_with_public_ip": false,
        "name": "peering1-3",
        "network": "https://www.googleapis.com/compute/v1/projects/leafy-summer-405104/global/networks/vpc-3",
        "peer_network": "https://www.googleapis.com/compute/v1/projects/leafy-summer-405104/global/networks/vpc-1",
        "stack_type": "IPV4_ONLY",
        "state": "ACTIVE",
        "state_details": "[2023-12-20T00:54:46.899-08:00]: Connected.",
        "timeouts": null
      },
      "type": [
        "object",
        {
          "export_custom_routes": "bool",
          "export_subnet_routes_with_public_ip": "bool",
          "id": "string",
          "import_custom_routes": "bool",
          "import_subnet_routes_with_public_ip": "bool",
          "name": "string",
          "network": "string",
          "peer_network": "string",
          "stack_type": "string",
          "state": "string",
          "state_details": "string",
          "timeouts": [
            "object",
            {
              "create": "string",
              "delete": "string",
              "update": "string"
            }
          ]
        }
      ],
      "sensitive": true
    },
    "primary-cluster": {
      "value": {
        "addons_config": [
          {
            "cloudrun_config": [],
            "config_connector_config": [],
            "dns_cache_config": [],
            "gce_persistent_disk_csi_driver_config": [
              {
                "enabled": true
              }
            ],
            "gcp_filestore_csi_driver_config": [],
            "gcs_fuse_csi_driver_config": [],
            "gke_backup_agent_config": [],
            "horizontal_pod_autoscaling": [],
            "http_load_balancing": [],
            "network_policy_config": [
              {
                "disabled": true
              }
            ]
          }
        ],
        "allow_net_admin": null,
        "authenticator_groups_config": [],
        "binary_authorization": [
          {
            "enabled": false,
            "evaluation_mode": ""
          }
        ],
        "cluster_autoscaling": [
          {
            "auto_provisioning_defaults": [],
            "enabled": false,
            "resource_limits": []
          }
        ],
        "cluster_ipv4_cidr": "10.0.0.0/14",
        "confidential_nodes": [],
        "cost_management_config": [],
        "database_encryption": [
          {
            "key_name": "",
            "state": "DECRYPTED"
          }
        ],
        "datapath_provider": "",
        "default_max_pods_per_node": null,
        "default_snat_status": [
          {
            "disabled": false
          }
        ],
        "description": "",
        "dns_config": [],
        "enable_autopilot": false,
        "enable_binary_authorization": false,
        "enable_intranode_visibility": false,
        "enable_k8s_beta_apis": [],
        "enable_kubernetes_alpha": false,
        "enable_l4_ilb_subsetting": false,
        "enable_legacy_abac": false,
        "enable_shielded_nodes": true,
        "enable_tpu": false,
        "endpoint": "34.134.107.5",
        "gateway_api_config": [],
        "id": "projects/leafy-summer-405104/locations/us-central1-a/clusters/my-gke-cluster",
        "initial_node_count": 2,
        "ip_allocation_policy": [],
        "label_fingerprint": "a9dc16a7",
        "location": "us-central1-a",
        "logging_config": [
          {
            "enable_components": [
              "SYSTEM_COMPONENTS",
              "WORKLOADS"
            ]
          }
        ],
        "logging_service": "logging.googleapis.com/kubernetes",
        "maintenance_policy": [],
        "master_auth": [
          {
            "client_certificate": "",
            "client_certificate_config": [
              {
                "issue_client_certificate": false
              }
            ],
            "client_key": "",
            "cluster_ca_certificate": "LS0tLS1CRUdJTiBDRVJUSUZJQ0FURS0tLS0tCk1JSUVMVENDQXBXZ0F3SUJBZ0lSQUl4MEl1Q29XL2s5aUNWY21jdkNFell3RFFZSktvWklodmNOQVFFTEJRQXcKTHpFdE1Dc0dBMVVFQXhNa09HVTJaVEU0TkRNdE1UZGhZaTAwWWpGbUxXSm1aV0l0TmpZMk1EbGtPVFl3TmpkawpNQ0FYRFRJek1USXlNREE0TURFek0xb1lEekl3TlRNeE1qRXlNRGt3TVRNeldqQXZNUzB3S3dZRFZRUURFeVE0ClpUWmxNVGcwTXkweE4yRmlMVFJpTVdZdFltWmxZaTAyTmpZd09XUTVOakEyTjJRd2dnR2lNQTBHQ1NxR1NJYjMKRFFFQkFRVUFBNElCandBd2dnR0tBb0lCZ1FET1VZb2YzYmxzUEJkdFdGUDlCby96dFpYWjN4TGd0bndLTXcwdQpyUHFFVWV0UEc0aXJ3ZzYvL0p0Ny9aQTMxYWlOUnVqZmFBUkk2YzhCa0M4NEpKNjNISGVicjdITW9aZlpJVEVECjFuQWVDaEs1YXA4R2I3VUFxNVR3N3pNZmZTWk9iTWJ3OVRBa0pJR2gzN1JBc3NrWHlnbnUxbHp0QmJEZ0ZvbmoKbHRvS2Z4OFI5SUpIcWIzeFhBY3lkNUY0aHhSSkdQdzhibzRxVHNrMGwzVVhGdnJZNHgrdjF3NGF5eXhwdk1RNgpENHIyUXZXb0k3QXlkNHN0L3R4eVdRYmxWSmxZM0Y4RXpiZHlBaWpXUEp0MkRBVmpycW5sRUdteU1iMGNFTGIrCjEzZWtBT0sxSmlIenVzNFAza0dqYm5US2FBZXQyRnFFL2JmaHI3bGFicVdyTlRReUhmWGhCVmlaOFhEVS81cVoKT0pnWk8rRWlnWnBqTnoyZXU0Q0puNHVNNWVhb2h2L0NJN1ZTM0RKWWw3dkpjYkQ5eE43OWVYdkRNRHNuNFNQTQpWZUhPLzEvOThRMDRQTGIvSW9PZWl6NGlHajB3T2d3dFUra3I2VkRoYzBFWnNPTnNQb1lDWlF1VWZtNG1vMnNnClM5Vk9UUDNHNjJ3RmxRZWtSbnRJSUlNVkhBVUNBd0VBQWFOQ01FQXdEZ1lEVlIwUEFRSC9CQVFEQWdJRU1BOEcKQTFVZEV3RUIvd1FGTUFNQkFmOHdIUVlEVlIwT0JCWUVGRWhUNkJQUS9BanprcUpzRU5uOWVhM0l2Qlc2TUEwRwpDU3FHU0liM0RRRUJDd1VBQTRJQmdRQlI2REdWZW16YTNFL0EyVXo0bU0wV1RIdjF5ckYrNHhTVm9jYjZvdEUwCkY0N3MxMWNJWDdTZFhkK1UwdGFnU1Y4WWY3NUlWUW9hZUc1MEFrWitvQkVnbVFORW9YSlN2M095bXg1MGp0NHcKejJRT3d2ZHVFNHZuMnh4bTl3OGNRei95Kyt3TWdmcE5pY2poZ2Y1ZHNrOXlxeExJWG1EZ29RN2tIMVd0SFdMZwo2RU9KcCtiekhnci9CZmYxVGo0SlBaVkhXaVBXdTI2cjdmR0xYSy83TUVQRkNDbjJyeVhrWFhveVpaNysxZHdQCmtOWnZ4bTQ2S1dvN2lGWmV2eHdoMFhqMkM5NE5NUUhsQU1qMU5BQ0RIWmsrWlVWMWkwaU1FU2txTEdBZW5UTVoKNXlmOFVpaFIxaU52bytsOUxjbWF1MUZEWEN5cXZ1L2t1VUI2bWpLYTlSbHRtWEVnTzJWL05WclBkTm1lQXNUcgorVzN3aGFZQVAwNXdxRDFXT0E0Rk1vMW1zbEQ3RHhCbHVmeE44bDVFSGxLOXRzaERBT01ZWXJ3cngrWkxOSjFOCmlPeFFBbzVsSDUyVkRjVDJqOW11Sm5YZTF5ZTJWbERUWUY5SGxCQUpOc0t3czFQb3JSd3NoSTgvRFpoc1c5OGYKd0ZsQWQwQVk0UVpieThNSU5oMDlkazA9Ci0tLS0tRU5EIENFUlRJRklDQVRFLS0tLS0K"
          }
        ],
        "master_authorized_networks_config": [],
        "master_version": "1.27.3-gke.100",
        "mesh_certificates": [],
        "min_master_version": null,
        "monitoring_config": [
          {
            "advanced_datapath_observability_config": [
              {
                "enable_metrics": false,
                "relay_mode": ""
              }
            ],
            "enable_components": [
              "SYSTEM_COMPONENTS"
            ],
            "managed_prometheus": [
              {
                "enabled": true
              }
            ]
          }
        ],
        "monitoring_service": "monitoring.googleapis.com/kubernetes",
        "name": "my-gke-cluster",
        "network": "projects/leafy-summer-405104/global/networks/default",
        "network_policy": [
          {
            "enabled": false,
            "provider": "PROVIDER_UNSPECIFIED"
          }
        ],
        "networking_mode": "ROUTES",
        "node_config": [],
        "node_locations": [],
        "node_pool": [],
        "node_pool_auto_config": [],
        "node_pool_defaults": [
          {
            "node_config_defaults": [
              {
                "logging_variant": "DEFAULT"
              }
            ]
          }
        ],
        "node_version": "1.27.3-gke.100",
        "notification_config": [
          {
            "pubsub": [
              {
                "enabled": false,
                "filter": [],
                "topic": ""
              }
            ]
          }
        ],
        "operation": null,
        "private_cluster_config": [
          {
            "enable_private_endpoint": false,
            "enable_private_nodes": false,
            "master_global_access_config": [
              {
                "enabled": false
              }
            ],
            "master_ipv4_cidr_block": "",
            "peering_name": "",
            "private_endpoint": "10.128.0.55",
            "private_endpoint_subnetwork": "",
            "public_endpoint": "34.134.107.5"
          }
        ],
        "private_ipv6_google_access": "",
        "project": "leafy-summer-405104",
        "release_channel": [
          {
            "channel": "REGULAR"
          }
        ],
        "remove_default_node_pool": true,
        "resource_labels": null,
        "resource_usage_export_config": [],
        "security_posture_config": [
          {
            "mode": "BASIC",
            "vulnerability_mode": "VULNERABILITY_MODE_UNSPECIFIED"
          }
        ],
        "self_link": "https://container.googleapis.com/v1/projects/leafy-summer-405104/zones/us-central1-a/clusters/my-gke-cluster",
        "service_external_ips_config": [
          {
            "enabled": false
          }
        ],
        "services_ipv4_cidr": "10.3.240.0/20",
        "subnetwork": "projects/leafy-summer-405104/regions/us-central1/subnetworks/default",
        "timeouts": null,
        "tpu_ipv4_cidr_block": "",
        "vertical_pod_autoscaling": [],
        "workload_identity_config": []
      },
      "type": [
        "object",
        {
          "addons_config": [
            "list",
            [
              "object",
              {
                "cloudrun_config": [
                  "list",
                  [
                    "object",
                    {
                      "disabled": "bool",
                      "load_balancer_type": "string"
                    }
                  ]
                ],
                "config_connector_config": [
                  "list",
                  [
                    "object",
                    {
                      "enabled": "bool"
                    }
                  ]
                ],
                "dns_cache_config": [
                  "list",
                  [
                    "object",
                    {
                      "enabled": "bool"
                    }
                  ]
                ],
                "gce_persistent_disk_csi_driver_config": [
                  "list",
                  [
                    "object",
                    {
                      "enabled": "bool"
                    }
                  ]
                ],
                "gcp_filestore_csi_driver_config": [
                  "list",
                  [
                    "object",
                    {
                      "enabled": "bool"
                    }
                  ]
                ],
                "gcs_fuse_csi_driver_config": [
                  "list",
                  [
                    "object",
                    {
                      "enabled": "bool"
                    }
                  ]
                ],
                "gke_backup_agent_config": [
                  "list",
                  [
                    "object",
                    {
                      "enabled": "bool"
                    }
                  ]
                ],
                "horizontal_pod_autoscaling": [
                  "list",
                  [
                    "object",
                    {
                      "disabled": "bool"
                    }
                  ]
                ],
                "http_load_balancing": [
                  "list",
                  [
                    "object",
                    {
                      "disabled": "bool"
                    }
                  ]
                ],
                "network_policy_config": [
                  "list",
                  [
                    "object",
                    {
                      "disabled": "bool"
                    }
                  ]
                ]
              }
            ]
          ],
          "allow_net_admin": "bool",
          "authenticator_groups_config": [
            "list",
            [
              "object",
              {
                "security_group": "string"
              }
            ]
          ],
          "binary_authorization": [
            "list",
            [
              "object",
              {
                "enabled": "bool",
                "evaluation_mode": "string"
              }
            ]
          ],
          "cluster_autoscaling": [
            "list",
            [
              "object",
              {
                "auto_provisioning_defaults": [
                  "list",
                  [
                    "object",
                    {
                      "boot_disk_kms_key": "string",
                      "disk_size": "number",
                      "disk_type": "string",
                      "image_type": "string",
                      "management": [
                        "list",
                        [
                          "object",
                          {
                            "auto_repair": "bool",
                            "auto_upgrade": "bool",
                            "upgrade_options": [
                              "list",
                              [
                                "object",
                                {
                                  "auto_upgrade_start_time": "string",
                                  "description": "string"
                                }
                              ]
                            ]
                          }
                        ]
                      ],
                      "min_cpu_platform": "string",
                      "oauth_scopes": [
                        "list",
                        "string"
                      ],
                      "service_account": "string",
                      "shielded_instance_config": [
                        "list",
                        [
                          "object",
                          {
                            "enable_integrity_monitoring": "bool",
                            "enable_secure_boot": "bool"
                          }
                        ]
                      ],
                      "upgrade_settings": [
                        "list",
                        [
                          "object",
                          {
                            "blue_green_settings": [
                              "list",
                              [
                                "object",
                                {
                                  "node_pool_soak_duration": "string",
                                  "standard_rollout_policy": [
                                    "list",
                                    [
                                      "object",
                                      {
                                        "batch_node_count": "number",
                                        "batch_percentage": "number",
                                        "batch_soak_duration": "string"
                                      }
                                    ]
                                  ]
                                }
                              ]
                            ],
                            "max_surge": "number",
                            "max_unavailable": "number",
                            "strategy": "string"
                          }
                        ]
                      ]
                    }
                  ]
                ],
                "enabled": "bool",
                "resource_limits": [
                  "list",
                  [
                    "object",
                    {
                      "maximum": "number",
                      "minimum": "number",
                      "resource_type": "string"
                    }
                  ]
                ]
              }
            ]
          ],
          "cluster_ipv4_cidr": "string",
          "confidential_nodes": [
            "list",
            [
              "object",
              {
                "enabled": "bool"
              }
            ]
          ],
          "cost_management_config": [
            "list",
            [
              "object",
              {
                "enabled": "bool"
              }
            ]
          ],
          "database_encryption": [
            "list",
            [
              "object",
              {
                "key_name": "string",
                "state": "string"
              }
            ]
          ],
          "datapath_provider": "string",
          "default_max_pods_per_node": "number",
          "default_snat_status": [
            "list",
            [
              "object",
              {
                "disabled": "bool"
              }
            ]
          ],
          "description": "string",
          "dns_config": [
            "list",
            [
              "object",
              {
                "cluster_dns": "string",
                "cluster_dns_domain": "string",
                "cluster_dns_scope": "string"
              }
            ]
          ],
          "enable_autopilot": "bool",
          "enable_binary_authorization": "bool",
          "enable_intranode_visibility": "bool",
          "enable_k8s_beta_apis": [
            "list",
            [
              "object",
              {
                "enabled_apis": [
                  "set",
                  "string"
                ]
              }
            ]
          ],
          "enable_kubernetes_alpha": "bool",
          "enable_l4_ilb_subsetting": "bool",
          "enable_legacy_abac": "bool",
          "enable_shielded_nodes": "bool",
          "enable_tpu": "bool",
          "endpoint": "string",
          "gateway_api_config": [
            "list",
            [
              "object",
              {
                "channel": "string"
              }
            ]
          ],
          "id": "string",
          "initial_node_count": "number",
          "ip_allocation_policy": [
            "list",
            [
              "object",
              {
                "additional_pod_ranges_config": [
                  "list",
                  [
                    "object",
                    {
                      "pod_range_names": [
                        "set",
                        "string"
                      ]
                    }
                  ]
                ],
                "cluster_ipv4_cidr_block": "string",
                "cluster_secondary_range_name": "string",
                "pod_cidr_overprovision_config": [
                  "list",
                  [
                    "object",
                    {
                      "disabled": "bool"
                    }
                  ]
                ],
                "services_ipv4_cidr_block": "string",
                "services_secondary_range_name": "string",
                "stack_type": "string"
              }
            ]
          ],
          "label_fingerprint": "string",
          "location": "string",
          "logging_config": [
            "list",
            [
              "object",
              {
                "enable_components": [
                  "list",
                  "string"
                ]
              }
            ]
          ],
          "logging_service": "string",
          "maintenance_policy": [
            "list",
            [
              "object",
              {
                "daily_maintenance_window": [
                  "list",
                  [
                    "object",
                    {
                      "duration": "string",
                      "start_time": "string"
                    }
                  ]
                ],
                "maintenance_exclusion": [
                  "set",
                  [
                    "object",
                    {
                      "end_time": "string",
                      "exclusion_name": "string",
                      "exclusion_options": [
                        "list",
                        [
                          "object",
                          {
                            "scope": "string"
                          }
                        ]
                      ],
                      "start_time": "string"
                    }
                  ]
                ],
                "recurring_window": [
                  "list",
                  [
                    "object",
                    {
                      "end_time": "string",
                      "recurrence": "string",
                      "start_time": "string"
                    }
                  ]
                ]
              }
            ]
          ],
          "master_auth": [
            "list",
            [
              "object",
              {
                "client_certificate": "string",
                "client_certificate_config": [
                  "list",
                  [
                    "object",
                    {
                      "issue_client_certificate": "bool"
                    }
                  ]
                ],
                "client_key": "string",
                "cluster_ca_certificate": "string"
              }
            ]
          ],
          "master_authorized_networks_config": [
            "list",
            [
              "object",
              {
                "cidr_blocks": [
                  "set",
                  [
                    "object",
                    {
                      "cidr_block": "string",
                      "display_name": "string"
                    }
                  ]
                ],
                "gcp_public_cidrs_access_enabled": "bool"
              }
            ]
          ],
          "master_version": "string",
          "mesh_certificates": [
            "list",
            [
              "object",
              {
                "enable_certificates": "bool"
              }
            ]
          ],
          "min_master_version": "string",
          "monitoring_config": [
            "list",
            [
              "object",
              {
                "advanced_datapath_observability_config": [
                  "list",
                  [
                    "object",
                    {
                      "enable_metrics": "bool",
                      "relay_mode": "string"
                    }
                  ]
                ],
                "enable_components": [
                  "list",
                  "string"
                ],
                "managed_prometheus": [
                  "list",
                  [
                    "object",
                    {
                      "enabled": "bool"
                    }
                  ]
                ]
              }
            ]
          ],
          "monitoring_service": "string",
          "name": "string",
          "network": "string",
          "network_policy": [
            "list",
            [
              "object",
              {
                "enabled": "bool",
                "provider": "string"
              }
            ]
          ],
          "networking_mode": "string",
          "node_config": [
            "list",
            [
              "object",
              {
                "advanced_machine_features": [
                  "list",
                  [
                    "object",
                    {
                      "threads_per_core": "number"
                    }
                  ]
                ],
                "boot_disk_kms_key": "string",
                "confidential_nodes": [
                  "list",
                  [
                    "object",
                    {
                      "enabled": "bool"
                    }
                  ]
                ],
                "disk_size_gb": "number",
                "disk_type": "string",
                "ephemeral_storage_local_ssd_config": [
                  "list",
                  [
                    "object",
                    {
                      "local_ssd_count": "number"
                    }
                  ]
                ],
                "fast_socket": [
                  "list",
                  [
                    "object",
                    {
                      "enabled": "bool"
                    }
                  ]
                ],
                "gcfs_config": [
                  "list",
                  [
                    "object",
                    {
                      "enabled": "bool"
                    }
                  ]
                ],
                "guest_accelerator": [
                  "list",
                  [
                    "object",
                    {
                      "count": "number",
                      "gpu_driver_installation_config": [
                        "list",
                        [
                          "object",
                          {
                            "gpu_driver_version": "string"
                          }
                        ]
                      ],
                      "gpu_partition_size": "string",
                      "gpu_sharing_config": [
                        "list",
                        [
                          "object",
                          {
                            "gpu_sharing_strategy": "string",
                            "max_shared_clients_per_gpu": "number"
                          }
                        ]
                      ],
                      "type": "string"
                    }
                  ]
                ],
                "gvnic": [
                  "list",
                  [
                    "object",
                    {
                      "enabled": "bool"
                    }
                  ]
                ],
                "host_maintenance_policy": [
                  "list",
                  [
                    "object",
                    {
                      "maintenance_interval": "string"
                    }
                  ]
                ],
                "image_type": "string",
                "kubelet_config": [
                  "list",
                  [
                    "object",
                    {
                      "cpu_cfs_quota": "bool",
                      "cpu_cfs_quota_period": "string",
                      "cpu_manager_policy": "string",
                      "pod_pids_limit": "number"
                    }
                  ]
                ],
                "labels": [
                  "map",
                  "string"
                ],
                "linux_node_config": [
                  "list",
                  [
                    "object",
                    {
                      "sysctls": [
                        "map",
                        "string"
                      ]
                    }
                  ]
                ],
                "local_nvme_ssd_block_config": [
                  "list",
                  [
                    "object",
                    {
                      "local_ssd_count": "number"
                    }
                  ]
                ],
                "local_ssd_count": "number",
                "logging_variant": "string",
                "machine_type": "string",
                "metadata": [
                  "map",
                  "string"
                ],
                "min_cpu_platform": "string",
                "node_group": "string",
                "oauth_scopes": [
                  "set",
                  "string"
                ],
                "preemptible": "bool",
                "reservation_affinity": [
                  "list",
                  [
                    "object",
                    {
                      "consume_reservation_type": "string",
                      "key": "string",
                      "values": [
                        "set",
                        "string"
                      ]
                    }
                  ]
                ],
                "resource_labels": [
                  "map",
                  "string"
                ],
                "service_account": "string",
                "shielded_instance_config": [
                  "list",
                  [
                    "object",
                    {
                      "enable_integrity_monitoring": "bool",
                      "enable_secure_boot": "bool"
                    }
                  ]
                ],
                "sole_tenant_config": [
                  "list",
                  [
                    "object",
                    {
                      "node_affinity": [
                        "set",
                        [
                          "object",
                          {
                            "key": "string",
                            "operator": "string",
                            "values": [
                              "list",
                              "string"
                            ]
                          }
                        ]
                      ]
                    }
                  ]
                ],
                "spot": "bool",
                "tags": [
                  "list",
                  "string"
                ],
                "taint": [
                  "list",
                  [
                    "object",
                    {
                      "effect": "string",
                      "key": "string",
                      "value": "string"
                    }
                  ]
                ],
                "workload_metadata_config": [
                  "list",
                  [
                    "object",
                    {
                      "mode": "string"
                    }
                  ]
                ]
              }
            ]
          ],
          "node_locations": [
            "set",
            "string"
          ],
          "node_pool": [
            "list",
            [
              "object",
              {
                "autoscaling": [
                  "list",
                  [
                    "object",
                    {
                      "location_policy": "string",
                      "max_node_count": "number",
                      "min_node_count": "number",
                      "total_max_node_count": "number",
                      "total_min_node_count": "number"
                    }
                  ]
                ],
                "initial_node_count": "number",
                "instance_group_urls": [
                  "list",
                  "string"
                ],
                "managed_instance_group_urls": [
                  "list",
                  "string"
                ],
                "management": [
                  "list",
                  [
                    "object",
                    {
                      "auto_repair": "bool",
                      "auto_upgrade": "bool"
                    }
                  ]
                ],
                "max_pods_per_node": "number",
                "name": "string",
                "name_prefix": "string",
                "network_config": [
                  "list",
                  [
                    "object",
                    {
                      "create_pod_range": "bool",
                      "enable_private_nodes": "bool",
                      "pod_cidr_overprovision_config": [
                        "list",
                        [
                          "object",
                          {
                            "disabled": "bool"
                          }
                        ]
                      ],
                      "pod_ipv4_cidr_block": "string",
                      "pod_range": "string"
                    }
                  ]
                ],
                "node_config": [
                  "list",
                  [
                    "object",
                    {
                      "advanced_machine_features": [
                        "list",
                        [
                          "object",
                          {
                            "threads_per_core": "number"
                          }
                        ]
                      ],
                      "boot_disk_kms_key": "string",
                      "confidential_nodes": [
                        "list",
                        [
                          "object",
                          {
                            "enabled": "bool"
                          }
                        ]
                      ],
                      "disk_size_gb": "number",
                      "disk_type": "string",
                      "ephemeral_storage_local_ssd_config": [
                        "list",
                        [
                          "object",
                          {
                            "local_ssd_count": "number"
                          }
                        ]
                      ],
                      "fast_socket": [
                        "list",
                        [
                          "object",
                          {
                            "enabled": "bool"
                          }
                        ]
                      ],
                      "gcfs_config": [
                        "list",
                        [
                          "object",
                          {
                            "enabled": "bool"
                          }
                        ]
                      ],
                      "guest_accelerator": [
                        "list",
                        [
                          "object",
                          {
                            "count": "number",
                            "gpu_driver_installation_config": [
                              "list",
                              [
                                "object",
                                {
                                  "gpu_driver_version": "string"
                                }
                              ]
                            ],
                            "gpu_partition_size": "string",
                            "gpu_sharing_config": [
                              "list",
                              [
                                "object",
                                {
                                  "gpu_sharing_strategy": "string",
                                  "max_shared_clients_per_gpu": "number"
                                }
                              ]
                            ],
                            "type": "string"
                          }
                        ]
                      ],
                      "gvnic": [
                        "list",
                        [
                          "object",
                          {
                            "enabled": "bool"
                          }
                        ]
                      ],
                      "host_maintenance_policy": [
                        "list",
                        [
                          "object",
                          {
                            "maintenance_interval": "string"
                          }
                        ]
                      ],
                      "image_type": "string",
                      "kubelet_config": [
                        "list",
                        [
                          "object",
                          {
                            "cpu_cfs_quota": "bool",
                            "cpu_cfs_quota_period": "string",
                            "cpu_manager_policy": "string",
                            "pod_pids_limit": "number"
                          }
                        ]
                      ],
                      "labels": [
                        "map",
                        "string"
                      ],
                      "linux_node_config": [
                        "list",
                        [
                          "object",
                          {
                            "sysctls": [
                              "map",
                              "string"
                            ]
                          }
                        ]
                      ],
                      "local_nvme_ssd_block_config": [
                        "list",
                        [
                          "object",
                          {
                            "local_ssd_count": "number"
                          }
                        ]
                      ],
                      "local_ssd_count": "number",
                      "logging_variant": "string",
                      "machine_type": "string",
                      "metadata": [
                        "map",
                        "string"
                      ],
                      "min_cpu_platform": "string",
                      "node_group": "string",
                      "oauth_scopes": [
                        "set",
                        "string"
                      ],
                      "preemptible": "bool",
                      "reservation_affinity": [
                        "list",
                        [
                          "object",
                          {
                            "consume_reservation_type": "string",
                            "key": "string",
                            "values": [
                              "set",
                              "string"
                            ]
                          }
                        ]
                      ],
                      "resource_labels": [
                        "map",
                        "string"
                      ],
                      "service_account": "string",
                      "shielded_instance_config": [
                        "list",
                        [
                          "object",
                          {
                            "enable_integrity_monitoring": "bool",
                            "enable_secure_boot": "bool"
                          }
                        ]
                      ],
                      "sole_tenant_config": [
                        "list",
                        [
                          "object",
                          {
                            "node_affinity": [
                              "set",
                              [
                                "object",
                                {
                                  "key": "string",
                                  "operator": "string",
                                  "values": [
                                    "list",
                                    "string"
                                  ]
                                }
                              ]
                            ]
                          }
                        ]
                      ],
                      "spot": "bool",
                      "tags": [
                        "list",
                        "string"
                      ],
                      "taint": [
                        "list",
                        [
                          "object",
                          {
                            "effect": "string",
                            "key": "string",
                            "value": "string"
                          }
                        ]
                      ],
                      "workload_metadata_config": [
                        "list",
                        [
                          "object",
                          {
                            "mode": "string"
                          }
                        ]
                      ]
                    }
                  ]
                ],
                "node_count": "number",
                "node_locations": [
                  "set",
                  "string"
                ],
                "placement_policy": [
                  "list",
                  [
                    "object",
                    {
                      "policy_name": "string",
                      "tpu_topology": "string",
                      "type": "string"
                    }
                  ]
                ],
                "upgrade_settings": [
                  "list",
                  [
                    "object",
                    {
                      "blue_green_settings": [
                        "list",
                        [
                          "object",
                          {
                            "node_pool_soak_duration": "string",
                            "standard_rollout_policy": [
                              "list",
                              [
                                "object",
                                {
                                  "batch_node_count": "number",
                                  "batch_percentage": "number",
                                  "batch_soak_duration": "string"
                                }
                              ]
                            ]
                          }
                        ]
                      ],
                      "max_surge": "number",
                      "max_unavailable": "number",
                      "strategy": "string"
                    }
                  ]
                ],
                "version": "string"
              }
            ]
          ],
          "node_pool_auto_config": [
            "list",
            [
              "object",
              {
                "network_tags": [
                  "list",
                  [
                    "object",
                    {
                      "tags": [
                        "list",
                        "string"
                      ]
                    }
                  ]
                ]
              }
            ]
          ],
          "node_pool_defaults": [
            "list",
            [
              "object",
              {
                "node_config_defaults": [
                  "list",
                  [
                    "object",
                    {
                      "logging_variant": "string"
                    }
                  ]
                ]
              }
            ]
          ],
          "node_version": "string",
          "notification_config": [
            "list",
            [
              "object",
              {
                "pubsub": [
                  "list",
                  [
                    "object",
                    {
                      "enabled": "bool",
                      "filter": [
                        "list",
                        [
                          "object",
                          {
                            "event_type": [
                              "list",
                              "string"
                            ]
                          }
                        ]
                      ],
                      "topic": "string"
                    }
                  ]
                ]
              }
            ]
          ],
          "operation": "string",
          "private_cluster_config": [
            "list",
            [
              "object",
              {
                "enable_private_endpoint": "bool",
                "enable_private_nodes": "bool",
                "master_global_access_config": [
                  "list",
                  [
                    "object",
                    {
                      "enabled": "bool"
                    }
                  ]
                ],
                "master_ipv4_cidr_block": "string",
                "peering_name": "string",
                "private_endpoint": "string",
                "private_endpoint_subnetwork": "string",
                "public_endpoint": "string"
              }
            ]
          ],
          "private_ipv6_google_access": "string",
          "project": "string",
          "release_channel": [
            "list",
            [
              "object",
              {
                "channel": "string"
              }
            ]
          ],
          "remove_default_node_pool": "bool",
          "resource_labels": [
            "map",
            "string"
          ],
          "resource_usage_export_config": [
            "list",
            [
              "object",
              {
                "bigquery_destination": [
                  "list",
                  [
                    "object",
                    {
                      "dataset_id": "string"
                    }
                  ]
                ],
                "enable_network_egress_metering": "bool",
                "enable_resource_consumption_metering": "bool"
              }
            ]
          ],
          "security_posture_config": [
            "list",
            [
              "object",
              {
                "mode": "string",
                "vulnerability_mode": "string"
              }
            ]
          ],
          "self_link": "string",
          "service_external_ips_config": [
            "list",
            [
              "object",
              {
                "enabled": "bool"
              }
            ]
          ],
          "services_ipv4_cidr": "string",
          "subnetwork": "string",
          "timeouts": [
            "object",
            {
              "create": "string",
              "delete": "string",
              "read": "string",
              "update": "string"
            }
          ],
          "tpu_ipv4_cidr_block": "string",
          "vertical_pod_autoscaling": [
            "list",
            [
              "object",
              {
                "enabled": "bool"
              }
            ]
          ],
          "workload_identity_config": [
            "list",
            [
              "object",
              {
                "workload_pool": "string"
              }
            ]
          ]
        }
      ],
      "sensitive": true
    },
    "primary_preemptible_nodes": {
      "value": 2,
      "type": "number",
      "sensitive": true
    },
    "router-tf": {
      "value": {
        "bgp": [],
        "creation_timestamp": "2023-12-20T00:54:25.420-08:00",
        "description": "",
        "encrypted_interconnect_router": false,
        "id": "projects/leafy-summer-405104/regions/us-central1/routers/my-router",
        "name": "my-router",
        "network": "https://www.googleapis.com/compute/v1/projects/leafy-summer-405104/global/networks/my-network-tf",
        "project": "leafy-summer-405104",
        "region": "us-central1",
        "self_link": "https://www.googleapis.com/compute/v1/projects/leafy-summer-405104/regions/us-central1/routers/my-router",
        "timeouts": null
      },
      "type": [
        "object",
        {
          "bgp": [
            "list",
            [
              "object",
              {
                "advertise_mode": "string",
                "advertised_groups": [
                  "list",
                  "string"
                ],
                "advertised_ip_ranges": [
                  "list",
                  [
                    "object",
                    {
                      "description": "string",
                      "range": "string"
                    }
                  ]
                ],
                "asn": "number",
                "keepalive_interval": "number"
              }
            ]
          ],
          "creation_timestamp": "string",
          "description": "string",
          "encrypted_interconnect_router": "bool",
          "id": "string",
          "name": "string",
          "network": "string",
          "project": "string",
          "region": "string",
          "self_link": "string",
          "timeouts": [
            "object",
            {
              "create": "string",
              "delete": "string",
              "update": "string"
            }
          ]
        }
      ]
    },
    "sa_tf": {
      "value": {
        "account_id": "tfmanikanta",
        "description": "",
        "disabled": false,
        "display_name": "service-tf",
        "email": "tfmanikanta@leafy-summer-405104.iam.gserviceaccount.com",
        "id": "projects/leafy-summer-405104/serviceAccounts/tfmanikanta@leafy-summer-405104.iam.gserviceaccount.com",
        "member": "serviceAccount:tfmanikanta@leafy-summer-405104.iam.gserviceaccount.com",
        "name": "projects/leafy-summer-405104/serviceAccounts/tfmanikanta@leafy-summer-405104.iam.gserviceaccount.com",
        "project": "leafy-summer-405104",
        "timeouts": null,
        "unique_id": "108877581014721995754"
      },
      "type": [
        "object",
        {
          "account_id": "string",
          "description": "string",
          "disabled": "bool",
          "display_name": "string",
          "email": "string",
          "id": "string",
          "member": "string",
          "name": "string",
          "project": "string",
          "timeouts": [
            "object",
            {
              "create": "string"
            }
          ],
          "unique_id": "string"
        }
      ],
      "sensitive": true
    },
    "static-bucket": {
      "value": {
        "autoclass": [],
        "cors": [],
        "custom_placement_config": [],
        "default_event_based_hold": false,
        "encryption": [],
        "force_destroy": true,
        "id": "my-gcs-mani",
        "labels": {},
        "lifecycle_rule": [],
        "location": "US",
        "logging": [],
        "name": "my-gcs-mani",
        "project": "leafy-summer-405104",
        "public_access_prevention": "inherited",
        "requester_pays": false,
        "retention_policy": [],
        "self_link": "https://www.googleapis.com/storage/v1/b/my-gcs-mani",
        "storage_class": "STANDARD",
        "timeouts": null,
        "uniform_bucket_level_access": true,
        "url": "gs://my-gcs-mani",
        "versioning": [],
        "website": []
      },
      "type": [
        "object",
        {
          "autoclass": [
            "list",
            [
              "object",
              {
                "enabled": "bool"
              }
            ]
          ],
          "cors": [
            "list",
            [
              "object",
              {
                "max_age_seconds": "number",
                "method": [
                  "list",
                  "string"
                ],
                "origin": [
                  "list",
                  "string"
                ],
                "response_header": [
                  "list",
                  "string"
                ]
              }
            ]
          ],
          "custom_placement_config": [
            "list",
            [
              "object",
              {
                "data_locations": [
                  "set",
                  "string"
                ]
              }
            ]
          ],
          "default_event_based_hold": "bool",
          "encryption": [
            "list",
            [
              "object",
              {
                "default_kms_key_name": "string"
              }
            ]
          ],
          "force_destroy": "bool",
          "id": "string",
          "labels": [
            "map",
            "string"
          ],
          "lifecycle_rule": [
            "list",
            [
              "object",
              {
                "action": [
                  "set",
                  [
                    "object",
                    {
                      "storage_class": "string",
                      "type": "string"
                    }
                  ]
                ],
                "condition": [
                  "set",
                  [
                    "object",
                    {
                      "age": "number",
                      "created_before": "string",
                      "custom_time_before": "string",
                      "days_since_custom_time": "number",
                      "days_since_noncurrent_time": "number",
                      "matches_prefix": [
                        "list",
                        "string"
                      ],
                      "matches_storage_class": [
                        "list",
                        "string"
                      ],
                      "matches_suffix": [
                        "list",
                        "string"
                      ],
                      "noncurrent_time_before": "string",
                      "num_newer_versions": "number",
                      "with_state": "string"
                    }
                  ]
                ]
              }
            ]
          ],
          "location": "string",
          "logging": [
            "list",
            [
              "object",
              {
                "log_bucket": "string",
                "log_object_prefix": "string"
              }
            ]
          ],
          "name": "string",
          "project": "string",
          "public_access_prevention": "string",
          "requester_pays": "bool",
          "retention_policy": [
            "list",
            [
              "object",
              {
                "is_locked": "bool",
                "retention_period": "number"
              }
            ]
          ],
          "self_link": "string",
          "storage_class": "string",
          "timeouts": [
            "object",
            {
              "create": "string",
              "read": "string",
              "update": "string"
            }
          ],
          "uniform_bucket_level_access": "bool",
          "url": "string",
          "versioning": [
            "list",
            [
              "object",
              {
                "enabled": "bool"
              }
            ]
          ],
          "website": [
            "list",
            [
              "object",
              {
                "main_page_suffix": "string",
                "not_found_page": "string"
              }
            ]
          ]
        }
      ],
      "sensitive": true
    },
    "subnet": {
      "value": {
        "creation_timestamp": "2023-12-20T00:54:06.217-08:00",
        "description": "",
        "external_ipv6_prefix": "",
        "fingerprint": null,
        "gateway_address": "10.2.0.1",
        "id": "projects/leafy-summer-405104/regions/us-central1/subnetworks/test-subnet",
        "internal_ipv6_prefix": "",
        "ip_cidr_range": "10.2.0.0/16",
        "ipv6_access_type": "",
        "ipv6_cidr_range": "",
        "log_config": [],
        "name": "test-subnet",
        "network": "https://www.googleapis.com/compute/v1/projects/leafy-summer-405104/global/networks/my-network-tf",
        "private_ip_google_access": false,
        "private_ipv6_google_access": "DISABLE_GOOGLE_ACCESS",
        "project": "leafy-summer-405104",
        "purpose": "PRIVATE_NAT",
        "region": "us-central1",
        "role": "",
        "secondary_ip_range": [],
        "self_link": "https://www.googleapis.com/compute/v1/projects/leafy-summer-405104/regions/us-central1/subnetworks/test-subnet",
        "stack_type": "",
        "timeouts": null
      },
      "type": [
        "object",
        {
          "creation_timestamp": "string",
          "description": "string",
          "external_ipv6_prefix": "string",
          "fingerprint": "string",
          "gateway_address": "string",
          "id": "string",
          "internal_ipv6_prefix": "string",
          "ip_cidr_range": "string",
          "ipv6_access_type": "string",
          "ipv6_cidr_range": "string",
          "log_config": [
            "list",
            [
              "object",
              {
                "aggregation_interval": "string",
                "filter_expr": "string",
                "flow_sampling": "number",
                "metadata": "string",
                "metadata_fields": [
                  "set",
                  "string"
                ]
              }
            ]
          ],
          "name": "string",
          "network": "string",
          "private_ip_google_access": "bool",
          "private_ipv6_google_access": "string",
          "project": "string",
          "purpose": "string",
          "region": "string",
          "role": "string",
          "secondary_ip_range": [
            "list",
            [
              "object",
              {
                "ip_cidr_range": "string",
                "range_name": "string"
              }
            ]
          ],
          "self_link": "string",
          "stack_type": "string",
          "timeouts": [
            "object",
            {
              "create": "string",
              "delete": "string",
              "update": "string"
            }
          ]
        }
      ],
      "sensitive": true
    },
    "users": {
      "value": "me",
      "type": "string",
      "sensitive": true
    },
    "vpc-1": {
      "value": {
        "auto_create_subnetworks": false,
        "delete_default_routes_on_create": false,
        "description": "",
        "enable_ula_internal_ipv6": false,
        "gateway_ipv4": "",
        "id": "projects/leafy-summer-405104/global/networks/vpc-1",
        "internal_ipv6_range": "",
        "mtu": 0,
        "name": "vpc-1",
        "network_firewall_policy_enforcement_order": "AFTER_CLASSIC_FIREWALL",
        "project": "leafy-summer-405104",
        "routing_mode": "REGIONAL",
        "self_link": "https://www.googleapis.com/compute/v1/projects/leafy-summer-405104/global/networks/vpc-1",
        "timeouts": null
      },
      "type": [
        "object",
        {
          "auto_create_subnetworks": "bool",
          "delete_default_routes_on_create": "bool",
          "description": "string",
          "enable_ula_internal_ipv6": "bool",
          "gateway_ipv4": "string",
          "id": "string",
          "internal_ipv6_range": "string",
          "mtu": "number",
          "name": "string",
          "network_firewall_policy_enforcement_order": "string",
          "project": "string",
          "routing_mode": "string",
          "self_link": "string",
          "timeouts": [
            "object",
            {
              "create": "string",
              "delete": "string",
              "update": "string"
            }
          ]
        }
      ],
      "sensitive": true
    },
    "vpc-2": {
      "value": {
        "auto_create_subnetworks": false,
        "delete_default_routes_on_create": false,
        "description": "",
        "enable_ula_internal_ipv6": false,
        "gateway_ipv4": "",
        "id": "projects/leafy-summer-405104/global/networks/vpc-2",
        "internal_ipv6_range": "",
        "mtu": 0,
        "name": "vpc-2",
        "network_firewall_policy_enforcement_order": "AFTER_CLASSIC_FIREWALL",
        "project": "leafy-summer-405104",
        "routing_mode": "REGIONAL",
        "self_link": "https://www.googleapis.com/compute/v1/projects/leafy-summer-405104/global/networks/vpc-2",
        "timeouts": null
      },
      "type": [
        "object",
        {
          "auto_create_subnetworks": "bool",
          "delete_default_routes_on_create": "bool",
          "description": "string",
          "enable_ula_internal_ipv6": "bool",
          "gateway_ipv4": "string",
          "id": "string",
          "internal_ipv6_range": "string",
          "mtu": "number",
          "name": "string",
          "network_firewall_policy_enforcement_order": "string",
          "project": "string",
          "routing_mode": "string",
          "self_link": "string",
          "timeouts": [
            "object",
            {
              "create": "string",
              "delete": "string",
              "update": "string"
            }
          ]
        }
      ],
      "sensitive": true
    },
    "vpc-3": {
      "value": {
        "auto_create_subnetworks": false,
        "delete_default_routes_on_create": false,
        "description": "",
        "enable_ula_internal_ipv6": false,
        "gateway_ipv4": "",
        "id": "projects/leafy-summer-405104/global/networks/vpc-3",
        "internal_ipv6_range": "",
        "mtu": 0,
        "name": "vpc-3",
        "network_firewall_policy_enforcement_order": "AFTER_CLASSIC_FIREWALL",
        "project": "leafy-summer-405104",
        "routing_mode": "REGIONAL",
        "self_link": "https://www.googleapis.com/compute/v1/projects/leafy-summer-405104/global/networks/vpc-3",
        "timeouts": null
      },
      "type": [
        "object",
        {
          "auto_create_subnetworks": "bool",
          "delete_default_routes_on_create": "bool",
          "description": "string",
          "enable_ula_internal_ipv6": "bool",
          "gateway_ipv4": "string",
          "id": "string",
          "internal_ipv6_range": "string",
          "mtu": "number",
          "name": "string",
          "network_firewall_policy_enforcement_order": "string",
          "project": "string",
          "routing_mode": "string",
          "self_link": "string",
          "timeouts": [
            "object",
            {
              "create": "string",
              "delete": "string",
              "update": "string"
            }
          ]
        }
      ],
      "sensitive": true
    }
  },
  "resources": [
    {
      "mode": "managed",
      "type": "google_compute_firewall",
      "name": "firewall-terra",
      "provider": "provider[\"registry.terraform.io/hashicorp/google\"]",
      "instances": [
        {
          "schema_version": 1,
          "attributes": {
            "allow": [
              {
                "ports": [
                  "80",
                  "8080",
                  "1000-2000",
                  "443"
                ],
                "protocol": "tcp"
              }
            ],
            "creation_timestamp": "2023-12-20T00:54:05.170-08:00",
            "deny": [],
            "description": "",
            "destination_ranges": [],
            "direction": "INGRESS",
            "disabled": false,
            "enable_logging": null,
            "id": "projects/leafy-summer-405104/global/firewalls/test-firewall",
            "log_config": [],
            "name": "test-firewall",
            "network": "https://www.googleapis.com/compute/v1/projects/leafy-summer-405104/global/networks/my-network-tf",
            "priority": 1000,
            "project": "leafy-summer-405104",
            "self_link": "https://www.googleapis.com/compute/v1/projects/leafy-summer-405104/global/firewalls/test-firewall",
            "source_ranges": [],
            "source_service_accounts": [],
            "source_tags": [
              "web"
            ],
            "target_service_accounts": [],
            "target_tags": [],
            "timeouts": null
          },
          "sensitive_attributes": [],
          "private": "eyJlMmJmYjczMC1lY2FhLTExZTYtOGY4OC0zNDM2M2JjN2M0YzAiOnsiY3JlYXRlIjoxMjAwMDAwMDAwMDAwLCJkZWxldGUiOjEyMDAwMDAwMDAwMDAsInVwZGF0ZSI6MTIwMDAwMDAwMDAwMH0sInNjaGVtYV92ZXJzaW9uIjoiMSJ9",
          "dependencies": [
            "google_compute_network.custom-vpc-tf"
          ]
        }
      ]
    },
    {
      "mode": "managed",
      "type": "google_compute_forwarding_rule",
      "name": "forwarding-tf",
      "provider": "provider[\"registry.terraform.io/hashicorp/google\"]",
      "instances": [
        {
          "schema_version": 0,
          "attributes": {
            "all_ports": false,
            "allow_global_access": false,
            "allow_psc_global_access": false,
            "backend_service": "https://www.googleapis.com/compute/v1/projects/leafy-summer-405104/regions/us-central1/backendServices/website-backend",
            "base_forwarding_rule": "",
            "creation_timestamp": "2023-12-20T00:54:17.473-08:00",
            "description": "",
            "id": "projects/leafy-summer-405104/regions/us-central1/forwardingRules/website-forwarding-rule",
            "ip_address": "34.28.57.4",
            "ip_protocol": "TCP",
            "ip_version": "",
            "is_mirroring_collector": false,
            "label_fingerprint": "42WmSpB8rSM=",
            "labels": {},
            "load_balancing_scheme": "EXTERNAL",
            "name": "website-forwarding-rule",
            "network": "",
            "network_tier": "PREMIUM",
            "no_automate_dns_zone": null,
            "port_range": "80-80",
            "ports": [],
            "project": "leafy-summer-405104",
            "psc_connection_id": "",
            "psc_connection_status": "",
            "region": "us-central1",
            "self_link": "https://www.googleapis.com/compute/v1/projects/leafy-summer-405104/regions/us-central1/forwardingRules/website-forwarding-rule",
            "service_directory_registrations": [],
            "service_label": "",
            "service_name": "",
            "source_ip_ranges": [],
            "subnetwork": "",
            "target": "",
            "timeouts": null
          },
          "sensitive_attributes": [],
          "private": "eyJlMmJmYjczMC1lY2FhLTExZTYtOGY4OC0zNDM2M2JjN2M0YzAiOnsiY3JlYXRlIjoxMjAwMDAwMDAwMDAwLCJkZWxldGUiOjEyMDAwMDAwMDAwMDAsInVwZGF0ZSI6MTIwMDAwMDAwMDAwMH19",
          "dependencies": [
            "google_compute_region_backend_service.backend-tf",
            "google_compute_region_health_check.hc-tf"
          ]
        }
      ]
    },
    {
      "mode": "managed",
      "type": "google_compute_network",
      "name": "custom-vpc-tf",
      "provider": "provider[\"registry.terraform.io/hashicorp/google\"]",
      "instances": [
        {
          "schema_version": 0,
          "attributes": {
            "auto_create_subnetworks": false,
            "delete_default_routes_on_create": false,
            "description": "",
            "enable_ula_internal_ipv6": false,
            "gateway_ipv4": "",
            "id": "projects/leafy-summer-405104/global/networks/my-network-tf",
            "internal_ipv6_range": "",
            "mtu": 0,
            "name": "my-network-tf",
            "network_firewall_policy_enforcement_order": "AFTER_CLASSIC_FIREWALL",
            "project": "leafy-summer-405104",
            "routing_mode": "REGIONAL",
            "self_link": "https://www.googleapis.com/compute/v1/projects/leafy-summer-405104/global/networks/my-network-tf",
            "timeouts": null
          },
          "sensitive_attributes": [],
          "private": "eyJlMmJmYjczMC1lY2FhLTExZTYtOGY4OC0zNDM2M2JjN2M0YzAiOnsiY3JlYXRlIjoxMjAwMDAwMDAwMDAwLCJkZWxldGUiOjEyMDAwMDAwMDAwMDAsInVwZGF0ZSI6MTIwMDAwMDAwMDAwMH19"
        }
      ]
    },
    {
      "mode": "managed",
      "type": "google_compute_network",
      "name": "vpc-1",
      "provider": "provider[\"registry.terraform.io/hashicorp/google\"]",
      "instances": [
        {
          "schema_version": 0,
          "attributes": {
            "auto_create_subnetworks": false,
            "delete_default_routes_on_create": false,
            "description": "",
            "enable_ula_internal_ipv6": false,
            "gateway_ipv4": "",
            "id": "projects/leafy-summer-405104/global/networks/vpc-1",
            "internal_ipv6_range": "",
            "mtu": 0,
            "name": "vpc-1",
            "network_firewall_policy_enforcement_order": "AFTER_CLASSIC_FIREWALL",
            "project": "leafy-summer-405104",
            "routing_mode": "REGIONAL",
            "self_link": "https://www.googleapis.com/compute/v1/projects/leafy-summer-405104/global/networks/vpc-1",
            "timeouts": null
          },
          "sensitive_attributes": [],
          "private": "eyJlMmJmYjczMC1lY2FhLTExZTYtOGY4OC0zNDM2M2JjN2M0YzAiOnsiY3JlYXRlIjoxMjAwMDAwMDAwMDAwLCJkZWxldGUiOjEyMDAwMDAwMDAwMDAsInVwZGF0ZSI6MTIwMDAwMDAwMDAwMH19"
        }
      ]
    },
    {
      "mode": "managed",
      "type": "google_compute_network",
      "name": "vpc-2",
      "provider": "provider[\"registry.terraform.io/hashicorp/google\"]",
      "instances": [
        {
          "schema_version": 0,
          "attributes": {
            "auto_create_subnetworks": false,
            "delete_default_routes_on_create": false,
            "description": "",
            "enable_ula_internal_ipv6": false,
            "gateway_ipv4": "",
            "id": "projects/leafy-summer-405104/global/networks/vpc-2",
            "internal_ipv6_range": "",
            "mtu": 0,
            "name": "vpc-2",
            "network_firewall_policy_enforcement_order": "AFTER_CLASSIC_FIREWALL",
            "project": "leafy-summer-405104",
            "routing_mode": "REGIONAL",
            "self_link": "https://www.googleapis.com/compute/v1/projects/leafy-summer-405104/global/networks/vpc-2",
            "timeouts": null
          },
          "sensitive_attributes": [],
          "private": "eyJlMmJmYjczMC1lY2FhLTExZTYtOGY4OC0zNDM2M2JjN2M0YzAiOnsiY3JlYXRlIjoxMjAwMDAwMDAwMDAwLCJkZWxldGUiOjEyMDAwMDAwMDAwMDAsInVwZGF0ZSI6MTIwMDAwMDAwMDAwMH19"
        }
      ]
    },
    {
      "mode": "managed",
      "type": "google_compute_network",
      "name": "vpc-3",
      "provider": "provider[\"registry.terraform.io/hashicorp/google\"]",
      "instances": [
        {
          "schema_version": 0,
          "attributes": {
            "auto_create_subnetworks": false,
            "delete_default_routes_on_create": false,
            "description": "",
            "enable_ula_internal_ipv6": false,
            "gateway_ipv4": "",
            "id": "projects/leafy-summer-405104/global/networks/vpc-3",
            "internal_ipv6_range": "",
            "mtu": 0,
            "name": "vpc-3",
            "network_firewall_policy_enforcement_order": "AFTER_CLASSIC_FIREWALL",
            "project": "leafy-summer-405104",
            "routing_mode": "REGIONAL",
            "self_link": "https://www.googleapis.com/compute/v1/projects/leafy-summer-405104/global/networks/vpc-3",
            "timeouts": null
          },
          "sensitive_attributes": [],
          "private": "eyJlMmJmYjczMC1lY2FhLTExZTYtOGY4OC0zNDM2M2JjN2M0YzAiOnsiY3JlYXRlIjoxMjAwMDAwMDAwMDAwLCJkZWxldGUiOjEyMDAwMDAwMDAwMDAsInVwZGF0ZSI6MTIwMDAwMDAwMDAwMH19"
        }
      ]
    },
    {
      "mode": "managed",
      "type": "google_compute_network_peering",
      "name": "peering1",
      "provider": "provider[\"registry.terraform.io/hashicorp/google\"]",
      "instances": [
        {
          "schema_version": 0,
          "attributes": {
            "export_custom_routes": false,
            "export_subnet_routes_with_public_ip": true,
            "id": "vpc-1/peering1-2",
            "import_custom_routes": false,
            "import_subnet_routes_with_public_ip": false,
            "name": "peering1-2",
            "network": "https://www.googleapis.com/compute/v1/projects/leafy-summer-405104/global/networks/vpc-1",
            "peer_network": "https://www.googleapis.com/compute/v1/projects/leafy-summer-405104/global/networks/vpc-2",
            "stack_type": "IPV4_ONLY",
            "state": "ACTIVE",
            "state_details": "[2023-12-20T00:54:18.536-08:00]: Connected.",
            "timeouts": null
          },
          "sensitive_attributes": [],
          "private": "eyJlMmJmYjczMC1lY2FhLTExZTYtOGY4OC0zNDM2M2JjN2M0YzAiOnsiY3JlYXRlIjoyNDAwMDAwMDAwMDAsImRlbGV0ZSI6MjQwMDAwMDAwMDAwLCJ1cGRhdGUiOjI0MDAwMDAwMDAwMH19",
          "dependencies": [
            "google_compute_network.vpc-1",
            "google_compute_network.vpc-2"
          ]
        }
      ]
    },
    {
      "mode": "managed",
      "type": "google_compute_network_peering",
      "name": "peering2",
      "provider": "provider[\"registry.terraform.io/hashicorp/google\"]",
      "instances": [
        {
          "schema_version": 0,
          "attributes": {
            "export_custom_routes": false,
            "export_subnet_routes_with_public_ip": true,
            "id": "vpc-2/peering2-1",
            "import_custom_routes": false,
            "import_subnet_routes_with_public_ip": false,
            "name": "peering2-1",
            "network": "https://www.googleapis.com/compute/v1/projects/leafy-summer-405104/global/networks/vpc-2",
            "peer_network": "https://www.googleapis.com/compute/v1/projects/leafy-summer-405104/global/networks/vpc-1",
            "stack_type": "IPV4_ONLY",
            "state": "ACTIVE",
            "state_details": "[2023-12-20T00:54:18.536-08:00]: Connected.",
            "timeouts": null
          },
          "sensitive_attributes": [],
          "private": "eyJlMmJmYjczMC1lY2FhLTExZTYtOGY4OC0zNDM2M2JjN2M0YzAiOnsiY3JlYXRlIjoyNDAwMDAwMDAwMDAsImRlbGV0ZSI6MjQwMDAwMDAwMDAwLCJ1cGRhdGUiOjI0MDAwMDAwMDAwMH19",
          "dependencies": [
            "google_compute_network.vpc-1",
            "google_compute_network.vpc-2"
          ]
        }
      ]
    },
    {
      "mode": "managed",
      "type": "google_compute_network_peering",
      "name": "peering3",
      "provider": "provider[\"registry.terraform.io/hashicorp/google\"]",
      "instances": [
        {
          "schema_version": 0,
          "attributes": {
            "export_custom_routes": false,
            "export_subnet_routes_with_public_ip": true,
            "id": "vpc-1/peering3-1",
            "import_custom_routes": false,
            "import_subnet_routes_with_public_ip": false,
            "name": "peering3-1",
            "network": "https://www.googleapis.com/compute/v1/projects/leafy-summer-405104/global/networks/vpc-1",
            "peer_network": "https://www.googleapis.com/compute/v1/projects/leafy-summer-405104/global/networks/vpc-3",
            "stack_type": "IPV4_ONLY",
            "state": "ACTIVE",
            "state_details": "[2023-12-20T00:54:46.899-08:00]: Connected.",
            "timeouts": null
          },
          "sensitive_attributes": [],
          "private": "eyJlMmJmYjczMC1lY2FhLTExZTYtOGY4OC0zNDM2M2JjN2M0YzAiOnsiY3JlYXRlIjoyNDAwMDAwMDAwMDAsImRlbGV0ZSI6MjQwMDAwMDAwMDAwLCJ1cGRhdGUiOjI0MDAwMDAwMDAwMH19",
          "dependencies": [
            "google_compute_network.vpc-1",
            "google_compute_network.vpc-3"
          ]
        }
      ]
    },
    {
      "mode": "managed",
      "type": "google_compute_network_peering",
      "name": "peering4",
      "provider": "provider[\"registry.terraform.io/hashicorp/google\"]",
      "instances": [
        {
          "schema_version": 0,
          "attributes": {
            "export_custom_routes": false,
            "export_subnet_routes_with_public_ip": true,
            "id": "vpc-3/peering1-3",
            "import_custom_routes": false,
            "import_subnet_routes_with_public_ip": false,
            "name": "peering1-3",
            "network": "https://www.googleapis.com/compute/v1/projects/leafy-summer-405104/global/networks/vpc-3",
            "peer_network": "https://www.googleapis.com/compute/v1/projects/leafy-summer-405104/global/networks/vpc-1",
            "stack_type": "IPV4_ONLY",
            "state": "ACTIVE",
            "state_details": "[2023-12-20T00:54:46.899-08:00]: Connected.",
            "timeouts": null
          },
          "sensitive_attributes": [],
          "private": "eyJlMmJmYjczMC1lY2FhLTExZTYtOGY4OC0zNDM2M2JjN2M0YzAiOnsiY3JlYXRlIjoyNDAwMDAwMDAwMDAsImRlbGV0ZSI6MjQwMDAwMDAwMDAwLCJ1cGRhdGUiOjI0MDAwMDAwMDAwMH19",
          "dependencies": [
            "google_compute_network.vpc-1",
            "google_compute_network.vpc-3"
          ]
        }
      ]
    },
    {
      "mode": "managed",
      "type": "google_compute_region_backend_service",
      "name": "backend-tf",
      "provider": "provider[\"registry.terraform.io/hashicorp/google\"]",
      "instances": [
        {
          "schema_version": 1,
          "attributes": {
            "affinity_cookie_ttl_sec": 0,
            "backend": [],
            "cdn_policy": [],
            "circuit_breakers": [],
            "connection_draining_timeout_sec": 0,
            "consistent_hash": [],
            "creation_timestamp": "2023-12-20T00:53:56.043-08:00",
            "description": "",
            "enable_cdn": false,
            "failover_policy": [],
            "fingerprint": "SPbjluTBfo4=",
            "health_checks": [
              "https://www.googleapis.com/compute/v1/projects/leafy-summer-405104/regions/us-central1/healthChecks/check-website-backend"
            ],
            "iap": [],
            "id": "projects/leafy-summer-405104/regions/us-central1/backendServices/website-backend",
            "load_balancing_scheme": "EXTERNAL",
            "locality_lb_policy": "",
            "log_config": [],
            "name": "website-backend",
            "network": "",
            "outlier_detection": [],
            "port_name": "http",
            "project": "leafy-summer-405104",
            "protocol": "TCP",
            "region": "us-central1",
            "self_link": "https://www.googleapis.com/compute/v1/projects/leafy-summer-405104/regions/us-central1/backendServices/website-backend",
            "session_affinity": "NONE",
            "timeout_sec": 30,
            "timeouts": null
          },
          "sensitive_attributes": [],
          "private": "eyJlMmJmYjczMC1lY2FhLTExZTYtOGY4OC0zNDM2M2JjN2M0YzAiOnsiY3JlYXRlIjoxMjAwMDAwMDAwMDAwLCJkZWxldGUiOjEyMDAwMDAwMDAwMDAsInVwZGF0ZSI6MTIwMDAwMDAwMDAwMH0sInNjaGVtYV92ZXJzaW9uIjoiMSJ9",
          "dependencies": [
            "google_compute_region_health_check.hc-tf"
          ]
        }
      ]
    },
    {
      "mode": "managed",
      "type": "google_compute_region_health_check",
      "name": "hc-tf",
      "provider": "provider[\"registry.terraform.io/hashicorp/google\"]",
      "instances": [
        {
          "schema_version": 0,
          "attributes": {
            "check_interval_sec": 1,
            "creation_timestamp": "2023-12-20T00:53:48.488-08:00",
            "description": "",
            "grpc_health_check": [],
            "healthy_threshold": 2,
            "http2_health_check": [],
            "http_health_check": [],
            "https_health_check": [],
            "id": "projects/leafy-summer-405104/regions/us-central1/healthChecks/check-website-backend",
            "log_config": [
              {
                "enable": false
              }
            ],
            "name": "check-website-backend",
            "project": "leafy-summer-405104",
            "region": "us-central1",
            "self_link": "https://www.googleapis.com/compute/v1/projects/leafy-summer-405104/regions/us-central1/healthChecks/check-website-backend",
            "ssl_health_check": [],
            "tcp_health_check": [
              {
                "port": 80,
                "port_name": "",
                "port_specification": "",
                "proxy_header": "NONE",
                "request": "",
                "response": ""
              }
            ],
            "timeout_sec": 1,
            "timeouts": null,
            "type": "TCP",
            "unhealthy_threshold": 2
          },
          "sensitive_attributes": [],
          "private": "eyJlMmJmYjczMC1lY2FhLTExZTYtOGY4OC0zNDM2M2JjN2M0YzAiOnsiY3JlYXRlIjoxMjAwMDAwMDAwMDAwLCJkZWxldGUiOjEyMDAwMDAwMDAwMDAsInVwZGF0ZSI6MTIwMDAwMDAwMDAwMH19"
        }
      ]
    },
    {
      "mode": "managed",
      "type": "google_compute_router",
      "name": "router-tf",
      "provider": "provider[\"registry.terraform.io/hashicorp/google\"]",
      "instances": [
        {
          "schema_version": 0,
          "attributes": {
            "bgp": [],
            "creation_timestamp": "2023-12-20T00:54:25.420-08:00",
            "description": "",
            "encrypted_interconnect_router": false,
            "id": "projects/leafy-summer-405104/regions/us-central1/routers/my-router",
            "name": "my-router",
            "network": "https://www.googleapis.com/compute/v1/projects/leafy-summer-405104/global/networks/my-network-tf",
            "project": "leafy-summer-405104",
            "region": "us-central1",
            "self_link": "https://www.googleapis.com/compute/v1/projects/leafy-summer-405104/regions/us-central1/routers/my-router",
            "timeouts": null
          },
          "sensitive_attributes": [],
          "private": "eyJlMmJmYjczMC1lY2FhLTExZTYtOGY4OC0zNDM2M2JjN2M0YzAiOnsiY3JlYXRlIjoxMjAwMDAwMDAwMDAwLCJkZWxldGUiOjEyMDAwMDAwMDAwMDAsInVwZGF0ZSI6MTIwMDAwMDAwMDAwMH19",
          "dependencies": [
            "google_compute_network.custom-vpc-tf",
            "google_compute_subnetwork.subnet-tf"
          ]
        }
      ]
    },
    {
      "mode": "managed",
      "type": "google_compute_subnetwork",
      "name": "subnet-tf",
      "provider": "provider[\"registry.terraform.io/hashicorp/google\"]",
      "instances": [
        {
          "schema_version": 0,
          "attributes": {
            "creation_timestamp": "2023-12-20T00:54:06.217-08:00",
            "description": "",
            "external_ipv6_prefix": "",
            "fingerprint": null,
            "gateway_address": "10.2.0.1",
            "id": "projects/leafy-summer-405104/regions/us-central1/subnetworks/test-subnet",
            "internal_ipv6_prefix": "",
            "ip_cidr_range": "10.2.0.0/16",
            "ipv6_access_type": "",
            "ipv6_cidr_range": "",
            "log_config": [],
            "name": "test-subnet",
            "network": "https://www.googleapis.com/compute/v1/projects/leafy-summer-405104/global/networks/my-network-tf",
            "private_ip_google_access": false,
            "private_ipv6_google_access": "DISABLE_GOOGLE_ACCESS",
            "project": "leafy-summer-405104",
            "purpose": "PRIVATE_NAT",
            "region": "us-central1",
            "role": "",
            "secondary_ip_range": [],
            "self_link": "https://www.googleapis.com/compute/v1/projects/leafy-summer-405104/regions/us-central1/subnetworks/test-subnet",
            "stack_type": "",
            "timeouts": null
          },
          "sensitive_attributes": [],
          "private": "eyJlMmJmYjczMC1lY2FhLTExZTYtOGY4OC0zNDM2M2JjN2M0YzAiOnsiY3JlYXRlIjoxMjAwMDAwMDAwMDAwLCJkZWxldGUiOjEyMDAwMDAwMDAwMDAsInVwZGF0ZSI6MTIwMDAwMDAwMDAwMH19",
          "dependencies": [
            "google_compute_network.custom-vpc-tf"
          ]
        }
      ]
    },
    {
      "mode": "managed",
      "type": "google_container_cluster",
      "name": "primary-cluster",
      "provider": "provider[\"registry.terraform.io/hashicorp/google\"]",
      "instances": [
        {
          "schema_version": 1,
          "attributes": {
            "addons_config": [
              {
                "cloudrun_config": [],
                "config_connector_config": [],
                "dns_cache_config": [],
                "gce_persistent_disk_csi_driver_config": [
                  {
                    "enabled": true
                  }
                ],
                "gcp_filestore_csi_driver_config": [],
                "gcs_fuse_csi_driver_config": [],
                "gke_backup_agent_config": [],
                "horizontal_pod_autoscaling": [],
                "http_load_balancing": [],
                "network_policy_config": [
                  {
                    "disabled": true
                  }
                ]
              }
            ],
            "allow_net_admin": null,
            "authenticator_groups_config": [],
            "binary_authorization": [
              {
                "enabled": false,
                "evaluation_mode": ""
              }
            ],
            "cluster_autoscaling": [
              {
                "auto_provisioning_defaults": [],
                "enabled": false,
                "resource_limits": []
              }
            ],
            "cluster_ipv4_cidr": "10.0.0.0/14",
            "confidential_nodes": [],
            "cost_management_config": [],
            "database_encryption": [
              {
                "key_name": "",
                "state": "DECRYPTED"
              }
            ],
            "datapath_provider": "",
            "default_max_pods_per_node": null,
            "default_snat_status": [
              {
                "disabled": false
              }
            ],
            "description": "",
            "dns_config": [],
            "enable_autopilot": false,
            "enable_binary_authorization": false,
            "enable_intranode_visibility": false,
            "enable_k8s_beta_apis": [],
            "enable_kubernetes_alpha": false,
            "enable_l4_ilb_subsetting": false,
            "enable_legacy_abac": false,
            "enable_shielded_nodes": true,
            "enable_tpu": false,
            "endpoint": "34.134.107.5",
            "gateway_api_config": [],
            "id": "projects/leafy-summer-405104/locations/us-central1-a/clusters/my-gke-cluster",
            "initial_node_count": 2,
            "ip_allocation_policy": [],
            "label_fingerprint": "a9dc16a7",
            "location": "us-central1-a",
            "logging_config": [
              {
                "enable_components": [
                  "SYSTEM_COMPONENTS",
                  "WORKLOADS"
                ]
              }
            ],
            "logging_service": "logging.googleapis.com/kubernetes",
            "maintenance_policy": [],
            "master_auth": [
              {
                "client_certificate": "",
                "client_certificate_config": [
                  {
                    "issue_client_certificate": false
                  }
                ],
                "client_key": "",
                "cluster_ca_certificate": "LS0tLS1CRUdJTiBDRVJUSUZJQ0FURS0tLS0tCk1JSUVMVENDQXBXZ0F3SUJBZ0lSQUl4MEl1Q29XL2s5aUNWY21jdkNFell3RFFZSktvWklodmNOQVFFTEJRQXcKTHpFdE1Dc0dBMVVFQXhNa09HVTJaVEU0TkRNdE1UZGhZaTAwWWpGbUxXSm1aV0l0TmpZMk1EbGtPVFl3TmpkawpNQ0FYRFRJek1USXlNREE0TURFek0xb1lEekl3TlRNeE1qRXlNRGt3TVRNeldqQXZNUzB3S3dZRFZRUURFeVE0ClpUWmxNVGcwTXkweE4yRmlMVFJpTVdZdFltWmxZaTAyTmpZd09XUTVOakEyTjJRd2dnR2lNQTBHQ1NxR1NJYjMKRFFFQkFRVUFBNElCandBd2dnR0tBb0lCZ1FET1VZb2YzYmxzUEJkdFdGUDlCby96dFpYWjN4TGd0bndLTXcwdQpyUHFFVWV0UEc0aXJ3ZzYvL0p0Ny9aQTMxYWlOUnVqZmFBUkk2YzhCa0M4NEpKNjNISGVicjdITW9aZlpJVEVECjFuQWVDaEs1YXA4R2I3VUFxNVR3N3pNZmZTWk9iTWJ3OVRBa0pJR2gzN1JBc3NrWHlnbnUxbHp0QmJEZ0ZvbmoKbHRvS2Z4OFI5SUpIcWIzeFhBY3lkNUY0aHhSSkdQdzhibzRxVHNrMGwzVVhGdnJZNHgrdjF3NGF5eXhwdk1RNgpENHIyUXZXb0k3QXlkNHN0L3R4eVdRYmxWSmxZM0Y4RXpiZHlBaWpXUEp0MkRBVmpycW5sRUdteU1iMGNFTGIrCjEzZWtBT0sxSmlIenVzNFAza0dqYm5US2FBZXQyRnFFL2JmaHI3bGFicVdyTlRReUhmWGhCVmlaOFhEVS81cVoKT0pnWk8rRWlnWnBqTnoyZXU0Q0puNHVNNWVhb2h2L0NJN1ZTM0RKWWw3dkpjYkQ5eE43OWVYdkRNRHNuNFNQTQpWZUhPLzEvOThRMDRQTGIvSW9PZWl6NGlHajB3T2d3dFUra3I2VkRoYzBFWnNPTnNQb1lDWlF1VWZtNG1vMnNnClM5Vk9UUDNHNjJ3RmxRZWtSbnRJSUlNVkhBVUNBd0VBQWFOQ01FQXdEZ1lEVlIwUEFRSC9CQVFEQWdJRU1BOEcKQTFVZEV3RUIvd1FGTUFNQkFmOHdIUVlEVlIwT0JCWUVGRWhUNkJQUS9BanprcUpzRU5uOWVhM0l2Qlc2TUEwRwpDU3FHU0liM0RRRUJDd1VBQTRJQmdRQlI2REdWZW16YTNFL0EyVXo0bU0wV1RIdjF5ckYrNHhTVm9jYjZvdEUwCkY0N3MxMWNJWDdTZFhkK1UwdGFnU1Y4WWY3NUlWUW9hZUc1MEFrWitvQkVnbVFORW9YSlN2M095bXg1MGp0NHcKejJRT3d2ZHVFNHZuMnh4bTl3OGNRei95Kyt3TWdmcE5pY2poZ2Y1ZHNrOXlxeExJWG1EZ29RN2tIMVd0SFdMZwo2RU9KcCtiekhnci9CZmYxVGo0SlBaVkhXaVBXdTI2cjdmR0xYSy83TUVQRkNDbjJyeVhrWFhveVpaNysxZHdQCmtOWnZ4bTQ2S1dvN2lGWmV2eHdoMFhqMkM5NE5NUUhsQU1qMU5BQ0RIWmsrWlVWMWkwaU1FU2txTEdBZW5UTVoKNXlmOFVpaFIxaU52bytsOUxjbWF1MUZEWEN5cXZ1L2t1VUI2bWpLYTlSbHRtWEVnTzJWL05WclBkTm1lQXNUcgorVzN3aGFZQVAwNXdxRDFXT0E0Rk1vMW1zbEQ3RHhCbHVmeE44bDVFSGxLOXRzaERBT01ZWXJ3cngrWkxOSjFOCmlPeFFBbzVsSDUyVkRjVDJqOW11Sm5YZTF5ZTJWbERUWUY5SGxCQUpOc0t3czFQb3JSd3NoSTgvRFpoc1c5OGYKd0ZsQWQwQVk0UVpieThNSU5oMDlkazA9Ci0tLS0tRU5EIENFUlRJRklDQVRFLS0tLS0K"
              }
            ],
            "master_authorized_networks_config": [],
            "master_version": "1.27.3-gke.100",
            "mesh_certificates": [],
            "min_master_version": null,
            "monitoring_config": [
              {
                "advanced_datapath_observability_config": [
                  {
                    "enable_metrics": false,
                    "relay_mode": ""
                  }
                ],
                "enable_components": [
                  "SYSTEM_COMPONENTS"
                ],
                "managed_prometheus": [
                  {
                    "enabled": true
                  }
                ]
              }
            ],
            "monitoring_service": "monitoring.googleapis.com/kubernetes",
            "name": "my-gke-cluster",
            "network": "projects/leafy-summer-405104/global/networks/default",
            "network_policy": [
              {
                "enabled": false,
                "provider": "PROVIDER_UNSPECIFIED"
              }
            ],
            "networking_mode": "ROUTES",
            "node_config": [],
            "node_locations": [],
            "node_pool": [],
            "node_pool_auto_config": [],
            "node_pool_defaults": [
              {
                "node_config_defaults": [
                  {
                    "logging_variant": "DEFAULT"
                  }
                ]
              }
            ],
            "node_version": "1.27.3-gke.100",
            "notification_config": [
              {
                "pubsub": [
                  {
                    "enabled": false,
                    "filter": [],
                    "topic": ""
                  }
                ]
              }
            ],
            "operation": null,
            "private_cluster_config": [
              {
                "enable_private_endpoint": false,
                "enable_private_nodes": false,
                "master_global_access_config": [
                  {
                    "enabled": false
                  }
                ],
                "master_ipv4_cidr_block": "",
                "peering_name": "",
                "private_endpoint": "10.128.0.55",
                "private_endpoint_subnetwork": "",
                "public_endpoint": "34.134.107.5"
              }
            ],
            "private_ipv6_google_access": "",
            "project": "leafy-summer-405104",
            "release_channel": [
              {
                "channel": "REGULAR"
              }
            ],
            "remove_default_node_pool": true,
            "resource_labels": null,
            "resource_usage_export_config": [],
            "security_posture_config": [
              {
                "mode": "BASIC",
                "vulnerability_mode": "VULNERABILITY_MODE_UNSPECIFIED"
              }
            ],
            "self_link": "https://container.googleapis.com/v1/projects/leafy-summer-405104/zones/us-central1-a/clusters/my-gke-cluster",
            "service_external_ips_config": [
              {
                "enabled": false
              }
            ],
            "services_ipv4_cidr": "10.3.240.0/20",
            "subnetwork": "projects/leafy-summer-405104/regions/us-central1/subnetworks/default",
            "timeouts": null,
            "tpu_ipv4_cidr_block": "",
            "vertical_pod_autoscaling": [],
            "workload_identity_config": []
          },
          "sensitive_attributes": [],
          "private": "eyJlMmJmYjczMC1lY2FhLTExZTYtOGY4OC0zNDM2M2JjN2M0YzAiOnsiY3JlYXRlIjoyNDAwMDAwMDAwMDAwLCJkZWxldGUiOjI0MDAwMDAwMDAwMDAsInJlYWQiOjI0MDAwMDAwMDAwMDAsInVwZGF0ZSI6MzYwMDAwMDAwMDAwMH0sInNjaGVtYV92ZXJzaW9uIjoiMSJ9"
        }
      ]
    },
    {
      "mode": "managed",
      "type": "google_container_node_pool",
      "name": "primary_preemptible_nodes",
      "provider": "provider[\"registry.terraform.io/hashicorp/google\"]",
      "instances": [
        {
          "schema_version": 1,
          "attributes": {
            "autoscaling": [],
            "cluster": "my-gke-cluster",
            "id": "projects/leafy-summer-405104/locations/us-central1-a/clusters/my-gke-cluster/nodePools/my-node-pool",
            "initial_node_count": 2,
            "instance_group_urls": [
              "https://www.googleapis.com/compute/v1/projects/leafy-summer-405104/zones/us-central1-a/instanceGroupManagers/gke-my-gke-cluster-my-node-pool-c6e04c5c-grp"
            ],
            "location": "us-central1-a",
            "managed_instance_group_urls": [
              "https://www.googleapis.com/compute/v1/projects/leafy-summer-405104/zones/us-central1-a/instanceGroups/gke-my-gke-cluster-my-node-pool-c6e04c5c-grp"
            ],
            "management": [
              {
                "auto_repair": true,
                "auto_upgrade": true
              }
            ],
            "max_pods_per_node": null,
            "name": "my-node-pool",
            "name_prefix": "",
            "network_config": [
              {
                "create_pod_range": false,
                "enable_private_nodes": false,
                "pod_cidr_overprovision_config": [],
                "pod_ipv4_cidr_block": "",
                "pod_range": ""
              }
            ],
            "node_config": [
              {
                "advanced_machine_features": [],
                "boot_disk_kms_key": "",
                "confidential_nodes": [],
                "disk_size_gb": 100,
                "disk_type": "pd-balanced",
                "ephemeral_storage_local_ssd_config": [],
                "fast_socket": [],
                "gcfs_config": [],
                "guest_accelerator": [],
                "gvnic": [],
                "host_maintenance_policy": [],
                "image_type": "COS_CONTAINERD",
                "kubelet_config": [],
                "labels": {},
                "linux_node_config": [],
                "local_nvme_ssd_block_config": [],
                "local_ssd_count": 0,
                "logging_variant": "DEFAULT",
                "machine_type": "e2-medium",
                "metadata": {
                  "disable-legacy-endpoints": "true"
                },
                "min_cpu_platform": "",
                "node_group": "",
                "oauth_scopes": [
                  "https://www.googleapis.com/auth/cloud-platform"
                ],
                "preemptible": true,
                "reservation_affinity": [],
                "resource_labels": null,
                "service_account": "tfmanikanta@leafy-summer-405104.iam.gserviceaccount.com",
                "shielded_instance_config": [
                  {
                    "enable_integrity_monitoring": true,
                    "enable_secure_boot": false
                  }
                ],
                "sole_tenant_config": [],
                "spot": false,
                "tags": null,
                "taint": [],
                "workload_metadata_config": []
              }
            ],
            "node_count": 2,
            "node_locations": [
              "us-central1-a"
            ],
            "operation": null,
            "placement_policy": [],
            "project": "leafy-summer-405104",
            "timeouts": null,
            "upgrade_settings": [
              {
                "blue_green_settings": [],
                "max_surge": 1,
                "max_unavailable": 0,
                "strategy": "SURGE"
              }
            ],
            "version": "1.27.3-gke.100"
          },
          "sensitive_attributes": [],
          "private": "eyJlMmJmYjczMC1lY2FhLTExZTYtOGY4OC0zNDM2M2JjN2M0YzAiOnsiY3JlYXRlIjoxODAwMDAwMDAwMDAwLCJkZWxldGUiOjE4MDAwMDAwMDAwMDAsInVwZGF0ZSI6MTgwMDAwMDAwMDAwMH0sInNjaGVtYV92ZXJzaW9uIjoiMSJ9",
          "dependencies": [
            "google_container_cluster.primary-cluster",
            "google_service_account.sa_tf"
          ]
        }
      ]
    },
    {
      "mode": "managed",
      "type": "google_network_connectivity_hub",
      "name": "hub-tf",
      "provider": "provider[\"registry.terraform.io/hashicorp/google\"]",
      "instances": [
        {
          "schema_version": 0,
          "attributes": {
            "create_time": "2023-12-20T08:53:52.028732230Z",
            "description": "",
            "id": "projects/leafy-summer-405104/locations/global/hubs/my-hub-tf",
            "labels": {},
            "name": "my-hub-tf",
            "project": "leafy-summer-405104",
            "routing_vpcs": [],
            "state": "ACTIVE",
            "timeouts": null,
            "unique_id": "4c7cec16-f8fc-472c-89ab-e80acbd7f53f",
            "update_time": "2023-12-20T08:54:06.006691245Z"
          },
          "sensitive_attributes": [],
          "private": "eyJlMmJmYjczMC1lY2FhLTExZTYtOGY4OC0zNDM2M2JjN2M0YzAiOnsiY3JlYXRlIjoxMjAwMDAwMDAwMDAwLCJkZWxldGUiOjEyMDAwMDAwMDAwMDAsInVwZGF0ZSI6MTIwMDAwMDAwMDAwMH19"
        }
      ]
    },
    {
      "mode": "managed",
      "type": "google_network_connectivity_spoke",
      "name": "spoke-tf",
      "provider": "provider[\"registry.terraform.io/hashicorp/google\"]",
      "instances": [
        {
          "schema_version": 0,
          "attributes": {
            "create_time": "2023-12-20T09:01:33.786933148Z",
            "description": "",
            "hub": "projects/leafy-summer-405104/locations/global/hubs/my-hub-tf",
            "id": "projects/leafy-summer-405104/locations/global/spokes/my-spoke",
            "labels": null,
            "linked_interconnect_attachments": [],
            "linked_router_appliance_instances": [],
            "linked_vpc_network": [
              {
                "exclude_export_ranges": [
                  "198.51.100.0/24",
                  "10.10.0.0/16"
                ],
                "uri": "https://www.googleapis.com/compute/v1/projects/leafy-summer-405104/global/networks/my-network-tf"
              }
            ],
            "linked_vpn_tunnels": [],
            "location": "global",
            "name": "my-spoke",
            "project": "leafy-summer-405104",
            "state": "ACTIVE",
            "timeouts": null,
            "unique_id": "03ace59d-177b-4b7d-bb4e-fcef82fbbf08",
            "update_time": "2023-12-20T09:01:58.950599516Z"
          },
          "sensitive_attributes": [],
          "private": "eyJlMmJmYjczMC1lY2FhLTExZTYtOGY4OC0zNDM2M2JjN2M0YzAiOnsiY3JlYXRlIjoxMjAwMDAwMDAwMDAwLCJkZWxldGUiOjEyMDAwMDAwMDAwMDAsInVwZGF0ZSI6MTIwMDAwMDAwMDAwMH19",
          "dependencies": [
            "google_compute_network.custom-vpc-tf",
            "google_network_connectivity_hub.hub-tf"
          ]
        }
      ]
    },
    {
      "mode": "managed",
      "type": "google_service_account",
      "name": "sa_tf",
      "provider": "provider[\"registry.terraform.io/hashicorp/google\"]",
      "instances": [
        {
          "schema_version": 0,
          "attributes": {
            "account_id": "tfmanikanta",
            "description": "",
            "disabled": false,
            "display_name": "service-tf",
            "email": "tfmanikanta@leafy-summer-405104.iam.gserviceaccount.com",
            "id": "projects/leafy-summer-405104/serviceAccounts/tfmanikanta@leafy-summer-405104.iam.gserviceaccount.com",
            "member": "serviceAccount:tfmanikanta@leafy-summer-405104.iam.gserviceaccount.com",
            "name": "projects/leafy-summer-405104/serviceAccounts/tfmanikanta@leafy-summer-405104.iam.gserviceaccount.com",
            "project": "leafy-summer-405104",
            "timeouts": null,
            "unique_id": "108877581014721995754"
          },
          "sensitive_attributes": [],
          "private": "eyJlMmJmYjczMC1lY2FhLTExZTYtOGY4OC0zNDM2M2JjN2M0YzAiOnsiY3JlYXRlIjozMDAwMDAwMDAwMDB9fQ=="
        }
      ]
    },
    {
      "mode": "managed",
      "type": "google_sql_database",
      "name": "database-tf",
      "provider": "provider[\"registry.terraform.io/hashicorp/google\"]",
      "instances": [
        {
          "schema_version": 0,
          "attributes": {
            "charset": "utf8mb4",
            "collation": "utf8mb4_0900_ai_ci",
            "deletion_policy": "DELETE",
            "id": "projects/leafy-summer-405104/instances/my-database-instance/databases/my-database",
            "instance": "my-database-instance",
            "name": "my-database",
            "project": "leafy-summer-405104",
            "self_link": "https://sqladmin.googleapis.com/sql/v1beta4/projects/leafy-summer-405104/instances/my-database-instance/databases/my-database",
            "timeouts": null
          },
          "sensitive_attributes": [],
          "private": "eyJlMmJmYjczMC1lY2FhLTExZTYtOGY4OC0zNDM2M2JjN2M0YzAiOnsiY3JlYXRlIjoxMjAwMDAwMDAwMDAwLCJkZWxldGUiOjEyMDAwMDAwMDAwMDAsInVwZGF0ZSI6MTIwMDAwMDAwMDAwMH19",
          "dependencies": [
            "google_sql_database_instance.instance-sql-tf"
          ]
        }
      ]
    },
    {
      "mode": "managed",
      "type": "google_sql_database_instance",
      "name": "instance-sql-tf",
      "provider": "provider[\"registry.terraform.io/hashicorp/google\"]",
      "instances": [
        {
          "schema_version": 0,
          "attributes": {
            "available_maintenance_versions": [],
            "clone": [],
            "connection_name": "leafy-summer-405104:us-central1:my-database-instance",
            "database_version": "MYSQL_8_0",
            "deletion_protection": false,
            "dns_name": "",
            "encryption_key_name": null,
            "first_ip_address": "35.238.64.126",
            "id": "my-database-instance",
            "instance_type": "CLOUD_SQL_INSTANCE",
            "ip_address": [
              {
                "ip_address": "35.238.64.126",
                "time_to_retire": "",
                "type": "PRIMARY"
              }
            ],
            "maintenance_version": "MYSQL_8_0_31.R20231105.01_03",
            "master_instance_name": "",
            "name": "my-database-instance",
            "private_ip_address": "",
            "project": "leafy-summer-405104",
            "psc_service_attachment_link": "",
            "public_ip_address": "35.238.64.126",
            "region": "us-central1",
            "replica_configuration": [],
            "restore_backup_context": [],
            "root_password": null,
            "self_link": "https://sqladmin.googleapis.com/sql/v1beta4/projects/leafy-summer-405104/instances/my-database-instance",
            "server_ca_cert": [
              {
                "cert": "-----BEGIN CERTIFICATE-----\nMIIDfzCCAmegAwIBAgIBADANBgkqhkiG9w0BAQsFADB3MS0wKwYDVQQuEyRlMGNk\nMTY1MS1kMGUzLTQyMDMtOWE5Zi1jYmQ4YWM4NDE1NTMxIzAhBgNVBAMTGkdvb2ds\nZSBDbG91ZCBTUUwgU2VydmVyIENBMRQwEgYDVQQKEwtHb29nbGUsIEluYzELMAkG\nA1UEBhMCVVMwHhcNMjMxMjIwMDkwMzEyWhcNMzMxMjE3MDkwNDEyWjB3MS0wKwYD\nVQQuEyRlMGNkMTY1MS1kMGUzLTQyMDMtOWE5Zi1jYmQ4YWM4NDE1NTMxIzAhBgNV\nBAMTGkdvb2dsZSBDbG91ZCBTUUwgU2VydmVyIENBMRQwEgYDVQQKEwtHb29nbGUs\nIEluYzELMAkGA1UEBhMCVVMwggEiMA0GCSqGSIb3DQEBAQUAA4IBDwAwggEKAoIB\nAQCX2GJBE6cCVHnHdB41f+D5iJpbgiBp6fdcf0J8YrbT0R7inyilKrdFr91M2EX1\nlnJWkCbvEDRTH/VXYh7qPwq9Kxlqjm10rHJWLSfStnwbSXHUvpEUSJKnBrO//Jay\nAMCwttgZ0uZ0AtBAP0zEBgoT3reKVvgj3XHSlfEvTWTjM4LvS3AohcGajXa4RTVU\nSVP43i+j7cGcIl1o/KXC5foj+PJjrTHzB2om/KRYGU+acqDdaIuNGP/y0yjhjZus\nCyQwnrFQLzMi/hI4jkLi4nkLlO/iJcyVBl4MZIuz6G56GDGYFQ/9VnsPmjQL9wjd\nls43HM/7RzsJq5FMZ8yaTNWPAgMBAAGjFjAUMBIGA1UdEwEB/wQIMAYBAf8CAQAw\nDQYJKoZIhvcNAQELBQADggEBAHahqGwZ9z7cbnJq6/SFUyxbGndzEwS4LjX/7z3s\n5hUJy6DVFb/FXS2ooxK3gEXoBFVDWEtyslbEp8AIDWOVSvjhPCCL0ZhBJzqTZluy\nmEzodXA3bbWfUpHXO6HM1c1tAAF8QlT6pRVXWl09wdpnynyIcDmcbfy1JjjeLwqM\nAmfBV1jC6OAoGlWXJLlCsL/1WlsQECXQ3LbDy03Nb9yawGFmbxtO1vROkl9DWAYS\nWtAAUVjzAmtHADVD2ikit+qFhmrEH0evIQNmu+JuK0xpTRwcY57aRnkYBj3YjdU7\niEzexwdatp52K109osWsvB8jR2h/xlG4gPhGWhTioI1i8lI=\n-----END CERTIFICATE-----",
                "common_name": "C=US,O=Google\\, Inc,CN=Google Cloud SQL Server CA,dnQualifier=e0cd1651-d0e3-4203-9a9f-cbd8ac841553",
                "create_time": "2023-12-20T09:03:12.557Z",
                "expiration_time": "2033-12-17T09:04:12.557Z",
                "sha1_fingerprint": "b845e0c6372086b35c030f146d55c975ce3e9053"
              }
            ],
            "service_account_email_address": "p585554613651-730chx@gcp-sa-cloud-sql.iam.gserviceaccount.com",
            "settings": [
              {
                "activation_policy": "ALWAYS",
                "active_directory_config": [],
                "advanced_machine_features": [],
                "availability_type": "REGIONAL",
                "backup_configuration": [
                  {
                    "backup_retention_settings": [
                      {
                        "retained_backups": 7,
                        "retention_unit": "COUNT"
                      }
                    ],
                    "binary_log_enabled": true,
                    "enabled": true,
                    "location": "",
                    "point_in_time_recovery_enabled": false,
                    "start_time": "17:00",
                    "transaction_log_retention_days": 7
                  }
                ],
                "collation": "",
                "connector_enforcement": "NOT_REQUIRED",
                "data_cache_config": [],
                "database_flags": [],
                "deletion_protection_enabled": false,
                "deny_maintenance_period": [],
                "disk_autoresize": true,
                "disk_autoresize_limit": 0,
                "disk_size": 10,
                "disk_type": "PD_SSD",
                "edition": "",
                "insights_config": [],
                "ip_configuration": [
                  {
                    "allocated_ip_range": "",
                    "authorized_networks": [],
                    "enable_private_path_for_google_cloud_services": false,
                    "ipv4_enabled": true,
                    "private_network": "",
                    "psc_config": [],
                    "require_ssl": false
                  }
                ],
                "location_preference": [
                  {
                    "follow_gae_application": "",
                    "secondary_zone": "",
                    "zone": "us-central1-b"
                  }
                ],
                "maintenance_window": [],
                "password_validation_policy": [],
                "pricing_plan": "PER_USE",
                "sql_server_audit_config": [],
                "tier": "db-f1-micro",
                "time_zone": "",
                "user_labels": {},
                "version": 4
              }
            ],
            "timeouts": null
          },
          "sensitive_attributes": [],
          "private": "eyJlMmJmYjczMC1lY2FhLTExZTYtOGY4OC0zNDM2M2JjN2M0YzAiOnsiY3JlYXRlIjoyNDAwMDAwMDAwMDAwLCJkZWxldGUiOjE4MDAwMDAwMDAwMDAsInVwZGF0ZSI6MTgwMDAwMDAwMDAwMH19"
        }
      ]
    },
    {
      "mode": "managed",
      "type": "google_sql_user",
      "name": "users",
      "provider": "provider[\"registry.terraform.io/hashicorp/google\"]",
      "instances": [
        {
          "schema_version": 1,
          "attributes": {
            "deletion_policy": null,
            "host": "me.com",
            "id": "me/me.com/my-database-instance",
            "instance": "my-database-instance",
            "name": "me",
            "password": "changeme",
            "password_policy": [],
            "project": "leafy-summer-405104",
            "sql_server_user_details": [],
            "timeouts": null,
            "type": ""
          },
          "sensitive_attributes": [],
          "private": "eyJlMmJmYjczMC1lY2FhLTExZTYtOGY4OC0zNDM2M2JjN2M0YzAiOnsiY3JlYXRlIjo2MDAwMDAwMDAwMDAsImRlbGV0ZSI6NjAwMDAwMDAwMDAwLCJ1cGRhdGUiOjYwMDAwMDAwMDAwMH0sInNjaGVtYV92ZXJzaW9uIjoiMSJ9",
          "dependencies": [
            "google_sql_database_instance.instance-sql-tf"
          ]
        }
      ]
    },
    {
      "mode": "managed",
      "type": "google_storage_bucket",
      "name": "static-bucket",
      "provider": "provider[\"registry.terraform.io/hashicorp/google\"]",
      "instances": [
        {
          "schema_version": 0,
          "attributes": {
            "autoclass": [],
            "cors": [],
            "custom_placement_config": [],
            "default_event_based_hold": false,
            "encryption": [],
            "force_destroy": true,
            "id": "my-gcs-mani",
            "labels": {},
            "lifecycle_rule": [],
            "location": "US",
            "logging": [],
            "name": "my-gcs-mani",
            "project": "leafy-summer-405104",
            "public_access_prevention": "inherited",
            "requester_pays": false,
            "retention_policy": [],
            "self_link": "https://www.googleapis.com/storage/v1/b/my-gcs-mani",
            "storage_class": "STANDARD",
            "timeouts": null,
            "uniform_bucket_level_access": true,
            "url": "gs://my-gcs-mani",
            "versioning": [],
            "website": []
          },
          "sensitive_attributes": [],
          "private": "eyJlMmJmYjczMC1lY2FhLTExZTYtOGY4OC0zNDM2M2JjN2M0YzAiOnsiY3JlYXRlIjo2MDAwMDAwMDAwMDAsInJlYWQiOjI0MDAwMDAwMDAwMCwidXBkYXRlIjoyNDAwMDAwMDAwMDB9fQ=="
        }
      ]
    }
  ],
  "check_results": null
}
