{
  "version": 4,
  "terraform_version": "1.6.4",
  "serial": 1314,
  "lineage": "7e2ba282-a2c1-c31e-8cce-a9152f649500",
  "outputs": {},
  "resources": [
    {
      "mode": "managed",
      "type": "google_container_cluster",
      "name": "primary-cluster",
      "provider": "provider[\"registry.terraform.io/hashicorp/google\"]",
      "instances": [
        {
          "schema_version": 2,
          "attributes": {
            "addons_config": [
              {
                "cloudrun_config": [],
                "config_connector_config": [],
                "dns_cache_config": [],
                "gce_persistent_disk_csi_driver_config": [
                  {
                    "enabled": true
                  }
                ],
                "gcp_filestore_csi_driver_config": [],
                "gcs_fuse_csi_driver_config": [],
                "gke_backup_agent_config": [],
                "horizontal_pod_autoscaling": [],
                "http_load_balancing": [],
                "network_policy_config": [
                  {
                    "disabled": true
                  }
                ]
              }
            ],
            "allow_net_admin": null,
            "authenticator_groups_config": [],
            "binary_authorization": [
              {
                "enabled": false,
                "evaluation_mode": ""
              }
            ],
            "cluster_autoscaling": [
              {
                "auto_provisioning_defaults": [],
                "enabled": false,
                "resource_limits": []
              }
            ],
            "cluster_ipv4_cidr": "10.44.0.0/14",
            "confidential_nodes": [],
            "cost_management_config": [],
            "database_encryption": [
              {
                "key_name": "",
                "state": "DECRYPTED"
              }
            ],
            "datapath_provider": "",
            "default_max_pods_per_node": 110,
            "default_snat_status": [
              {
                "disabled": false
              }
            ],
            "deletion_protection": true,
            "description": "",
            "dns_config": [],
            "enable_autopilot": false,
            "enable_intranode_visibility": false,
            "enable_k8s_beta_apis": [],
            "enable_kubernetes_alpha": false,
            "enable_l4_ilb_subsetting": false,
            "enable_legacy_abac": false,
            "enable_shielded_nodes": true,
            "enable_tpu": false,
            "endpoint": "34.173.49.23",
            "gateway_api_config": [],
            "id": "projects/leafy-summer-405104/locations/us-central1-a/clusters/my-gke-cluster",
            "initial_node_count": 2,
            "ip_allocation_policy": [
              {
                "additional_pod_ranges_config": [],
                "cluster_ipv4_cidr_block": "10.44.0.0/14",
                "cluster_secondary_range_name": "gke-my-gke-cluster-pods-964008f7",
                "pod_cidr_overprovision_config": [
                  {
                    "disabled": false
                  }
                ],
                "services_ipv4_cidr_block": "10.48.0.0/20",
                "services_secondary_range_name": "gke-my-gke-cluster-services-964008f7",
                "stack_type": "IPV4"
              }
            ],
            "label_fingerprint": "a9dc16a7",
            "location": "us-central1-a",
            "logging_config": [
              {
                "enable_components": [
                  "SYSTEM_COMPONENTS",
                  "WORKLOADS"
                ]
              }
            ],
            "logging_service": "logging.googleapis.com/kubernetes",
            "maintenance_policy": [],
            "master_auth": [
              {
                "client_certificate": "",
                "client_certificate_config": [
                  {
                    "issue_client_certificate": false
                  }
                ],
                "client_key": "",
                "cluster_ca_certificate": "LS0tLS1CRUdJTiBDRVJUSUZJQ0FURS0tLS0tCk1JSUVMRENDQXBTZ0F3SUJBZ0lRZW81M3JWeGtublNEOHFEMlZERUt6akFOQmdrcWhraUc5dzBCQVFzRkFEQXYKTVMwd0t3WURWUVFERXlRNU5XWXhaVFZsTmkwMU1EUTVMVFJtWmpZdE9HUTVPUzAyTjJGbU9UaG1aVE0xTUdFdwpJQmNOTWpNeE1URTNNRFl4TXpFeldoZ1BNakExTXpFeE1Ea3dOekV6TVROYU1DOHhMVEFyQmdOVkJBTVRKRGsxClpqRmxOV1UyTFRVd05Ea3ROR1ptTmkwNFpEazVMVFkzWVdZNU9HWmxNelV3WVRDQ0FhSXdEUVlKS29aSWh2Y04KQVFFQkJRQURnZ0dQQURDQ0FZb0NnZ0dCQU5nVzhYQmJ0Q1l2VjVKRE9rRU44eXVRRWVwM3ZtbHhGcEk2ekt6MgpENFgrYlZTQ1E5dGRQa3hSQTVmMmdQTGNtczNVVWxuS2FqVExtdjJDb012Z3hQTi9aL3VIRVRxb1dpWlhZZUVVCnRxUmtZUlFsQkFPaTUwNFVlZldBV0dVNXdiYmcrcmVkMXNFaVMrdWpraEtZNGVIQjhoalFZTUhhck5ZdElJSksKUFAwRk5aRlJkbUY1OFVmRUVNYVlpcFR3bXRRd3M1VDNVZDdWZW8vQ3NiUDNCTmk4byt6bXFySVNCSjNnazNqUgpLTVVYRjBuYTRNVEFYSEx3SEc1Qmt2OEd5WHZudHJVb3NyZTAyUmVnT2RyOFdqSkQ5bkUwa2tHOXcwOXFpWE9rCkZOVVhoYUt2NXhZSWJJMkY5N05xMlBXd2hGcWJzakx3LzFPZi8vTi8yVEg5Tm9ZVWtvZnZ6UXR3bHZOSkpLRFkKeC9pUG4vd2NWSW5oN3B6a215MFMvVTI3bzhkMlV3Z0J6eCt2d0NmWDhhMDBaTExaUmNUbFFWNFNaemVwQTRnNApXZ1FFTTBrN1MzZUxYL1Z1OUdUUFE2RWJCdWNtbEtGb0RwRmgvRml2SitJRHptK3piQ0oydmo4djZFalU5T1FpCmRNbG5tVWNDMEkrL2tJVG9iSm5ocVJTRldRSURBUUFCbzBJd1FEQU9CZ05WSFE4QkFmOEVCQU1DQWdRd0R3WUQKVlIwVEFRSC9CQVV3QXdFQi96QWRCZ05WSFE0RUZnUVVzblRzQVpzTmU3M1BXMXAzSHduNHBxeG4wT3d3RFFZSgpLb1pJaHZjTkFRRUxCUUFEZ2dHQkFOWlloWUlhQldMY1pFdXhORytTMjl3TkJQMkgrUG1mc25JK2ZNSXlOZkRjCmpnUE4xMWpsMXNpTWdQWmNIRTRaWUtleWFkMFVXZVlLMmRtRzNXMHhoZ3VhQkhHQURHaDZ5ejZNdGFVU280eG8KQVc4QXZWMy82MElwWXJaN2lFMzVWSFIrMkdTeCtPM3l4T1RiVGNUdWl2YWNMRk82c29ISEVMYXI2UGtER29GOApweVBUTkhiYiswNkg5MWYvYytpWmFuT3NtUjc1SUM2clVuMW5tRGZlcjlIVXJXc2tDUGFxa2JxVlpwQS9xWHViCkZOamNTS2gwRW1tZVVhT0tURnRCZ0xEYWlXeEhqZmx4SFY3dEhLejJwb2ZMSlBxcmhoMm5kV0g1aUJwZnBvZFIKeWlSZDV0Z2I2bElHMFNXSmIvTkU0TWpuSnJCQ0IxQ1F0b0YvcmhjZzBTd2hsL2RhRE1NWnQzeURpRDY0ZGdqRwozRm43VDFSZEZCdHJwbFpIT0J1MkN6TUtkVHpkN0V3Uk1UaWRsRUE2UXhsbVQ3UXUyYVVxbHdwRjEzR2MxbUpICkI3bXhJa0U4QnQyOXFOQnd2L2tRSWZyWG9jWXNrWkE3M1NDWjQ0VFo3VTJhN2dhRURNSE5CdEJQMjdPSDl6MXgKUWROZCtOb0crWFZNbWdHcU5MVnltdz09Ci0tLS0tRU5EIENFUlRJRklDQVRFLS0tLS0K"
              }
            ],
            "master_authorized_networks_config": [],
            "master_version": "1.27.3-gke.100",
            "mesh_certificates": [],
            "min_master_version": null,
            "monitoring_config": [
              {
                "advanced_datapath_observability_config": [
                  {
                    "enable_metrics": false,
                    "relay_mode": ""
                  }
                ],
                "enable_components": [
                  "SYSTEM_COMPONENTS"
                ],
                "managed_prometheus": [
                  {
                    "enabled": true
                  }
                ]
              }
            ],
            "monitoring_service": "monitoring.googleapis.com/kubernetes",
            "name": "my-gke-cluster",
            "network": "projects/leafy-summer-405104/global/networks/default",
            "network_policy": [
              {
                "enabled": false,
                "provider": "PROVIDER_UNSPECIFIED"
              }
            ],
            "networking_mode": "VPC_NATIVE",
            "node_config": [],
            "node_locations": [],
            "node_pool": [],
            "node_pool_auto_config": [],
            "node_pool_defaults": [
              {
                "node_config_defaults": [
                  {
                    "logging_variant": "DEFAULT"
                  }
                ]
              }
            ],
            "node_version": "1.27.3-gke.100",
            "notification_config": [
              {
                "pubsub": [
                  {
                    "enabled": false,
                    "filter": [],
                    "topic": ""
                  }
                ]
              }
            ],
            "operation": null,
            "private_cluster_config": [
              {
                "enable_private_endpoint": false,
                "enable_private_nodes": false,
                "master_global_access_config": [
                  {
                    "enabled": false
                  }
                ],
                "master_ipv4_cidr_block": "",
                "peering_name": "",
                "private_endpoint": "10.128.0.14",
                "private_endpoint_subnetwork": "",
                "public_endpoint": "34.173.49.23"
              }
            ],
            "private_ipv6_google_access": "",
            "project": "leafy-summer-405104",
            "release_channel": [
              {
                "channel": "REGULAR"
              }
            ],
            "remove_default_node_pool": true,
            "resource_labels": {},
            "resource_usage_export_config": [],
            "security_posture_config": [
              {
                "mode": "BASIC",
                "vulnerability_mode": "VULNERABILITY_MODE_UNSPECIFIED"
              }
            ],
            "self_link": "https://container.googleapis.com/v1/projects/leafy-summer-405104/zones/us-central1-a/clusters/my-gke-cluster",
            "service_external_ips_config": [
              {
                "enabled": false
              }
            ],
            "services_ipv4_cidr": "10.48.0.0/20",
            "subnetwork": "projects/leafy-summer-405104/regions/us-central1/subnetworks/default",
            "timeouts": null,
            "tpu_ipv4_cidr_block": "",
            "vertical_pod_autoscaling": [],
            "workload_identity_config": []
          },
          "sensitive_attributes": [],
          "private": "eyJlMmJmYjczMC1lY2FhLTExZTYtOGY4OC0zNDM2M2JjN2M0YzAiOnsiY3JlYXRlIjoyNDAwMDAwMDAwMDAwLCJkZWxldGUiOjI0MDAwMDAwMDAwMDAsInJlYWQiOjI0MDAwMDAwMDAwMDAsInVwZGF0ZSI6MzYwMDAwMDAwMDAwMH0sInNjaGVtYV92ZXJzaW9uIjoiMiJ9"
        }
      ]
    }
  ],
  "check_results": null
}
