{
  "version": 4,
  "terraform_version": "1.7.0",
  "serial": 22,
  "lineage": "02ca91a4-1d19-592a-4add-3d6455022b67",
  "outputs": {
    "backend-tf": {
      "value": {
        "affinity_cookie_ttl_sec": 0,
        "backend": [],
        "cdn_policy": [],
        "circuit_breakers": [],
        "connection_draining_timeout_sec": 0,
        "consistent_hash": [],
        "creation_timestamp": "2024-01-19T06:17:17.891-08:00",
        "description": "",
        "enable_cdn": false,
        "failover_policy": [],
        "fingerprint": "y81krE4xB5U=",
        "health_checks": [
          "projects/leafy-summer-405104/regions/us-central1/healthChecks/check-website-backend"
        ],
        "iap": [],
        "id": "projects/leafy-summer-405104/regions/us-central1/backendServices/website-backend",
        "load_balancing_scheme": "EXTERNAL",
        "locality_lb_policy": "",
        "log_config": [],
        "name": "website-backend",
        "network": "",
        "outlier_detection": [],
        "port_name": "http",
        "project": "leafy-summer-405104",
        "protocol": "TCP",
        "region": "us-central1",
        "self_link": "https://www.googleapis.com/compute/v1/projects/leafy-summer-405104/regions/us-central1/backendServices/website-backend",
        "session_affinity": "NONE",
        "timeout_sec": 30,
        "timeouts": null
      },
      "type": [
        "object",
        {
          "affinity_cookie_ttl_sec": "number",
          "backend": [
            "set",
            [
              "object",
              {
                "balancing_mode": "string",
                "capacity_scaler": "number",
                "description": "string",
                "failover": "bool",
                "group": "string",
                "max_connections": "number",
                "max_connections_per_endpoint": "number",
                "max_connections_per_instance": "number",
                "max_rate": "number",
                "max_rate_per_endpoint": "number",
                "max_rate_per_instance": "number",
                "max_utilization": "number"
              }
            ]
          ],
          "cdn_policy": [
            "list",
            [
              "object",
              {
                "cache_key_policy": [
                  "list",
                  [
                    "object",
                    {
                      "include_host": "bool",
                      "include_named_cookies": [
                        "list",
                        "string"
                      ],
                      "include_protocol": "bool",
                      "include_query_string": "bool",
                      "query_string_blacklist": [
                        "set",
                        "string"
                      ],
                      "query_string_whitelist": [
                        "set",
                        "string"
                      ]
                    }
                  ]
                ],
                "cache_mode": "string",
                "client_ttl": "number",
                "default_ttl": "number",
                "max_ttl": "number",
                "negative_caching": "bool",
                "negative_caching_policy": [
                  "list",
                  [
                    "object",
                    {
                      "code": "number"
                    }
                  ]
                ],
                "serve_while_stale": "number",
                "signed_url_cache_max_age_sec": "number"
              }
            ]
          ],
          "circuit_breakers": [
            "list",
            [
              "object",
              {
                "max_connections": "number",
                "max_pending_requests": "number",
                "max_requests": "number",
                "max_requests_per_connection": "number",
                "max_retries": "number"
              }
            ]
          ],
          "connection_draining_timeout_sec": "number",
          "consistent_hash": [
            "list",
            [
              "object",
              {
                "http_cookie": [
                  "list",
                  [
                    "object",
                    {
                      "name": "string",
                      "path": "string",
                      "ttl": [
                        "list",
                        [
                          "object",
                          {
                            "nanos": "number",
                            "seconds": "number"
                          }
                        ]
                      ]
                    }
                  ]
                ],
                "http_header_name": "string",
                "minimum_ring_size": "number"
              }
            ]
          ],
          "creation_timestamp": "string",
          "description": "string",
          "enable_cdn": "bool",
          "failover_policy": [
            "list",
            [
              "object",
              {
                "disable_connection_drain_on_failover": "bool",
                "drop_traffic_if_unhealthy": "bool",
                "failover_ratio": "number"
              }
            ]
          ],
          "fingerprint": "string",
          "health_checks": [
            "set",
            "string"
          ],
          "iap": [
            "list",
            [
              "object",
              {
                "oauth2_client_id": "string",
                "oauth2_client_secret": "string",
                "oauth2_client_secret_sha256": "string"
              }
            ]
          ],
          "id": "string",
          "load_balancing_scheme": "string",
          "locality_lb_policy": "string",
          "log_config": [
            "list",
            [
              "object",
              {
                "enable": "bool",
                "sample_rate": "number"
              }
            ]
          ],
          "name": "string",
          "network": "string",
          "outlier_detection": [
            "list",
            [
              "object",
              {
                "base_ejection_time": [
                  "list",
                  [
                    "object",
                    {
                      "nanos": "number",
                      "seconds": "number"
                    }
                  ]
                ],
                "consecutive_errors": "number",
                "consecutive_gateway_failure": "number",
                "enforcing_consecutive_errors": "number",
                "enforcing_consecutive_gateway_failure": "number",
                "enforcing_success_rate": "number",
                "interval": [
                  "list",
                  [
                    "object",
                    {
                      "nanos": "number",
                      "seconds": "number"
                    }
                  ]
                ],
                "max_ejection_percent": "number",
                "success_rate_minimum_hosts": "number",
                "success_rate_request_volume": "number",
                "success_rate_stdev_factor": "number"
              }
            ]
          ],
          "port_name": "string",
          "project": "string",
          "protocol": "string",
          "region": "string",
          "self_link": "string",
          "session_affinity": "string",
          "timeout_sec": "number",
          "timeouts": [
            "object",
            {
              "create": "string",
              "delete": "string",
              "update": "string"
            }
          ]
        }
      ]
    },
    "custom": {
      "value": {
        "auto_create_subnetworks": false,
        "delete_default_routes_on_create": false,
        "description": "",
        "enable_ula_internal_ipv6": false,
        "gateway_ipv4": "",
        "id": "projects/leafy-summer-405104/global/networks/my-network-tf",
        "internal_ipv6_range": "",
        "mtu": 0,
        "name": "my-network-tf",
        "network_firewall_policy_enforcement_order": "AFTER_CLASSIC_FIREWALL",
        "project": "leafy-summer-405104",
        "routing_mode": "REGIONAL",
        "self_link": "https://www.googleapis.com/compute/v1/projects/leafy-summer-405104/global/networks/my-network-tf",
        "timeouts": null
      },
      "type": [
        "object",
        {
          "auto_create_subnetworks": "bool",
          "delete_default_routes_on_create": "bool",
          "description": "string",
          "enable_ula_internal_ipv6": "bool",
          "gateway_ipv4": "string",
          "id": "string",
          "internal_ipv6_range": "string",
          "mtu": "number",
          "name": "string",
          "network_firewall_policy_enforcement_order": "string",
          "project": "string",
          "routing_mode": "string",
          "self_link": "string",
          "timeouts": [
            "object",
            {
              "create": "string",
              "delete": "string",
              "update": "string"
            }
          ]
        }
      ],
      "sensitive": true
    },
    "database-tf": {
      "value": {
        "charset": "utf8mb4",
        "collation": "utf8mb4_0900_ai_ci",
        "deletion_policy": "DELETE",
        "id": "projects/leafy-summer-405104/instances/my-database-instance/databases/my-database",
        "instance": "my-database-instance",
        "name": "my-database",
        "project": "leafy-summer-405104",
        "self_link": "https://sqladmin.googleapis.com/sql/v1beta4/projects/leafy-summer-405104/instances/my-database-instance/databases/my-database",
        "timeouts": null
      },
      "type": [
        "object",
        {
          "charset": "string",
          "collation": "string",
          "deletion_policy": "string",
          "id": "string",
          "instance": "string",
          "name": "string",
          "project": "string",
          "self_link": "string",
          "timeouts": [
            "object",
            {
              "create": "string",
              "delete": "string",
              "update": "string"
            }
          ]
        }
      ],
      "sensitive": true
    },
    "firewall": {
      "value": {
        "allow": [
          {
            "ports": [
              "80",
              "8080",
              "1000-2000",
              "443"
            ],
            "protocol": "tcp"
          }
        ],
        "creation_timestamp": "2024-01-19T06:17:26.152-08:00",
        "deny": [],
        "description": "",
        "destination_ranges": [],
        "direction": "INGRESS",
        "disabled": false,
        "enable_logging": null,
        "id": "projects/leafy-summer-405104/global/firewalls/test-firewall",
        "log_config": [],
        "name": "test-firewall",
        "network": "https://www.googleapis.com/compute/v1/projects/leafy-summer-405104/global/networks/my-network-tf",
        "priority": 1000,
        "project": "leafy-summer-405104",
        "self_link": "https://www.googleapis.com/compute/v1/projects/leafy-summer-405104/global/firewalls/test-firewall",
        "source_ranges": null,
        "source_service_accounts": null,
        "source_tags": [
          "web"
        ],
        "target_service_accounts": null,
        "target_tags": null,
        "timeouts": null
      },
      "type": [
        "object",
        {
          "allow": [
            "set",
            [
              "object",
              {
                "ports": [
                  "list",
                  "string"
                ],
                "protocol": "string"
              }
            ]
          ],
          "creation_timestamp": "string",
          "deny": [
            "set",
            [
              "object",
              {
                "ports": [
                  "list",
                  "string"
                ],
                "protocol": "string"
              }
            ]
          ],
          "description": "string",
          "destination_ranges": [
            "set",
            "string"
          ],
          "direction": "string",
          "disabled": "bool",
          "enable_logging": "bool",
          "id": "string",
          "log_config": [
            "list",
            [
              "object",
              {
                "metadata": "string"
              }
            ]
          ],
          "name": "string",
          "network": "string",
          "priority": "number",
          "project": "string",
          "self_link": "string",
          "source_ranges": [
            "set",
            "string"
          ],
          "source_service_accounts": [
            "set",
            "string"
          ],
          "source_tags": [
            "set",
            "string"
          ],
          "target_service_accounts": [
            "set",
            "string"
          ],
          "target_tags": [
            "set",
            "string"
          ],
          "timeouts": [
            "object",
            {
              "create": "string",
              "delete": "string",
              "update": "string"
            }
          ]
        }
      ],
      "sensitive": true
    },
    "forwarding-tf": {
      "value": {
        "all_ports": false,
        "allow_global_access": false,
        "allow_psc_global_access": false,
        "backend_service": "https://www.googleapis.com/compute/v1/projects/leafy-summer-405104/regions/us-central1/backendServices/website-backend",
        "base_forwarding_rule": "",
        "creation_timestamp": "2024-01-19T06:17:35.034-08:00",
        "description": "",
        "id": "projects/leafy-summer-405104/regions/us-central1/forwardingRules/website-forwarding-rule",
        "ip_address": "34.29.227.177",
        "ip_protocol": "TCP",
        "ip_version": "",
        "is_mirroring_collector": false,
        "label_fingerprint": "42WmSpB8rSM=",
        "labels": null,
        "load_balancing_scheme": "EXTERNAL",
        "name": "website-forwarding-rule",
        "network": "",
        "network_tier": "PREMIUM",
        "no_automate_dns_zone": null,
        "port_range": "80-80",
        "ports": null,
        "project": "leafy-summer-405104",
        "psc_connection_id": "",
        "psc_connection_status": "",
        "region": "us-central1",
        "self_link": "https://www.googleapis.com/compute/v1/projects/leafy-summer-405104/regions/us-central1/forwardingRules/website-forwarding-rule",
        "service_directory_registrations": [],
        "service_label": "",
        "service_name": "",
        "source_ip_ranges": null,
        "subnetwork": "",
        "target": "",
        "timeouts": null
      },
      "type": [
        "object",
        {
          "all_ports": "bool",
          "allow_global_access": "bool",
          "allow_psc_global_access": "bool",
          "backend_service": "string",
          "base_forwarding_rule": "string",
          "creation_timestamp": "string",
          "description": "string",
          "id": "string",
          "ip_address": "string",
          "ip_protocol": "string",
          "ip_version": "string",
          "is_mirroring_collector": "bool",
          "label_fingerprint": "string",
          "labels": [
            "map",
            "string"
          ],
          "load_balancing_scheme": "string",
          "name": "string",
          "network": "string",
          "network_tier": "string",
          "no_automate_dns_zone": "bool",
          "port_range": "string",
          "ports": [
            "set",
            "string"
          ],
          "project": "string",
          "psc_connection_id": "string",
          "psc_connection_status": "string",
          "region": "string",
          "self_link": "string",
          "service_directory_registrations": [
            "list",
            [
              "object",
              {
                "namespace": "string",
                "service": "string"
              }
            ]
          ],
          "service_label": "string",
          "service_name": "string",
          "source_ip_ranges": [
            "list",
            "string"
          ],
          "subnetwork": "string",
          "target": "string",
          "timeouts": [
            "object",
            {
              "create": "string",
              "delete": "string",
              "update": "string"
            }
          ]
        }
      ]
    },
    "instance": {
      "value": {
        "advanced_machine_features": [],
        "allow_stopping_for_update": null,
        "attached_disk": [],
        "boot_disk": [
          {
            "auto_delete": true,
            "device_name": "persistent-disk-0",
            "disk_encryption_key_raw": "",
            "disk_encryption_key_sha256": "",
            "initialize_params": [
              {
                "image": "https://www.googleapis.com/compute/v1/projects/debian-cloud/global/images/debian-11-bullseye-v20220719",
                "labels": {},
                "resource_manager_tags": null,
                "size": 10,
                "type": "pd-standard"
              }
            ],
            "kms_key_self_link": "",
            "mode": "READ_WRITE",
            "source": "https://www.googleapis.com/compute/v1/projects/leafy-summer-405104/zones/us-central1-a/disks/my-instance"
          }
        ],
        "can_ip_forward": false,
        "confidential_instance_config": [],
        "cpu_platform": "Intel Broadwell",
        "current_status": "RUNNING",
        "deletion_protection": false,
        "description": "",
        "desired_status": null,
        "enable_display": false,
        "guest_accelerator": [],
        "hostname": "",
        "id": "projects/leafy-summer-405104/zones/us-central1-a/instances/my-instance",
        "instance_id": "1426883066236189288",
        "label_fingerprint": "42WmSpB8rSM=",
        "labels": null,
        "machine_type": "e2-medium",
        "metadata": null,
        "metadata_fingerprint": "ClhCZBXEwUM=",
        "metadata_startup_script": null,
        "min_cpu_platform": "",
        "name": "my-instance",
        "network_interface": [
          {
            "access_config": [
              {
                "nat_ip": "35.223.137.128",
                "network_tier": "PREMIUM",
                "public_ptr_domain_name": ""
              }
            ],
            "alias_ip_range": [],
            "internal_ipv6_prefix_length": 0,
            "ipv6_access_config": [],
            "ipv6_access_type": "",
            "ipv6_address": "",
            "name": "nic0",
            "network": "https://www.googleapis.com/compute/v1/projects/leafy-summer-405104/global/networks/my-network-tf",
            "network_ip": "10.2.0.2",
            "nic_type": "",
            "queue_count": 0,
            "stack_type": "IPV4_ONLY",
            "subnetwork": "https://www.googleapis.com/compute/v1/projects/leafy-summer-405104/regions/us-central1/subnetworks/test-subnet",
            "subnetwork_project": "leafy-summer-405104"
          }
        ],
        "network_performance_config": [],
        "params": [],
        "project": "leafy-summer-405104",
        "reservation_affinity": [],
        "resource_policies": null,
        "scheduling": [
          {
            "automatic_restart": true,
            "instance_termination_action": "",
            "local_ssd_recovery_timeout": [],
            "min_node_cpus": 0,
            "node_affinities": [],
            "on_host_maintenance": "MIGRATE",
            "preemptible": false,
            "provisioning_model": "STANDARD"
          }
        ],
        "scratch_disk": [],
        "self_link": "https://www.googleapis.com/compute/v1/projects/leafy-summer-405104/zones/us-central1-a/instances/my-instance",
        "service_account": [],
        "shielded_instance_config": [
          {
            "enable_integrity_monitoring": true,
            "enable_secure_boot": false,
            "enable_vtpm": true
          }
        ],
        "tags": null,
        "tags_fingerprint": "42WmSpB8rSM=",
        "timeouts": null,
        "zone": "us-central1-a"
      },
      "type": [
        "object",
        {
          "advanced_machine_features": [
            "list",
            [
              "object",
              {
                "enable_nested_virtualization": "bool",
                "threads_per_core": "number",
                "visible_core_count": "number"
              }
            ]
          ],
          "allow_stopping_for_update": "bool",
          "attached_disk": [
            "list",
            [
              "object",
              {
                "device_name": "string",
                "disk_encryption_key_raw": "string",
                "disk_encryption_key_sha256": "string",
                "kms_key_self_link": "string",
                "mode": "string",
                "source": "string"
              }
            ]
          ],
          "boot_disk": [
            "list",
            [
              "object",
              {
                "auto_delete": "bool",
                "device_name": "string",
                "disk_encryption_key_raw": "string",
                "disk_encryption_key_sha256": "string",
                "initialize_params": [
                  "list",
                  [
                    "object",
                    {
                      "image": "string",
                      "labels": [
                        "map",
                        "string"
                      ],
                      "resource_manager_tags": [
                        "map",
                        "string"
                      ],
                      "size": "number",
                      "type": "string"
                    }
                  ]
                ],
                "kms_key_self_link": "string",
                "mode": "string",
                "source": "string"
              }
            ]
          ],
          "can_ip_forward": "bool",
          "confidential_instance_config": [
            "list",
            [
              "object",
              {
                "enable_confidential_compute": "bool"
              }
            ]
          ],
          "cpu_platform": "string",
          "current_status": "string",
          "deletion_protection": "bool",
          "description": "string",
          "desired_status": "string",
          "enable_display": "bool",
          "guest_accelerator": [
            "list",
            [
              "object",
              {
                "count": "number",
                "type": "string"
              }
            ]
          ],
          "hostname": "string",
          "id": "string",
          "instance_id": "string",
          "label_fingerprint": "string",
          "labels": [
            "map",
            "string"
          ],
          "machine_type": "string",
          "metadata": [
            "map",
            "string"
          ],
          "metadata_fingerprint": "string",
          "metadata_startup_script": "string",
          "min_cpu_platform": "string",
          "name": "string",
          "network_interface": [
            "list",
            [
              "object",
              {
                "access_config": [
                  "list",
                  [
                    "object",
                    {
                      "nat_ip": "string",
                      "network_tier": "string",
                      "public_ptr_domain_name": "string"
                    }
                  ]
                ],
                "alias_ip_range": [
                  "list",
                  [
                    "object",
                    {
                      "ip_cidr_range": "string",
                      "subnetwork_range_name": "string"
                    }
                  ]
                ],
                "internal_ipv6_prefix_length": "number",
                "ipv6_access_config": [
                  "list",
                  [
                    "object",
                    {
                      "external_ipv6": "string",
                      "external_ipv6_prefix_length": "string",
                      "name": "string",
                      "network_tier": "string",
                      "public_ptr_domain_name": "string"
                    }
                  ]
                ],
                "ipv6_access_type": "string",
                "ipv6_address": "string",
                "name": "string",
                "network": "string",
                "network_ip": "string",
                "nic_type": "string",
                "queue_count": "number",
                "stack_type": "string",
                "subnetwork": "string",
                "subnetwork_project": "string"
              }
            ]
          ],
          "network_performance_config": [
            "list",
            [
              "object",
              {
                "total_egress_bandwidth_tier": "string"
              }
            ]
          ],
          "params": [
            "list",
            [
              "object",
              {
                "resource_manager_tags": [
                  "map",
                  "string"
                ]
              }
            ]
          ],
          "project": "string",
          "reservation_affinity": [
            "list",
            [
              "object",
              {
                "specific_reservation": [
                  "list",
                  [
                    "object",
                    {
                      "key": "string",
                      "values": [
                        "list",
                        "string"
                      ]
                    }
                  ]
                ],
                "type": "string"
              }
            ]
          ],
          "resource_policies": [
            "list",
            "string"
          ],
          "scheduling": [
            "list",
            [
              "object",
              {
                "automatic_restart": "bool",
                "instance_termination_action": "string",
                "local_ssd_recovery_timeout": [
                  "list",
                  [
                    "object",
                    {
                      "nanos": "number",
                      "seconds": "number"
                    }
                  ]
                ],
                "min_node_cpus": "number",
                "node_affinities": [
                  "set",
                  [
                    "object",
                    {
                      "key": "string",
                      "operator": "string",
                      "values": [
                        "set",
                        "string"
                      ]
                    }
                  ]
                ],
                "on_host_maintenance": "string",
                "preemptible": "bool",
                "provisioning_model": "string"
              }
            ]
          ],
          "scratch_disk": [
            "list",
            [
              "object",
              {
                "interface": "string",
                "size": "number"
              }
            ]
          ],
          "self_link": "string",
          "service_account": [
            "list",
            [
              "object",
              {
                "email": "string",
                "scopes": [
                  "set",
                  "string"
                ]
              }
            ]
          ],
          "shielded_instance_config": [
            "list",
            [
              "object",
              {
                "enable_integrity_monitoring": "bool",
                "enable_secure_boot": "bool",
                "enable_vtpm": "bool"
              }
            ]
          ],
          "tags": [
            "set",
            "string"
          ],
          "tags_fingerprint": "string",
          "timeouts": [
            "object",
            {
              "create": "string",
              "delete": "string",
              "update": "string"
            }
          ],
          "zone": "string"
        }
      ],
      "sensitive": true
    },
    "instance-sql-tf": {
      "value": {
        "available_maintenance_versions": [],
        "clone": [],
        "connection_name": "leafy-summer-405104:us-central1:my-database-instance",
        "database_version": "MYSQL_8_0",
        "deletion_protection": false,
        "dns_name": "",
        "encryption_key_name": null,
        "first_ip_address": "35.223.99.131",
        "id": "my-database-instance",
        "instance_type": "CLOUD_SQL_INSTANCE",
        "ip_address": [
          {
            "ip_address": "35.223.99.131",
            "time_to_retire": "",
            "type": "PRIMARY"
          }
        ],
        "maintenance_version": "MYSQL_8_0_31.R20231105.01_03",
        "master_instance_name": "",
        "name": "my-database-instance",
        "private_ip_address": "",
        "project": "leafy-summer-405104",
        "psc_service_attachment_link": "",
        "public_ip_address": "35.223.99.131",
        "region": "us-central1",
        "replica_configuration": [],
        "restore_backup_context": [],
        "root_password": null,
        "self_link": "https://sqladmin.googleapis.com/sql/v1beta4/projects/leafy-summer-405104/instances/my-database-instance",
        "server_ca_cert": [
          {
            "cert": "-----BEGIN CERTIFICATE-----\nMIIDfzCCAmegAwIBAgIBADANBgkqhkiG9w0BAQsFADB3MS0wKwYDVQQuEyRlZTU3\nZjE5Mi0wZDAwLTQzNTAtOTE4MC02MWEwOWM4ZTE5YjExIzAhBgNVBAMTGkdvb2ds\nZSBDbG91ZCBTUUwgU2VydmVyIENBMRQwEgYDVQQKEwtHb29nbGUsIEluYzELMAkG\nA1UEBhMCVVMwHhcNMjQwMTE5MTQxODE3WhcNMzQwMTE2MTQxOTE3WjB3MS0wKwYD\nVQQuEyRlZTU3ZjE5Mi0wZDAwLTQzNTAtOTE4MC02MWEwOWM4ZTE5YjExIzAhBgNV\nBAMTGkdvb2dsZSBDbG91ZCBTUUwgU2VydmVyIENBMRQwEgYDVQQKEwtHb29nbGUs\nIEluYzELMAkGA1UEBhMCVVMwggEiMA0GCSqGSIb3DQEBAQUAA4IBDwAwggEKAoIB\nAQDBmPXnOqmuUWxvvxXQvDEd1E1vKRCpABmZBf5HtEseMFa0Jci+TvLhMFaYJvyM\ni7A1cwlzWud04NqjdPhjEGgOwgZh1QfyJKSm1xal5ymN1CRkuvahq4mIVhfEa8oU\nW9w+Q7d3+QI71A3wL16/aQSHeC0xoggMTPUAVUIoXaGFEkCBP0pBMeXPxFR5yORt\nPhYpiQAchy3jbUfmztdId3H1r5qfJ6ijHE23YDKjp+dpa5u9yAiV7hKVqbku3VFP\nXTS1PNqNgMWqbYxbFsqQnd2Ja14CEnB05TXfy3jdMURETOJLP9cCKKFtPauaFP6H\nz1kcs7Nflodaw8l22L6yifphAgMBAAGjFjAUMBIGA1UdEwEB/wQIMAYBAf8CAQAw\nDQYJKoZIhvcNAQELBQADggEBAGYqlQL7rRYjtkFVMRbh+ZJAcPgQhRgVTU0GtTCM\nf+Y0jAkwvSqBfnRDUE0IMC0bRqzAAkV4lRnnFFKTEP5hkPuI7zKCQAbqy54uyhI5\nCGWFbT0MWKyNLnyB2JcQXLo/uh9pksKeqeXrUfwqWnSuwcV5pLHLEKNAumQdUTRX\npUCLrKheS15mthde6wp/ACTNj08prftHybQ2hlX+oI8K0Sm7fXmvYqRTEqEMBiVM\n0khB0KuFnASG8AQ2H/avhSu46ZVq2kRLhKkYZ2sTuRQlzCYZqZICzNMXz557PiYP\nZAfz1oe0jrFs0gLIzB0h3LQ6ph5h9lMJXCjuQg8r8qs1+Rg=\n-----END CERTIFICATE-----",
            "common_name": "C=US,O=Google\\, Inc,CN=Google Cloud SQL Server CA,dnQualifier=ee57f192-0d00-4350-9180-61a09c8e19b1",
            "create_time": "2024-01-19T14:18:17.589Z",
            "expiration_time": "2034-01-16T14:19:17.589Z",
            "sha1_fingerprint": "b1e2f1c48b598bac1786afc1c0e447d258ed3a2a"
          }
        ],
        "service_account_email_address": "p585554613651-g21kwu@gcp-sa-cloud-sql.iam.gserviceaccount.com",
        "settings": [
          {
            "activation_policy": "ALWAYS",
            "active_directory_config": [],
            "advanced_machine_features": [],
            "availability_type": "REGIONAL",
            "backup_configuration": [
              {
                "backup_retention_settings": [
                  {
                    "retained_backups": 7,
                    "retention_unit": "COUNT"
                  }
                ],
                "binary_log_enabled": true,
                "enabled": true,
                "location": "",
                "point_in_time_recovery_enabled": false,
                "start_time": "13:00",
                "transaction_log_retention_days": 7
              }
            ],
            "collation": "",
            "connector_enforcement": "NOT_REQUIRED",
            "data_cache_config": [],
            "database_flags": [],
            "deletion_protection_enabled": false,
            "deny_maintenance_period": [],
            "disk_autoresize": true,
            "disk_autoresize_limit": 0,
            "disk_size": 10,
            "disk_type": "PD_SSD",
            "edition": "",
            "insights_config": [],
            "ip_configuration": [
              {
                "allocated_ip_range": "",
                "authorized_networks": [],
                "enable_private_path_for_google_cloud_services": false,
                "ipv4_enabled": true,
                "private_network": "",
                "psc_config": [],
                "require_ssl": false
              }
            ],
            "location_preference": [
              {
                "follow_gae_application": "",
                "secondary_zone": "",
                "zone": "us-central1-f"
              }
            ],
            "maintenance_window": [],
            "password_validation_policy": [],
            "pricing_plan": "PER_USE",
            "sql_server_audit_config": [],
            "tier": "db-f1-micro",
            "time_zone": "",
            "user_labels": {},
            "version": 4
          }
        ],
        "timeouts": null
      },
      "type": [
        "object",
        {
          "available_maintenance_versions": [
            "list",
            "string"
          ],
          "clone": [
            "list",
            [
              "object",
              {
                "allocated_ip_range": "string",
                "database_names": [
                  "list",
                  "string"
                ],
                "point_in_time": "string",
                "source_instance_name": "string"
              }
            ]
          ],
          "connection_name": "string",
          "database_version": "string",
          "deletion_protection": "bool",
          "dns_name": "string",
          "encryption_key_name": "string",
          "first_ip_address": "string",
          "id": "string",
          "instance_type": "string",
          "ip_address": [
            "list",
            [
              "object",
              {
                "ip_address": "string",
                "time_to_retire": "string",
                "type": "string"
              }
            ]
          ],
          "maintenance_version": "string",
          "master_instance_name": "string",
          "name": "string",
          "private_ip_address": "string",
          "project": "string",
          "psc_service_attachment_link": "string",
          "public_ip_address": "string",
          "region": "string",
          "replica_configuration": [
            "list",
            [
              "object",
              {
                "ca_certificate": "string",
                "client_certificate": "string",
                "client_key": "string",
                "connect_retry_interval": "number",
                "dump_file_path": "string",
                "failover_target": "bool",
                "master_heartbeat_period": "number",
                "password": "string",
                "ssl_cipher": "string",
                "username": "string",
                "verify_server_certificate": "bool"
              }
            ]
          ],
          "restore_backup_context": [
            "list",
            [
              "object",
              {
                "backup_run_id": "number",
                "instance_id": "string",
                "project": "string"
              }
            ]
          ],
          "root_password": "string",
          "self_link": "string",
          "server_ca_cert": [
            "list",
            [
              "object",
              {
                "cert": "string",
                "common_name": "string",
                "create_time": "string",
                "expiration_time": "string",
                "sha1_fingerprint": "string"
              }
            ]
          ],
          "service_account_email_address": "string",
          "settings": [
            "list",
            [
              "object",
              {
                "activation_policy": "string",
                "active_directory_config": [
                  "list",
                  [
                    "object",
                    {
                      "domain": "string"
                    }
                  ]
                ],
                "advanced_machine_features": [
                  "list",
                  [
                    "object",
                    {
                      "threads_per_core": "number"
                    }
                  ]
                ],
                "availability_type": "string",
                "backup_configuration": [
                  "list",
                  [
                    "object",
                    {
                      "backup_retention_settings": [
                        "list",
                        [
                          "object",
                          {
                            "retained_backups": "number",
                            "retention_unit": "string"
                          }
                        ]
                      ],
                      "binary_log_enabled": "bool",
                      "enabled": "bool",
                      "location": "string",
                      "point_in_time_recovery_enabled": "bool",
                      "start_time": "string",
                      "transaction_log_retention_days": "number"
                    }
                  ]
                ],
                "collation": "string",
                "connector_enforcement": "string",
                "data_cache_config": [
                  "list",
                  [
                    "object",
                    {
                      "data_cache_enabled": "bool"
                    }
                  ]
                ],
                "database_flags": [
                  "list",
                  [
                    "object",
                    {
                      "name": "string",
                      "value": "string"
                    }
                  ]
                ],
                "deletion_protection_enabled": "bool",
                "deny_maintenance_period": [
                  "list",
                  [
                    "object",
                    {
                      "end_date": "string",
                      "start_date": "string",
                      "time": "string"
                    }
                  ]
                ],
                "disk_autoresize": "bool",
                "disk_autoresize_limit": "number",
                "disk_size": "number",
                "disk_type": "string",
                "edition": "string",
                "insights_config": [
                  "list",
                  [
                    "object",
                    {
                      "query_insights_enabled": "bool",
                      "query_plans_per_minute": "number",
                      "query_string_length": "number",
                      "record_application_tags": "bool",
                      "record_client_address": "bool"
                    }
                  ]
                ],
                "ip_configuration": [
                  "list",
                  [
                    "object",
                    {
                      "allocated_ip_range": "string",
                      "authorized_networks": [
                        "set",
                        [
                          "object",
                          {
                            "expiration_time": "string",
                            "name": "string",
                            "value": "string"
                          }
                        ]
                      ],
                      "enable_private_path_for_google_cloud_services": "bool",
                      "ipv4_enabled": "bool",
                      "private_network": "string",
                      "psc_config": [
                        "set",
                        [
                          "object",
                          {
                            "allowed_consumer_projects": [
                              "set",
                              "string"
                            ],
                            "psc_enabled": "bool"
                          }
                        ]
                      ],
                      "require_ssl": "bool"
                    }
                  ]
                ],
                "location_preference": [
                  "list",
                  [
                    "object",
                    {
                      "follow_gae_application": "string",
                      "secondary_zone": "string",
                      "zone": "string"
                    }
                  ]
                ],
                "maintenance_window": [
                  "list",
                  [
                    "object",
                    {
                      "day": "number",
                      "hour": "number",
                      "update_track": "string"
                    }
                  ]
                ],
                "password_validation_policy": [
                  "list",
                  [
                    "object",
                    {
                      "complexity": "string",
                      "disallow_username_substring": "bool",
                      "enable_password_policy": "bool",
                      "min_length": "number",
                      "password_change_interval": "string",
                      "reuse_interval": "number"
                    }
                  ]
                ],
                "pricing_plan": "string",
                "sql_server_audit_config": [
                  "list",
                  [
                    "object",
                    {
                      "bucket": "string",
                      "retention_interval": "string",
                      "upload_interval": "string"
                    }
                  ]
                ],
                "tier": "string",
                "time_zone": "string",
                "user_labels": [
                  "map",
                  "string"
                ],
                "version": "number"
              }
            ]
          ],
          "timeouts": [
            "object",
            {
              "create": "string",
              "delete": "string",
              "update": "string"
            }
          ]
        }
      ],
      "sensitive": true
    },
    "ip": {
      "value": "10.2.0.0/16",
      "type": "string",
      "sensitive": true
    },
    "peering3": {
      "value": {
        "export_custom_routes": false,
        "export_subnet_routes_with_public_ip": true,
        "id": "vpc-1/peering3-1",
        "import_custom_routes": false,
        "import_subnet_routes_with_public_ip": false,
        "name": "peering3-1",
        "network": "https://www.googleapis.com/compute/v1/projects/leafy-summer-405104/global/networks/vpc-1",
        "peer_network": "https://www.googleapis.com/compute/v1/projects/leafy-summer-405104/global/networks/vpc-3",
        "stack_type": "IPV4_ONLY",
        "state": "INACTIVE",
        "state_details": "[2024-01-19T06:17:36.641-08:00]: Waiting for peer network to connect.",
        "timeouts": null
      },
      "type": [
        "object",
        {
          "export_custom_routes": "bool",
          "export_subnet_routes_with_public_ip": "bool",
          "id": "string",
          "import_custom_routes": "bool",
          "import_subnet_routes_with_public_ip": "bool",
          "name": "string",
          "network": "string",
          "peer_network": "string",
          "stack_type": "string",
          "state": "string",
          "state_details": "string",
          "timeouts": [
            "object",
            {
              "create": "string",
              "delete": "string",
              "update": "string"
            }
          ]
        }
      ],
      "sensitive": true
    },
    "peering4": {
      "value": {
        "export_custom_routes": false,
        "export_subnet_routes_with_public_ip": true,
        "id": "vpc-3/peering1-3",
        "import_custom_routes": false,
        "import_subnet_routes_with_public_ip": false,
        "name": "peering1-3",
        "network": "https://www.googleapis.com/compute/v1/projects/leafy-summer-405104/global/networks/vpc-3",
        "peer_network": "https://www.googleapis.com/compute/v1/projects/leafy-summer-405104/global/networks/vpc-1",
        "stack_type": "IPV4_ONLY",
        "state": "ACTIVE",
        "state_details": "[2024-01-19T06:17:50.387-08:00]: Connected.",
        "timeouts": null
      },
      "type": [
        "object",
        {
          "export_custom_routes": "bool",
          "export_subnet_routes_with_public_ip": "bool",
          "id": "string",
          "import_custom_routes": "bool",
          "import_subnet_routes_with_public_ip": "bool",
          "name": "string",
          "network": "string",
          "peer_network": "string",
          "stack_type": "string",
          "state": "string",
          "state_details": "string",
          "timeouts": [
            "object",
            {
              "create": "string",
              "delete": "string",
              "update": "string"
            }
          ]
        }
      ],
      "sensitive": true
    },
    "primary_preemptible_nodes": {
      "value": 2,
      "type": "number",
      "sensitive": true
    },
    "router-tf": {
      "value": {
        "bgp": [],
        "creation_timestamp": "2024-01-19T06:17:27.153-08:00",
        "description": "",
        "encrypted_interconnect_router": false,
        "id": "projects/leafy-summer-405104/regions/us-central1/routers/my-router",
        "name": "my-router",
        "network": "https://www.googleapis.com/compute/v1/projects/leafy-summer-405104/global/networks/my-network-tf",
        "project": "leafy-summer-405104",
        "region": "us-central1",
        "self_link": "https://www.googleapis.com/compute/v1/projects/leafy-summer-405104/regions/us-central1/routers/my-router",
        "timeouts": null
      },
      "type": [
        "object",
        {
          "bgp": [
            "list",
            [
              "object",
              {
                "advertise_mode": "string",
                "advertised_groups": [
                  "list",
                  "string"
                ],
                "advertised_ip_ranges": [
                  "list",
                  [
                    "object",
                    {
                      "description": "string",
                      "range": "string"
                    }
                  ]
                ],
                "asn": "number",
                "keepalive_interval": "number"
              }
            ]
          ],
          "creation_timestamp": "string",
          "description": "string",
          "encrypted_interconnect_router": "bool",
          "id": "string",
          "name": "string",
          "network": "string",
          "project": "string",
          "region": "string",
          "self_link": "string",
          "timeouts": [
            "object",
            {
              "create": "string",
              "delete": "string",
              "update": "string"
            }
          ]
        }
      ]
    },
    "sa_tf": {
      "value": {
        "account_id": "tfmanikanta",
        "description": "",
        "disabled": false,
        "display_name": "service-tf",
        "email": "tfmanikanta@leafy-summer-405104.iam.gserviceaccount.com",
        "id": "projects/leafy-summer-405104/serviceAccounts/tfmanikanta@leafy-summer-405104.iam.gserviceaccount.com",
        "member": "serviceAccount:tfmanikanta@leafy-summer-405104.iam.gserviceaccount.com",
        "name": "projects/leafy-summer-405104/serviceAccounts/tfmanikanta@leafy-summer-405104.iam.gserviceaccount.com",
        "project": "leafy-summer-405104",
        "timeouts": null,
        "unique_id": "105945403427776869156"
      },
      "type": [
        "object",
        {
          "account_id": "string",
          "description": "string",
          "disabled": "bool",
          "display_name": "string",
          "email": "string",
          "id": "string",
          "member": "string",
          "name": "string",
          "project": "string",
          "timeouts": [
            "object",
            {
              "create": "string"
            }
          ],
          "unique_id": "string"
        }
      ],
      "sensitive": true
    },
    "static-bucket": {
      "value": {
        "autoclass": [],
        "cors": [],
        "custom_placement_config": [],
        "default_event_based_hold": false,
        "encryption": [],
        "force_destroy": true,
        "id": "my-gcs-mani",
        "labels": {},
        "lifecycle_rule": [],
        "location": "US",
        "logging": [],
        "name": "my-gcs-mani",
        "project": "leafy-summer-405104",
        "public_access_prevention": "inherited",
        "requester_pays": false,
        "retention_policy": [],
        "self_link": "https://www.googleapis.com/storage/v1/b/my-gcs-mani",
        "storage_class": "STANDARD",
        "timeouts": null,
        "uniform_bucket_level_access": true,
        "url": "gs://my-gcs-mani",
        "versioning": [],
        "website": []
      },
      "type": [
        "object",
        {
          "autoclass": [
            "list",
            [
              "object",
              {
                "enabled": "bool"
              }
            ]
          ],
          "cors": [
            "list",
            [
              "object",
              {
                "max_age_seconds": "number",
                "method": [
                  "list",
                  "string"
                ],
                "origin": [
                  "list",
                  "string"
                ],
                "response_header": [
                  "list",
                  "string"
                ]
              }
            ]
          ],
          "custom_placement_config": [
            "list",
            [
              "object",
              {
                "data_locations": [
                  "set",
                  "string"
                ]
              }
            ]
          ],
          "default_event_based_hold": "bool",
          "encryption": [
            "list",
            [
              "object",
              {
                "default_kms_key_name": "string"
              }
            ]
          ],
          "force_destroy": "bool",
          "id": "string",
          "labels": [
            "map",
            "string"
          ],
          "lifecycle_rule": [
            "list",
            [
              "object",
              {
                "action": [
                  "set",
                  [
                    "object",
                    {
                      "storage_class": "string",
                      "type": "string"
                    }
                  ]
                ],
                "condition": [
                  "set",
                  [
                    "object",
                    {
                      "age": "number",
                      "created_before": "string",
                      "custom_time_before": "string",
                      "days_since_custom_time": "number",
                      "days_since_noncurrent_time": "number",
                      "matches_prefix": [
                        "list",
                        "string"
                      ],
                      "matches_storage_class": [
                        "list",
                        "string"
                      ],
                      "matches_suffix": [
                        "list",
                        "string"
                      ],
                      "noncurrent_time_before": "string",
                      "num_newer_versions": "number",
                      "with_state": "string"
                    }
                  ]
                ]
              }
            ]
          ],
          "location": "string",
          "logging": [
            "list",
            [
              "object",
              {
                "log_bucket": "string",
                "log_object_prefix": "string"
              }
            ]
          ],
          "name": "string",
          "project": "string",
          "public_access_prevention": "string",
          "requester_pays": "bool",
          "retention_policy": [
            "list",
            [
              "object",
              {
                "is_locked": "bool",
                "retention_period": "number"
              }
            ]
          ],
          "self_link": "string",
          "storage_class": "string",
          "timeouts": [
            "object",
            {
              "create": "string",
              "read": "string",
              "update": "string"
            }
          ],
          "uniform_bucket_level_access": "bool",
          "url": "string",
          "versioning": [
            "list",
            [
              "object",
              {
                "enabled": "bool"
              }
            ]
          ],
          "website": [
            "list",
            [
              "object",
              {
                "main_page_suffix": "string",
                "not_found_page": "string"
              }
            ]
          ]
        }
      ],
      "sensitive": true
    },
    "subnet": {
      "value": {
        "creation_timestamp": "2024-01-19T06:17:27.274-08:00",
        "description": "",
        "external_ipv6_prefix": "",
        "fingerprint": null,
        "gateway_address": "10.2.0.1",
        "id": "projects/leafy-summer-405104/regions/us-central1/subnetworks/test-subnet",
        "internal_ipv6_prefix": "",
        "ip_cidr_range": "10.2.0.0/16",
        "ipv6_access_type": "",
        "ipv6_cidr_range": "",
        "log_config": [],
        "name": "test-subnet",
        "network": "https://www.googleapis.com/compute/v1/projects/leafy-summer-405104/global/networks/my-network-tf",
        "private_ip_google_access": false,
        "private_ipv6_google_access": "DISABLE_GOOGLE_ACCESS",
        "project": "leafy-summer-405104",
        "purpose": "PRIVATE",
        "region": "us-central1",
        "role": "",
        "secondary_ip_range": [],
        "self_link": "https://www.googleapis.com/compute/v1/projects/leafy-summer-405104/regions/us-central1/subnetworks/test-subnet",
        "stack_type": "IPV4_ONLY",
        "timeouts": null
      },
      "type": [
        "object",
        {
          "creation_timestamp": "string",
          "description": "string",
          "external_ipv6_prefix": "string",
          "fingerprint": "string",
          "gateway_address": "string",
          "id": "string",
          "internal_ipv6_prefix": "string",
          "ip_cidr_range": "string",
          "ipv6_access_type": "string",
          "ipv6_cidr_range": "string",
          "log_config": [
            "list",
            [
              "object",
              {
                "aggregation_interval": "string",
                "filter_expr": "string",
                "flow_sampling": "number",
                "metadata": "string",
                "metadata_fields": [
                  "set",
                  "string"
                ]
              }
            ]
          ],
          "name": "string",
          "network": "string",
          "private_ip_google_access": "bool",
          "private_ipv6_google_access": "string",
          "project": "string",
          "purpose": "string",
          "region": "string",
          "role": "string",
          "secondary_ip_range": [
            "list",
            [
              "object",
              {
                "ip_cidr_range": "string",
                "range_name": "string"
              }
            ]
          ],
          "self_link": "string",
          "stack_type": "string",
          "timeouts": [
            "object",
            {
              "create": "string",
              "delete": "string",
              "update": "string"
            }
          ]
        }
      ],
      "sensitive": true
    },
    "users": {
      "value": "me",
      "type": "string",
      "sensitive": true
    },
    "vpc-1": {
      "value": {
        "auto_create_subnetworks": false,
        "delete_default_routes_on_create": false,
        "description": "",
        "enable_ula_internal_ipv6": false,
        "gateway_ipv4": "",
        "id": "projects/leafy-summer-405104/global/networks/vpc-1",
        "internal_ipv6_range": "",
        "mtu": 0,
        "name": "vpc-1",
        "network_firewall_policy_enforcement_order": "AFTER_CLASSIC_FIREWALL",
        "project": "leafy-summer-405104",
        "routing_mode": "REGIONAL",
        "self_link": "https://www.googleapis.com/compute/v1/projects/leafy-summer-405104/global/networks/vpc-1",
        "timeouts": null
      },
      "type": [
        "object",
        {
          "auto_create_subnetworks": "bool",
          "delete_default_routes_on_create": "bool",
          "description": "string",
          "enable_ula_internal_ipv6": "bool",
          "gateway_ipv4": "string",
          "id": "string",
          "internal_ipv6_range": "string",
          "mtu": "number",
          "name": "string",
          "network_firewall_policy_enforcement_order": "string",
          "project": "string",
          "routing_mode": "string",
          "self_link": "string",
          "timeouts": [
            "object",
            {
              "create": "string",
              "delete": "string",
              "update": "string"
            }
          ]
        }
      ],
      "sensitive": true
    },
    "vpc-3": {
      "value": {
        "auto_create_subnetworks": false,
        "delete_default_routes_on_create": false,
        "description": "",
        "enable_ula_internal_ipv6": false,
        "gateway_ipv4": "",
        "id": "projects/leafy-summer-405104/global/networks/vpc-3",
        "internal_ipv6_range": "",
        "mtu": 0,
        "name": "vpc-3",
        "network_firewall_policy_enforcement_order": "AFTER_CLASSIC_FIREWALL",
        "project": "leafy-summer-405104",
        "routing_mode": "REGIONAL",
        "self_link": "https://www.googleapis.com/compute/v1/projects/leafy-summer-405104/global/networks/vpc-3",
        "timeouts": null
      },
      "type": [
        "object",
        {
          "auto_create_subnetworks": "bool",
          "delete_default_routes_on_create": "bool",
          "description": "string",
          "enable_ula_internal_ipv6": "bool",
          "gateway_ipv4": "string",
          "id": "string",
          "internal_ipv6_range": "string",
          "mtu": "number",
          "name": "string",
          "network_firewall_policy_enforcement_order": "string",
          "project": "string",
          "routing_mode": "string",
          "self_link": "string",
          "timeouts": [
            "object",
            {
              "create": "string",
              "delete": "string",
              "update": "string"
            }
          ]
        }
      ],
      "sensitive": true
    }
  },
  "resources": [
    {
      "mode": "managed",
      "type": "google_compute_firewall",
      "name": "firewall-terra",
      "provider": "provider[\"registry.terraform.io/hashicorp/google\"]",
      "instances": [
        {
          "schema_version": 1,
          "attributes": {
            "allow": [
              {
                "ports": [
                  "80",
                  "8080",
                  "1000-2000",
                  "443"
                ],
                "protocol": "tcp"
              }
            ],
            "creation_timestamp": "2024-01-19T06:17:26.152-08:00",
            "deny": [],
            "description": "",
            "destination_ranges": [],
            "direction": "INGRESS",
            "disabled": false,
            "enable_logging": null,
            "id": "projects/leafy-summer-405104/global/firewalls/test-firewall",
            "log_config": [],
            "name": "test-firewall",
            "network": "https://www.googleapis.com/compute/v1/projects/leafy-summer-405104/global/networks/my-network-tf",
            "priority": 1000,
            "project": "leafy-summer-405104",
            "self_link": "https://www.googleapis.com/compute/v1/projects/leafy-summer-405104/global/firewalls/test-firewall",
            "source_ranges": null,
            "source_service_accounts": null,
            "source_tags": [
              "web"
            ],
            "target_service_accounts": null,
            "target_tags": null,
            "timeouts": null
          },
          "sensitive_attributes": [],
          "private": "eyJlMmJmYjczMC1lY2FhLTExZTYtOGY4OC0zNDM2M2JjN2M0YzAiOnsiY3JlYXRlIjoxMjAwMDAwMDAwMDAwLCJkZWxldGUiOjEyMDAwMDAwMDAwMDAsInVwZGF0ZSI6MTIwMDAwMDAwMDAwMH0sInNjaGVtYV92ZXJzaW9uIjoiMSJ9",
          "dependencies": [
            "google_compute_network.custom-vpc-tf"
          ]
        }
      ]
    },
    {
      "mode": "managed",
      "type": "google_compute_forwarding_rule",
      "name": "forwarding-tf",
      "provider": "provider[\"registry.terraform.io/hashicorp/google\"]",
      "instances": [
        {
          "schema_version": 0,
          "attributes": {
            "all_ports": false,
            "allow_global_access": false,
            "allow_psc_global_access": false,
            "backend_service": "https://www.googleapis.com/compute/v1/projects/leafy-summer-405104/regions/us-central1/backendServices/website-backend",
            "base_forwarding_rule": "",
            "creation_timestamp": "2024-01-19T06:17:35.034-08:00",
            "description": "",
            "id": "projects/leafy-summer-405104/regions/us-central1/forwardingRules/website-forwarding-rule",
            "ip_address": "34.29.227.177",
            "ip_protocol": "TCP",
            "ip_version": "",
            "is_mirroring_collector": false,
            "label_fingerprint": "42WmSpB8rSM=",
            "labels": null,
            "load_balancing_scheme": "EXTERNAL",
            "name": "website-forwarding-rule",
            "network": "",
            "network_tier": "PREMIUM",
            "no_automate_dns_zone": null,
            "port_range": "80-80",
            "ports": null,
            "project": "leafy-summer-405104",
            "psc_connection_id": "",
            "psc_connection_status": "",
            "region": "us-central1",
            "self_link": "https://www.googleapis.com/compute/v1/projects/leafy-summer-405104/regions/us-central1/forwardingRules/website-forwarding-rule",
            "service_directory_registrations": [],
            "service_label": "",
            "service_name": "",
            "source_ip_ranges": null,
            "subnetwork": "",
            "target": "",
            "timeouts": null
          },
          "sensitive_attributes": [],
          "private": "eyJlMmJmYjczMC1lY2FhLTExZTYtOGY4OC0zNDM2M2JjN2M0YzAiOnsiY3JlYXRlIjoxMjAwMDAwMDAwMDAwLCJkZWxldGUiOjEyMDAwMDAwMDAwMDAsInVwZGF0ZSI6MTIwMDAwMDAwMDAwMH19",
          "dependencies": [
            "google_compute_region_backend_service.backend-tf",
            "google_compute_region_health_check.hc-tf"
          ]
        }
      ]
    },
    {
      "mode": "managed",
      "type": "google_compute_instance",
      "name": "instance_terra",
      "provider": "provider[\"registry.terraform.io/hashicorp/google\"]",
      "instances": [
        {
          "schema_version": 6,
          "attributes": {
            "advanced_machine_features": [],
            "allow_stopping_for_update": null,
            "attached_disk": [],
            "boot_disk": [
              {
                "auto_delete": true,
                "device_name": "persistent-disk-0",
                "disk_encryption_key_raw": "",
                "disk_encryption_key_sha256": "",
                "initialize_params": [
                  {
                    "image": "https://www.googleapis.com/compute/v1/projects/debian-cloud/global/images/debian-11-bullseye-v20220719",
                    "labels": {},
                    "resource_manager_tags": null,
                    "size": 10,
                    "type": "pd-standard"
                  }
                ],
                "kms_key_self_link": "",
                "mode": "READ_WRITE",
                "source": "https://www.googleapis.com/compute/v1/projects/leafy-summer-405104/zones/us-central1-a/disks/my-instance"
              }
            ],
            "can_ip_forward": false,
            "confidential_instance_config": [],
            "cpu_platform": "Intel Broadwell",
            "current_status": "RUNNING",
            "deletion_protection": false,
            "description": "",
            "desired_status": null,
            "enable_display": false,
            "guest_accelerator": [],
            "hostname": "",
            "id": "projects/leafy-summer-405104/zones/us-central1-a/instances/my-instance",
            "instance_id": "1426883066236189288",
            "label_fingerprint": "42WmSpB8rSM=",
            "labels": null,
            "machine_type": "e2-medium",
            "metadata": null,
            "metadata_fingerprint": "ClhCZBXEwUM=",
            "metadata_startup_script": null,
            "min_cpu_platform": "",
            "name": "my-instance",
            "network_interface": [
              {
                "access_config": [
                  {
                    "nat_ip": "35.223.137.128",
                    "network_tier": "PREMIUM",
                    "public_ptr_domain_name": ""
                  }
                ],
                "alias_ip_range": [],
                "internal_ipv6_prefix_length": 0,
                "ipv6_access_config": [],
                "ipv6_access_type": "",
                "ipv6_address": "",
                "name": "nic0",
                "network": "https://www.googleapis.com/compute/v1/projects/leafy-summer-405104/global/networks/my-network-tf",
                "network_ip": "10.2.0.2",
                "nic_type": "",
                "queue_count": 0,
                "stack_type": "IPV4_ONLY",
                "subnetwork": "https://www.googleapis.com/compute/v1/projects/leafy-summer-405104/regions/us-central1/subnetworks/test-subnet",
                "subnetwork_project": "leafy-summer-405104"
              }
            ],
            "network_performance_config": [],
            "params": [],
            "project": "leafy-summer-405104",
            "reservation_affinity": [],
            "resource_policies": null,
            "scheduling": [
              {
                "automatic_restart": true,
                "instance_termination_action": "",
                "local_ssd_recovery_timeout": [],
                "min_node_cpus": 0,
                "node_affinities": [],
                "on_host_maintenance": "MIGRATE",
                "preemptible": false,
                "provisioning_model": "STANDARD"
              }
            ],
            "scratch_disk": [],
            "self_link": "https://www.googleapis.com/compute/v1/projects/leafy-summer-405104/zones/us-central1-a/instances/my-instance",
            "service_account": [],
            "shielded_instance_config": [
              {
                "enable_integrity_monitoring": true,
                "enable_secure_boot": false,
                "enable_vtpm": true
              }
            ],
            "tags": null,
            "tags_fingerprint": "42WmSpB8rSM=",
            "timeouts": null,
            "zone": "us-central1-a"
          },
          "sensitive_attributes": [],
          "private": "eyJlMmJmYjczMC1lY2FhLTExZTYtOGY4OC0zNDM2M2JjN2M0YzAiOnsiY3JlYXRlIjoxMjAwMDAwMDAwMDAwLCJkZWxldGUiOjEyMDAwMDAwMDAwMDAsInVwZGF0ZSI6MTIwMDAwMDAwMDAwMH0sInNjaGVtYV92ZXJzaW9uIjoiNiJ9",
          "dependencies": [
            "google_compute_network.custom-vpc-tf",
            "google_compute_subnetwork.subnet-tf"
          ]
        }
      ]
    },
    {
      "mode": "managed",
      "type": "google_compute_network",
      "name": "custom-vpc-tf",
      "provider": "provider[\"registry.terraform.io/hashicorp/google\"]",
      "instances": [
        {
          "schema_version": 0,
          "attributes": {
            "auto_create_subnetworks": false,
            "delete_default_routes_on_create": false,
            "description": "",
            "enable_ula_internal_ipv6": false,
            "gateway_ipv4": "",
            "id": "projects/leafy-summer-405104/global/networks/my-network-tf",
            "internal_ipv6_range": "",
            "mtu": 0,
            "name": "my-network-tf",
            "network_firewall_policy_enforcement_order": "AFTER_CLASSIC_FIREWALL",
            "project": "leafy-summer-405104",
            "routing_mode": "REGIONAL",
            "self_link": "https://www.googleapis.com/compute/v1/projects/leafy-summer-405104/global/networks/my-network-tf",
            "timeouts": null
          },
          "sensitive_attributes": [],
          "private": "eyJlMmJmYjczMC1lY2FhLTExZTYtOGY4OC0zNDM2M2JjN2M0YzAiOnsiY3JlYXRlIjoxMjAwMDAwMDAwMDAwLCJkZWxldGUiOjEyMDAwMDAwMDAwMDAsInVwZGF0ZSI6MTIwMDAwMDAwMDAwMH19"
        }
      ]
    },
    {
      "mode": "managed",
      "type": "google_compute_network",
      "name": "vpc-1",
      "provider": "provider[\"registry.terraform.io/hashicorp/google\"]",
      "instances": [
        {
          "schema_version": 0,
          "attributes": {
            "auto_create_subnetworks": false,
            "delete_default_routes_on_create": false,
            "description": "",
            "enable_ula_internal_ipv6": false,
            "gateway_ipv4": "",
            "id": "projects/leafy-summer-405104/global/networks/vpc-1",
            "internal_ipv6_range": "",
            "mtu": 0,
            "name": "vpc-1",
            "network_firewall_policy_enforcement_order": "AFTER_CLASSIC_FIREWALL",
            "project": "leafy-summer-405104",
            "routing_mode": "REGIONAL",
            "self_link": "https://www.googleapis.com/compute/v1/projects/leafy-summer-405104/global/networks/vpc-1",
            "timeouts": null
          },
          "sensitive_attributes": [],
          "private": "eyJlMmJmYjczMC1lY2FhLTExZTYtOGY4OC0zNDM2M2JjN2M0YzAiOnsiY3JlYXRlIjoxMjAwMDAwMDAwMDAwLCJkZWxldGUiOjEyMDAwMDAwMDAwMDAsInVwZGF0ZSI6MTIwMDAwMDAwMDAwMH19"
        }
      ]
    },
    {
      "mode": "managed",
      "type": "google_compute_network",
      "name": "vpc-3",
      "provider": "provider[\"registry.terraform.io/hashicorp/google\"]",
      "instances": [
        {
          "schema_version": 0,
          "attributes": {
            "auto_create_subnetworks": false,
            "delete_default_routes_on_create": false,
            "description": "",
            "enable_ula_internal_ipv6": false,
            "gateway_ipv4": "",
            "id": "projects/leafy-summer-405104/global/networks/vpc-3",
            "internal_ipv6_range": "",
            "mtu": 0,
            "name": "vpc-3",
            "network_firewall_policy_enforcement_order": "AFTER_CLASSIC_FIREWALL",
            "project": "leafy-summer-405104",
            "routing_mode": "REGIONAL",
            "self_link": "https://www.googleapis.com/compute/v1/projects/leafy-summer-405104/global/networks/vpc-3",
            "timeouts": null
          },
          "sensitive_attributes": [],
          "private": "eyJlMmJmYjczMC1lY2FhLTExZTYtOGY4OC0zNDM2M2JjN2M0YzAiOnsiY3JlYXRlIjoxMjAwMDAwMDAwMDAwLCJkZWxldGUiOjEyMDAwMDAwMDAwMDAsInVwZGF0ZSI6MTIwMDAwMDAwMDAwMH19"
        }
      ]
    },
    {
      "mode": "managed",
      "type": "google_compute_network_peering",
      "name": "peering3",
      "provider": "provider[\"registry.terraform.io/hashicorp/google\"]",
      "instances": [
        {
          "schema_version": 0,
          "attributes": {
            "export_custom_routes": false,
            "export_subnet_routes_with_public_ip": true,
            "id": "vpc-1/peering3-1",
            "import_custom_routes": false,
            "import_subnet_routes_with_public_ip": false,
            "name": "peering3-1",
            "network": "https://www.googleapis.com/compute/v1/projects/leafy-summer-405104/global/networks/vpc-1",
            "peer_network": "https://www.googleapis.com/compute/v1/projects/leafy-summer-405104/global/networks/vpc-3",
            "stack_type": "IPV4_ONLY",
            "state": "INACTIVE",
            "state_details": "[2024-01-19T06:17:36.641-08:00]: Waiting for peer network to connect.",
            "timeouts": null
          },
          "sensitive_attributes": [],
          "private": "eyJlMmJmYjczMC1lY2FhLTExZTYtOGY4OC0zNDM2M2JjN2M0YzAiOnsiY3JlYXRlIjoyNDAwMDAwMDAwMDAsImRlbGV0ZSI6MjQwMDAwMDAwMDAwLCJ1cGRhdGUiOjI0MDAwMDAwMDAwMH19",
          "dependencies": [
            "google_compute_network.vpc-1",
            "google_compute_network.vpc-3"
          ]
        }
      ]
    },
    {
      "mode": "managed",
      "type": "google_compute_network_peering",
      "name": "peering4",
      "provider": "provider[\"registry.terraform.io/hashicorp/google\"]",
      "instances": [
        {
          "schema_version": 0,
          "attributes": {
            "export_custom_routes": false,
            "export_subnet_routes_with_public_ip": true,
            "id": "vpc-3/peering1-3",
            "import_custom_routes": false,
            "import_subnet_routes_with_public_ip": false,
            "name": "peering1-3",
            "network": "https://www.googleapis.com/compute/v1/projects/leafy-summer-405104/global/networks/vpc-3",
            "peer_network": "https://www.googleapis.com/compute/v1/projects/leafy-summer-405104/global/networks/vpc-1",
            "stack_type": "IPV4_ONLY",
            "state": "ACTIVE",
            "state_details": "[2024-01-19T06:17:50.387-08:00]: Connected.",
            "timeouts": null
          },
          "sensitive_attributes": [],
          "private": "eyJlMmJmYjczMC1lY2FhLTExZTYtOGY4OC0zNDM2M2JjN2M0YzAiOnsiY3JlYXRlIjoyNDAwMDAwMDAwMDAsImRlbGV0ZSI6MjQwMDAwMDAwMDAwLCJ1cGRhdGUiOjI0MDAwMDAwMDAwMH19",
          "dependencies": [
            "google_compute_network.vpc-1",
            "google_compute_network.vpc-3"
          ]
        }
      ]
    },
    {
      "mode": "managed",
      "type": "google_compute_region_backend_service",
      "name": "backend-tf",
      "provider": "provider[\"registry.terraform.io/hashicorp/google\"]",
      "instances": [
        {
          "schema_version": 1,
          "attributes": {
            "affinity_cookie_ttl_sec": 0,
            "backend": [],
            "cdn_policy": [],
            "circuit_breakers": [],
            "connection_draining_timeout_sec": 0,
            "consistent_hash": [],
            "creation_timestamp": "2024-01-19T06:17:17.891-08:00",
            "description": "",
            "enable_cdn": false,
            "failover_policy": [],
            "fingerprint": "y81krE4xB5U=",
            "health_checks": [
              "projects/leafy-summer-405104/regions/us-central1/healthChecks/check-website-backend"
            ],
            "iap": [],
            "id": "projects/leafy-summer-405104/regions/us-central1/backendServices/website-backend",
            "load_balancing_scheme": "EXTERNAL",
            "locality_lb_policy": "",
            "log_config": [],
            "name": "website-backend",
            "network": "",
            "outlier_detection": [],
            "port_name": "http",
            "project": "leafy-summer-405104",
            "protocol": "TCP",
            "region": "us-central1",
            "self_link": "https://www.googleapis.com/compute/v1/projects/leafy-summer-405104/regions/us-central1/backendServices/website-backend",
            "session_affinity": "NONE",
            "timeout_sec": 30,
            "timeouts": null
          },
          "sensitive_attributes": [],
          "private": "eyJlMmJmYjczMC1lY2FhLTExZTYtOGY4OC0zNDM2M2JjN2M0YzAiOnsiY3JlYXRlIjoxMjAwMDAwMDAwMDAwLCJkZWxldGUiOjEyMDAwMDAwMDAwMDAsInVwZGF0ZSI6MTIwMDAwMDAwMDAwMH0sInNjaGVtYV92ZXJzaW9uIjoiMSJ9",
          "dependencies": [
            "google_compute_region_health_check.hc-tf"
          ]
        }
      ]
    },
    {
      "mode": "managed",
      "type": "google_compute_region_health_check",
      "name": "hc-tf",
      "provider": "provider[\"registry.terraform.io/hashicorp/google\"]",
      "instances": [
        {
          "schema_version": 0,
          "attributes": {
            "check_interval_sec": 1,
            "creation_timestamp": "2024-01-19T06:17:14.290-08:00",
            "description": "",
            "grpc_health_check": [],
            "healthy_threshold": 2,
            "http2_health_check": [],
            "http_health_check": [],
            "https_health_check": [],
            "id": "projects/leafy-summer-405104/regions/us-central1/healthChecks/check-website-backend",
            "log_config": [
              {
                "enable": false
              }
            ],
            "name": "check-website-backend",
            "project": "leafy-summer-405104",
            "region": "us-central1",
            "self_link": "https://www.googleapis.com/compute/v1/projects/leafy-summer-405104/regions/us-central1/healthChecks/check-website-backend",
            "ssl_health_check": [],
            "tcp_health_check": [
              {
                "port": 80,
                "port_name": "",
                "port_specification": "",
                "proxy_header": "NONE",
                "request": "",
                "response": ""
              }
            ],
            "timeout_sec": 1,
            "timeouts": null,
            "type": "TCP",
            "unhealthy_threshold": 2
          },
          "sensitive_attributes": [],
          "private": "eyJlMmJmYjczMC1lY2FhLTExZTYtOGY4OC0zNDM2M2JjN2M0YzAiOnsiY3JlYXRlIjoxMjAwMDAwMDAwMDAwLCJkZWxldGUiOjEyMDAwMDAwMDAwMDAsInVwZGF0ZSI6MTIwMDAwMDAwMDAwMH19"
        }
      ]
    },
    {
      "mode": "managed",
      "type": "google_compute_router",
      "name": "router-tf",
      "provider": "provider[\"registry.terraform.io/hashicorp/google\"]",
      "instances": [
        {
          "schema_version": 0,
          "attributes": {
            "bgp": [],
            "creation_timestamp": "2024-01-19T06:17:27.153-08:00",
            "description": "",
            "encrypted_interconnect_router": false,
            "id": "projects/leafy-summer-405104/regions/us-central1/routers/my-router",
            "name": "my-router",
            "network": "https://www.googleapis.com/compute/v1/projects/leafy-summer-405104/global/networks/my-network-tf",
            "project": "leafy-summer-405104",
            "region": "us-central1",
            "self_link": "https://www.googleapis.com/compute/v1/projects/leafy-summer-405104/regions/us-central1/routers/my-router",
            "timeouts": null
          },
          "sensitive_attributes": [],
          "private": "eyJlMmJmYjczMC1lY2FhLTExZTYtOGY4OC0zNDM2M2JjN2M0YzAiOnsiY3JlYXRlIjoxMjAwMDAwMDAwMDAwLCJkZWxldGUiOjEyMDAwMDAwMDAwMDAsInVwZGF0ZSI6MTIwMDAwMDAwMDAwMH19",
          "dependencies": [
            "google_compute_network.custom-vpc-tf"
          ]
        }
      ]
    },
    {
      "mode": "managed",
      "type": "google_compute_subnetwork",
      "name": "subnet-tf",
      "provider": "provider[\"registry.terraform.io/hashicorp/google\"]",
      "instances": [
        {
          "schema_version": 0,
          "attributes": {
            "creation_timestamp": "2024-01-19T06:17:27.274-08:00",
            "description": "",
            "external_ipv6_prefix": "",
            "fingerprint": null,
            "gateway_address": "10.2.0.1",
            "id": "projects/leafy-summer-405104/regions/us-central1/subnetworks/test-subnet",
            "internal_ipv6_prefix": "",
            "ip_cidr_range": "10.2.0.0/16",
            "ipv6_access_type": "",
            "ipv6_cidr_range": "",
            "log_config": [],
            "name": "test-subnet",
            "network": "https://www.googleapis.com/compute/v1/projects/leafy-summer-405104/global/networks/my-network-tf",
            "private_ip_google_access": false,
            "private_ipv6_google_access": "DISABLE_GOOGLE_ACCESS",
            "project": "leafy-summer-405104",
            "purpose": "PRIVATE",
            "region": "us-central1",
            "role": "",
            "secondary_ip_range": [],
            "self_link": "https://www.googleapis.com/compute/v1/projects/leafy-summer-405104/regions/us-central1/subnetworks/test-subnet",
            "stack_type": "IPV4_ONLY",
            "timeouts": null
          },
          "sensitive_attributes": [],
          "private": "eyJlMmJmYjczMC1lY2FhLTExZTYtOGY4OC0zNDM2M2JjN2M0YzAiOnsiY3JlYXRlIjoxMjAwMDAwMDAwMDAwLCJkZWxldGUiOjEyMDAwMDAwMDAwMDAsInVwZGF0ZSI6MTIwMDAwMDAwMDAwMH19",
          "dependencies": [
            "google_compute_network.custom-vpc-tf"
          ]
        }
      ]
    },
    {
      "mode": "managed",
      "type": "google_network_connectivity_hub",
      "name": "hub-tf",
      "provider": "provider[\"registry.terraform.io/hashicorp/google\"]",
      "instances": [
        {
          "schema_version": 0,
          "attributes": {
            "create_time": "2024-01-19T14:17:15.554967597Z",
            "description": "",
            "id": "projects/leafy-summer-405104/locations/global/hubs/my-hub-tf",
            "labels": null,
            "name": "my-hub-tf",
            "project": "leafy-summer-405104",
            "routing_vpcs": [],
            "state": "ACTIVE",
            "timeouts": null,
            "unique_id": "ecf25e77-12f3-44a7-877a-b0a5511832af",
            "update_time": "2024-01-19T14:17:36.595390757Z"
          },
          "sensitive_attributes": [],
          "private": "eyJlMmJmYjczMC1lY2FhLTExZTYtOGY4OC0zNDM2M2JjN2M0YzAiOnsiY3JlYXRlIjoxMjAwMDAwMDAwMDAwLCJkZWxldGUiOjEyMDAwMDAwMDAwMDAsInVwZGF0ZSI6MTIwMDAwMDAwMDAwMH19"
        }
      ]
    },
    {
      "mode": "managed",
      "type": "google_network_connectivity_spoke",
      "name": "spoke-tf",
      "provider": "provider[\"registry.terraform.io/hashicorp/google\"]",
      "instances": [
        {
          "schema_version": 0,
          "attributes": {
            "create_time": "2024-01-19T14:17:43.189479846Z",
            "description": "",
            "hub": "projects/leafy-summer-405104/locations/global/hubs/my-hub-tf",
            "id": "projects/leafy-summer-405104/locations/global/spokes/my-spoke",
            "labels": null,
            "linked_interconnect_attachments": [],
            "linked_router_appliance_instances": [],
            "linked_vpc_network": [
              {
                "exclude_export_ranges": [
                  "198.51.100.0/24",
                  "10.10.0.0/16"
                ],
                "uri": "https://www.googleapis.com/compute/v1/projects/leafy-summer-405104/global/networks/my-network-tf"
              }
            ],
            "linked_vpn_tunnels": [],
            "location": "global",
            "name": "my-spoke",
            "project": "leafy-summer-405104",
            "state": "ACTIVE",
            "timeouts": null,
            "unique_id": "77571f82-93df-4cbc-aa7c-f04966f0a0ea",
            "update_time": "2024-01-19T14:18:35.238254984Z"
          },
          "sensitive_attributes": [],
          "private": "eyJlMmJmYjczMC1lY2FhLTExZTYtOGY4OC0zNDM2M2JjN2M0YzAiOnsiY3JlYXRlIjoxMjAwMDAwMDAwMDAwLCJkZWxldGUiOjEyMDAwMDAwMDAwMDAsInVwZGF0ZSI6MTIwMDAwMDAwMDAwMH19",
          "dependencies": [
            "google_compute_network.custom-vpc-tf",
            "google_network_connectivity_hub.hub-tf"
          ]
        }
      ]
    },
    {
      "mode": "managed",
      "type": "google_service_account",
      "name": "sa_tf",
      "provider": "provider[\"registry.terraform.io/hashicorp/google\"]",
      "instances": [
        {
          "schema_version": 0,
          "attributes": {
            "account_id": "tfmanikanta",
            "description": "",
            "disabled": false,
            "display_name": "service-tf",
            "email": "tfmanikanta@leafy-summer-405104.iam.gserviceaccount.com",
            "id": "projects/leafy-summer-405104/serviceAccounts/tfmanikanta@leafy-summer-405104.iam.gserviceaccount.com",
            "member": "serviceAccount:tfmanikanta@leafy-summer-405104.iam.gserviceaccount.com",
            "name": "projects/leafy-summer-405104/serviceAccounts/tfmanikanta@leafy-summer-405104.iam.gserviceaccount.com",
            "project": "leafy-summer-405104",
            "timeouts": null,
            "unique_id": "105945403427776869156"
          },
          "sensitive_attributes": [],
          "private": "eyJlMmJmYjczMC1lY2FhLTExZTYtOGY4OC0zNDM2M2JjN2M0YzAiOnsiY3JlYXRlIjozMDAwMDAwMDAwMDB9fQ=="
        }
      ]
    },
    {
      "mode": "managed",
      "type": "google_sql_database",
      "name": "database-tf",
      "provider": "provider[\"registry.terraform.io/hashicorp/google\"]",
      "instances": [
        {
          "schema_version": 0,
          "attributes": {
            "charset": "utf8mb4",
            "collation": "utf8mb4_0900_ai_ci",
            "deletion_policy": "DELETE",
            "id": "projects/leafy-summer-405104/instances/my-database-instance/databases/my-database",
            "instance": "my-database-instance",
            "name": "my-database",
            "project": "leafy-summer-405104",
            "self_link": "https://sqladmin.googleapis.com/sql/v1beta4/projects/leafy-summer-405104/instances/my-database-instance/databases/my-database",
            "timeouts": null
          },
          "sensitive_attributes": [],
          "private": "eyJlMmJmYjczMC1lY2FhLTExZTYtOGY4OC0zNDM2M2JjN2M0YzAiOnsiY3JlYXRlIjoxMjAwMDAwMDAwMDAwLCJkZWxldGUiOjEyMDAwMDAwMDAwMDAsInVwZGF0ZSI6MTIwMDAwMDAwMDAwMH19",
          "dependencies": [
            "google_sql_database_instance.instance-sql-tf"
          ]
        }
      ]
    },
    {
      "mode": "managed",
      "type": "google_sql_database_instance",
      "name": "instance-sql-tf",
      "provider": "provider[\"registry.terraform.io/hashicorp/google\"]",
      "instances": [
        {
          "schema_version": 0,
          "attributes": {
            "available_maintenance_versions": [],
            "clone": [],
            "connection_name": "leafy-summer-405104:us-central1:my-database-instance",
            "database_version": "MYSQL_8_0",
            "deletion_protection": false,
            "dns_name": "",
            "encryption_key_name": null,
            "first_ip_address": "35.223.99.131",
            "id": "my-database-instance",
            "instance_type": "CLOUD_SQL_INSTANCE",
            "ip_address": [
              {
                "ip_address": "35.223.99.131",
                "time_to_retire": "",
                "type": "PRIMARY"
              }
            ],
            "maintenance_version": "MYSQL_8_0_31.R20231105.01_03",
            "master_instance_name": "",
            "name": "my-database-instance",
            "private_ip_address": "",
            "project": "leafy-summer-405104",
            "psc_service_attachment_link": "",
            "public_ip_address": "35.223.99.131",
            "region": "us-central1",
            "replica_configuration": [],
            "restore_backup_context": [],
            "root_password": null,
            "self_link": "https://sqladmin.googleapis.com/sql/v1beta4/projects/leafy-summer-405104/instances/my-database-instance",
            "server_ca_cert": [
              {
                "cert": "-----BEGIN CERTIFICATE-----\nMIIDfzCCAmegAwIBAgIBADANBgkqhkiG9w0BAQsFADB3MS0wKwYDVQQuEyRlZTU3\nZjE5Mi0wZDAwLTQzNTAtOTE4MC02MWEwOWM4ZTE5YjExIzAhBgNVBAMTGkdvb2ds\nZSBDbG91ZCBTUUwgU2VydmVyIENBMRQwEgYDVQQKEwtHb29nbGUsIEluYzELMAkG\nA1UEBhMCVVMwHhcNMjQwMTE5MTQxODE3WhcNMzQwMTE2MTQxOTE3WjB3MS0wKwYD\nVQQuEyRlZTU3ZjE5Mi0wZDAwLTQzNTAtOTE4MC02MWEwOWM4ZTE5YjExIzAhBgNV\nBAMTGkdvb2dsZSBDbG91ZCBTUUwgU2VydmVyIENBMRQwEgYDVQQKEwtHb29nbGUs\nIEluYzELMAkGA1UEBhMCVVMwggEiMA0GCSqGSIb3DQEBAQUAA4IBDwAwggEKAoIB\nAQDBmPXnOqmuUWxvvxXQvDEd1E1vKRCpABmZBf5HtEseMFa0Jci+TvLhMFaYJvyM\ni7A1cwlzWud04NqjdPhjEGgOwgZh1QfyJKSm1xal5ymN1CRkuvahq4mIVhfEa8oU\nW9w+Q7d3+QI71A3wL16/aQSHeC0xoggMTPUAVUIoXaGFEkCBP0pBMeXPxFR5yORt\nPhYpiQAchy3jbUfmztdId3H1r5qfJ6ijHE23YDKjp+dpa5u9yAiV7hKVqbku3VFP\nXTS1PNqNgMWqbYxbFsqQnd2Ja14CEnB05TXfy3jdMURETOJLP9cCKKFtPauaFP6H\nz1kcs7Nflodaw8l22L6yifphAgMBAAGjFjAUMBIGA1UdEwEB/wQIMAYBAf8CAQAw\nDQYJKoZIhvcNAQELBQADggEBAGYqlQL7rRYjtkFVMRbh+ZJAcPgQhRgVTU0GtTCM\nf+Y0jAkwvSqBfnRDUE0IMC0bRqzAAkV4lRnnFFKTEP5hkPuI7zKCQAbqy54uyhI5\nCGWFbT0MWKyNLnyB2JcQXLo/uh9pksKeqeXrUfwqWnSuwcV5pLHLEKNAumQdUTRX\npUCLrKheS15mthde6wp/ACTNj08prftHybQ2hlX+oI8K0Sm7fXmvYqRTEqEMBiVM\n0khB0KuFnASG8AQ2H/avhSu46ZVq2kRLhKkYZ2sTuRQlzCYZqZICzNMXz557PiYP\nZAfz1oe0jrFs0gLIzB0h3LQ6ph5h9lMJXCjuQg8r8qs1+Rg=\n-----END CERTIFICATE-----",
                "common_name": "C=US,O=Google\\, Inc,CN=Google Cloud SQL Server CA,dnQualifier=ee57f192-0d00-4350-9180-61a09c8e19b1",
                "create_time": "2024-01-19T14:18:17.589Z",
                "expiration_time": "2034-01-16T14:19:17.589Z",
                "sha1_fingerprint": "b1e2f1c48b598bac1786afc1c0e447d258ed3a2a"
              }
            ],
            "service_account_email_address": "p585554613651-g21kwu@gcp-sa-cloud-sql.iam.gserviceaccount.com",
            "settings": [
              {
                "activation_policy": "ALWAYS",
                "active_directory_config": [],
                "advanced_machine_features": [],
                "availability_type": "REGIONAL",
                "backup_configuration": [
                  {
                    "backup_retention_settings": [
                      {
                        "retained_backups": 7,
                        "retention_unit": "COUNT"
                      }
                    ],
                    "binary_log_enabled": true,
                    "enabled": true,
                    "location": "",
                    "point_in_time_recovery_enabled": false,
                    "start_time": "13:00",
                    "transaction_log_retention_days": 7
                  }
                ],
                "collation": "",
                "connector_enforcement": "NOT_REQUIRED",
                "data_cache_config": [],
                "database_flags": [],
                "deletion_protection_enabled": false,
                "deny_maintenance_period": [],
                "disk_autoresize": true,
                "disk_autoresize_limit": 0,
                "disk_size": 10,
                "disk_type": "PD_SSD",
                "edition": "",
                "insights_config": [],
                "ip_configuration": [
                  {
                    "allocated_ip_range": "",
                    "authorized_networks": [],
                    "enable_private_path_for_google_cloud_services": false,
                    "ipv4_enabled": true,
                    "private_network": "",
                    "psc_config": [],
                    "require_ssl": false
                  }
                ],
                "location_preference": [
                  {
                    "follow_gae_application": "",
                    "secondary_zone": "",
                    "zone": "us-central1-f"
                  }
                ],
                "maintenance_window": [],
                "password_validation_policy": [],
                "pricing_plan": "PER_USE",
                "sql_server_audit_config": [],
                "tier": "db-f1-micro",
                "time_zone": "",
                "user_labels": {},
                "version": 4
              }
            ],
            "timeouts": null
          },
          "sensitive_attributes": [],
          "private": "eyJlMmJmYjczMC1lY2FhLTExZTYtOGY4OC0zNDM2M2JjN2M0YzAiOnsiY3JlYXRlIjoyNDAwMDAwMDAwMDAwLCJkZWxldGUiOjE4MDAwMDAwMDAwMDAsInVwZGF0ZSI6MTgwMDAwMDAwMDAwMH19"
        }
      ]
    },
    {
      "mode": "managed",
      "type": "google_sql_user",
      "name": "users",
      "provider": "provider[\"registry.terraform.io/hashicorp/google\"]",
      "instances": [
        {
          "schema_version": 1,
          "attributes": {
            "deletion_policy": null,
            "host": "me.com",
            "id": "me/me.com/my-database-instance",
            "instance": "my-database-instance",
            "name": "me",
            "password": "changeme",
            "password_policy": [],
            "project": "leafy-summer-405104",
            "sql_server_user_details": [],
            "timeouts": null,
            "type": ""
          },
          "sensitive_attributes": [],
          "private": "eyJlMmJmYjczMC1lY2FhLTExZTYtOGY4OC0zNDM2M2JjN2M0YzAiOnsiY3JlYXRlIjo2MDAwMDAwMDAwMDAsImRlbGV0ZSI6NjAwMDAwMDAwMDAwLCJ1cGRhdGUiOjYwMDAwMDAwMDAwMH0sInNjaGVtYV92ZXJzaW9uIjoiMSJ9",
          "dependencies": [
            "google_sql_database_instance.instance-sql-tf"
          ]
        }
      ]
    },
    {
      "mode": "managed",
      "type": "google_storage_bucket",
      "name": "static-bucket",
      "provider": "provider[\"registry.terraform.io/hashicorp/google\"]",
      "instances": [
        {
          "schema_version": 0,
          "attributes": {
            "autoclass": [],
            "cors": [],
            "custom_placement_config": [],
            "default_event_based_hold": false,
            "encryption": [],
            "force_destroy": true,
            "id": "my-gcs-mani",
            "labels": {},
            "lifecycle_rule": [],
            "location": "US",
            "logging": [],
            "name": "my-gcs-mani",
            "project": "leafy-summer-405104",
            "public_access_prevention": "inherited",
            "requester_pays": false,
            "retention_policy": [],
            "self_link": "https://www.googleapis.com/storage/v1/b/my-gcs-mani",
            "storage_class": "STANDARD",
            "timeouts": null,
            "uniform_bucket_level_access": true,
            "url": "gs://my-gcs-mani",
            "versioning": [],
            "website": []
          },
          "sensitive_attributes": [],
          "private": "eyJlMmJmYjczMC1lY2FhLTExZTYtOGY4OC0zNDM2M2JjN2M0YzAiOnsiY3JlYXRlIjo2MDAwMDAwMDAwMDAsInJlYWQiOjI0MDAwMDAwMDAwMCwidXBkYXRlIjoyNDAwMDAwMDAwMDB9fQ=="
        }
      ]
    }
  ],
  "check_results": null
}
